// !$*UTF8*$!
{
	archiveVersion = 1;
	classes = {
	};
	objectVersion = 60;
	objects = {

/* Begin PBXBuildFile section */
		BC08E99C2CA628B60082EDF8 /* Utility in Frameworks */ = {isa = PBXBuildFile; productRef = BC08E99B2CA628B60082EDF8 /* Utility */; };
		BC0DA8732CA1CE700011EC63 /* UserAvatar.swift in Sources */ = {isa = PBXBuildFile; fileRef = BC0DA8722CA1CE700011EC63 /* UserAvatar.swift */; };
		BC0DA8752CA1FC310011EC63 /* FeaturedWorkoutsSection.swift in Sources */ = {isa = PBXBuildFile; fileRef = BC0DA8742CA1FC310011EC63 /* FeaturedWorkoutsSection.swift */; };
		BC0DA8792CA209D70011EC63 /* RecommendationSection.swift in Sources */ = {isa = PBXBuildFile; fileRef = BC0DA8782CA209D70011EC63 /* RecommendationSection.swift */; };
		BC0DA87B2CA392D00011EC63 /* ChallengesSection.swift in Sources */ = {isa = PBXBuildFile; fileRef = BC0DA87A2CA392D00011EC63 /* ChallengesSection.swift */; };
		BC0DA8942CA396FF0011EC63 /* LeagueSpartan-ExtraBold.ttf in Resources */ = {isa = PBXBuildFile; fileRef = BC0DA88E2CA396FF0011EC63 /* LeagueSpartan-ExtraBold.ttf */; };
		BC0DA8952CA396FF0011EC63 /* LeagueSpartan-Light.ttf in Resources */ = {isa = PBXBuildFile; fileRef = BC0DA8902CA396FF0011EC63 /* LeagueSpartan-Light.ttf */; };
		BC0DA8962CA396FF0011EC63 /* LeagueSpartan-SemiBold.ttf in Resources */ = {isa = PBXBuildFile; fileRef = BC0DA8932CA396FF0011EC63 /* LeagueSpartan-SemiBold.ttf */; };
		BC0DA8972CA396FF0011EC63 /* LeagueSpartan-ExtraLight.ttf in Resources */ = {isa = PBXBuildFile; fileRef = BC0DA88F2CA396FF0011EC63 /* LeagueSpartan-ExtraLight.ttf */; };
		BC0DA8982CA396FF0011EC63 /* LeagueSpartan-Black.ttf in Resources */ = {isa = PBXBuildFile; fileRef = BC0DA88C2CA396FF0011EC63 /* LeagueSpartan-Black.ttf */; };
		BC0DA8992CA396FF0011EC63 /* LeagueSpartan-Medium.ttf in Resources */ = {isa = PBXBuildFile; fileRef = BC0DA8912CA396FF0011EC63 /* LeagueSpartan-Medium.ttf */; };
		BC0DA89A2CA396FF0011EC63 /* LeagueSpartan-Bold.ttf in Resources */ = {isa = PBXBuildFile; fileRef = BC0DA88D2CA396FF0011EC63 /* LeagueSpartan-Bold.ttf */; };
		BC0DA89B2CA396FF0011EC63 /* LeagueSpartan-Regular.ttf in Resources */ = {isa = PBXBuildFile; fileRef = BC0DA8922CA396FF0011EC63 /* LeagueSpartan-Regular.ttf */; };
		BC0DA8A02CA5EACF0011EC63 /* RecommendationSection+SectionItemImage.swift in Sources */ = {isa = PBXBuildFile; fileRef = BC0DA89F2CA5EAC40011EC63 /* RecommendationSection+SectionItemImage.swift */; };
		BC10EB742C4D7D2B003AD519 /* NavigationRouter.swift in Sources */ = {isa = PBXBuildFile; fileRef = BC10EB732C4D7D26003AD519 /* NavigationRouter.swift */; };
		BC1160D02A2CFB830028D8FC /* MusculosApp.swift in Sources */ = {isa = PBXBuildFile; fileRef = BC1160CF2A2CFB830028D8FC /* MusculosApp.swift */; };
		BC1160D22A2CFB830028D8FC /* AppTabView.swift in Sources */ = {isa = PBXBuildFile; fileRef = BC1160D12A2CFB830028D8FC /* AppTabView.swift */; };
		BC1160D42A2CFB830028D8FC /* Assets.xcassets in Resources */ = {isa = PBXBuildFile; fileRef = BC1160D32A2CFB830028D8FC /* Assets.xcassets */; };
		BC1160D72A2CFB830028D8FC /* Preview Assets.xcassets in Resources */ = {isa = PBXBuildFile; fileRef = BC1160D62A2CFB830028D8FC /* Preview Assets.xcassets */; };
		BC1191912C24DF18004ADF04 /* InformationCard.swift in Sources */ = {isa = PBXBuildFile; fileRef = BC1191902C24DF18004ADF04 /* InformationCard.swift */; };
		BC1674B12BE26EBB0012048D /* AddDetailOptionCardView.swift in Sources */ = {isa = PBXBuildFile; fileRef = BC1674B02BE26EBB0012048D /* AddDetailOptionCardView.swift */; };
		BC1674B62BE2E73F0012048D /* AddGoalSheet.swift in Sources */ = {isa = PBXBuildFile; fileRef = BC1674B52BE2E73F0012048D /* AddGoalSheet.swift */; };
		BC1674D42BE2F8F70012048D /* AddGoalSheetViewModel.swift in Sources */ = {isa = PBXBuildFile; fileRef = BC1674D32BE2F8F70012048D /* AddGoalSheetViewModel.swift */; };
		BC261AB82B6DA0EF0018E21F /* ExerciseFilterView.swift in Sources */ = {isa = PBXBuildFile; fileRef = BC261AB72B6DA0EF0018E21F /* ExerciseFilterView.swift */; };
		BC4078D42C02373E000DE280 /* WorkoutIcon.swift in Sources */ = {isa = PBXBuildFile; fileRef = BC4078D32C02373E000DE280 /* WorkoutIcon.swift */; };
		BC4078D62C02402E000DE280 /* WorkoutFlowView.swift in Sources */ = {isa = PBXBuildFile; fileRef = BC4078D52C02402E000DE280 /* WorkoutFlowView.swift */; };
		BC43D33B2B6EAD8D008C1062 /* ExerciseFilterViewModel.swift in Sources */ = {isa = PBXBuildFile; fileRef = BC43D33A2B6EAD8D008C1062 /* ExerciseFilterViewModel.swift */; };
		BC44CDB32CA77C9A007421C4 /* ExerciseListView.swift in Sources */ = {isa = PBXBuildFile; fileRef = BC44CDB22CA77C9A007421C4 /* ExerciseListView.swift */; };
		BC4E5D532CAB601F0046ABEE /* ExerciseSummarySection.swift in Sources */ = {isa = PBXBuildFile; fileRef = BC4E5D522CAB601F0046ABEE /* ExerciseSummarySection.swift */; };
		BC4E5D552CAC58070046ABEE /* EquipmentCard.swift in Sources */ = {isa = PBXBuildFile; fileRef = BC4E5D542CAC58070046ABEE /* EquipmentCard.swift */; };
		BC4E5D572CAC61050046ABEE /* StarsRatingCard.swift in Sources */ = {isa = PBXBuildFile; fileRef = BC4E5D562CAC61050046ABEE /* StarsRatingCard.swift */; };
		BC545E3E2C3C6A8F00713B86 /* EnvironmentValues+Extension.swift in Sources */ = {isa = PBXBuildFile; fileRef = BC545E392C3C6A8F00713B86 /* EnvironmentValues+Extension.swift */; };
		BC545E432C3C6AD400713B86 /* HealthKitManager.swift in Sources */ = {isa = PBXBuildFile; fileRef = BC545E402C3C6AD400713B86 /* HealthKitManager.swift */; };
		BC545E442C3C6AD400713B86 /* HealthKitViewModel.swift in Sources */ = {isa = PBXBuildFile; fileRef = BC545E412C3C6AD400713B86 /* HealthKitViewModel.swift */; };
		BC545E482C3C730E00713B86 /* Storage in Frameworks */ = {isa = PBXBuildFile; productRef = BC545E472C3C730E00713B86 /* Storage */; };
		BC569FDB2C45965900F9C918 /* Components in Frameworks */ = {isa = PBXBuildFile; productRef = BC569FDA2C45965900F9C918 /* Components */; };
		BC583B0D2BA8C76500236C0D /* OnboardingWizardViewModel.swift in Sources */ = {isa = PBXBuildFile; fileRef = BC583B0C2BA8C76500236C0D /* OnboardingWizardViewModel.swift */; };
		BC5BACB72AB26F40003C880E /* MusculosTestBase.swift in Sources */ = {isa = PBXBuildFile; fileRef = BC5BACB62AB26F40003C880E /* MusculosTestBase.swift */; };
		BC5BACBB2AB270C2003C880E /* getMuscles.json in Resources */ = {isa = PBXBuildFile; fileRef = BC5BACBA2AB270C2003C880E /* getMuscles.json */; };
		BC5BACBD2AB2769B003C880E /* MockURLProtocol.swift in Sources */ = {isa = PBXBuildFile; fileRef = BC5BACBC2AB2769B003C880E /* MockURLProtocol.swift */; };
		BC5BACC32AB280C5003C880E /* getEquipment.json in Resources */ = {isa = PBXBuildFile; fileRef = BC5BACC22AB280C5003C880E /* getEquipment.json */; };
		BC5BACD52ABA28A7003C880E /* exercises.json in Resources */ = {isa = PBXBuildFile; fileRef = BC5BACD42ABA28A7003C880E /* exercises.json */; };
		BC606A6E2C221CBD00154781 /* SelectLevelView.swift in Sources */ = {isa = PBXBuildFile; fileRef = BC606A6D2C221CBD00154781 /* SelectLevelView.swift */; };
		BC6249752BEC20BB00393915 /* Shimmer in Frameworks */ = {isa = PBXBuildFile; productRef = BC6249742BEC20BB00393915 /* Shimmer */; };
		BC655B012CB0497600C19E07 /* YourWorkoutSection.swift in Sources */ = {isa = PBXBuildFile; fileRef = BC655B002CB0497600C19E07 /* YourWorkoutSection.swift */; };
		BC655B032CB055B300C19E07 /* ExerciseCardStack.swift in Sources */ = {isa = PBXBuildFile; fileRef = BC655B022CB055B300C19E07 /* ExerciseCardStack.swift */; };
		BC655B052CB1615200C19E07 /* ProgressButton.swift in Sources */ = {isa = PBXBuildFile; fileRef = BC655B042CB1615200C19E07 /* ProgressButton.swift */; };
		BC684CCB2CCE797F00349FB2 /* goals.json in Resources */ = {isa = PBXBuildFile; fileRef = BC684CCA2CCE797F00349FB2 /* goals.json */; };
		BC684CCD2CCE944300349FB2 /* goal.json in Resources */ = {isa = PBXBuildFile; fileRef = BC684CCC2CCE944300349FB2 /* goal.json */; };
		BC6F365A2BB4E14D000F6CFA /* AppLauncher.swift in Sources */ = {isa = PBXBuildFile; fileRef = BC6F36592BB4E14D000F6CFA /* AppLauncher.swift */; };
		BC6F365D2BB4E2A3000F6CFA /* CardItem.swift in Sources */ = {isa = PBXBuildFile; fileRef = BC6F365C2BB4E2A3000F6CFA /* CardItem.swift */; };
		BC74C1B62C0107CA0021B932 /* WorkoutIntroView.swift in Sources */ = {isa = PBXBuildFile; fileRef = BC74C1B52C0107CA0021B932 /* WorkoutIntroView.swift */; };
		BC777EF32BA0F2E1001669C8 /* WorkoutListView.swift in Sources */ = {isa = PBXBuildFile; fileRef = BC777EF22BA0F2E1001669C8 /* WorkoutListView.swift */; };
		BC777F012BA127DC001669C8 /* AddActionSheetContainer.swift in Sources */ = {isa = PBXBuildFile; fileRef = BC777F002BA127DC001669C8 /* AddActionSheetContainer.swift */; };
		BC777F042BA20901001669C8 /* AddWorkoutSheet.swift in Sources */ = {isa = PBXBuildFile; fileRef = BC777F032BA20901001669C8 /* AddWorkoutSheet.swift */; };
		BC781FFC2B9B5E3E009F9FB5 /* ProfileView.swift in Sources */ = {isa = PBXBuildFile; fileRef = BC781FFB2B9B5E3E009F9FB5 /* ProfileView.swift */; };
		BC781FFF2B9B6061009F9FB5 /* ScoreCard.swift in Sources */ = {isa = PBXBuildFile; fileRef = BC781FFE2B9B6061009F9FB5 /* ScoreCard.swift */; };
		BC7820012B9B64F1009F9FB5 /* ScoreBadge.swift in Sources */ = {isa = PBXBuildFile; fileRef = BC7820002B9B64F1009F9FB5 /* ScoreBadge.swift */; };
		BC7820042B9B692E009F9FB5 /* HighlightCard.swift in Sources */ = {isa = PBXBuildFile; fileRef = BC7820032B9B692E009F9FB5 /* HighlightCard.swift */; };
		BC7827572B9CF1B100DFC02C /* Epilogue-Medium.ttf in Resources */ = {isa = PBXBuildFile; fileRef = BC7827502B9CEE8900DFC02C /* Epilogue-Medium.ttf */; };
		BC7827582B9CF1BE00DFC02C /* Inter-Thin.ttf in Resources */ = {isa = PBXBuildFile; fileRef = BC7827542B9CEF4100DFC02C /* Inter-Thin.ttf */; };
		BC7827592B9CF1BE00DFC02C /* Inter-Bold.ttf in Resources */ = {isa = PBXBuildFile; fileRef = BC7827552B9CEF4100DFC02C /* Inter-Bold.ttf */; };
		BC78275A2B9CF1BE00DFC02C /* Inter-Light.ttf in Resources */ = {isa = PBXBuildFile; fileRef = BC7827512B9CEF4100DFC02C /* Inter-Light.ttf */; };
		BC78275B2B9CF1BE00DFC02C /* Inter-Medium.ttf in Resources */ = {isa = PBXBuildFile; fileRef = BC7827522B9CEF4100DFC02C /* Inter-Medium.ttf */; };
		BC78275C2B9CF1BE00DFC02C /* Inter-Regular.ttf in Resources */ = {isa = PBXBuildFile; fileRef = BC7827532B9CEF4100DFC02C /* Inter-Regular.ttf */; };
		BC78275D2B9CF1BE00DFC02C /* Inter-SemiBold.ttf in Resources */ = {isa = PBXBuildFile; fileRef = BC7827562B9CEF4100DFC02C /* Inter-SemiBold.ttf */; };
		BC78275E2B9CF1C200DFC02C /* Epilogue-Regular.ttf in Resources */ = {isa = PBXBuildFile; fileRef = BC78274F2B9CEE7F00DFC02C /* Epilogue-Regular.ttf */; };
		BC7827602B9CF1F400DFC02C /* Epilogue-Bold.ttf in Resources */ = {isa = PBXBuildFile; fileRef = BC78275F2B9CF1F300DFC02C /* Epilogue-Bold.ttf */; };
		BC7827642B9D1D1000DFC02C /* AuthViewModel.swift in Sources */ = {isa = PBXBuildFile; fileRef = BC7827632B9D1D1000DFC02C /* AuthViewModel.swift */; };
		BC7888332BB9CADA005DF8CE /* ExerciseSectionsContentView.swift in Sources */ = {isa = PBXBuildFile; fileRef = BC7888322BB9CADA005DF8CE /* ExerciseSectionsContentView.swift */; };
		BC811F722CA03A0E00C3CC01 /* GreetingHeader.swift in Sources */ = {isa = PBXBuildFile; fileRef = BC811F712CA03A0A00C3CC01 /* GreetingHeader.swift */; };
		BC811F742CA03AA600C3CC01 /* HomeViewModel.swift in Sources */ = {isa = PBXBuildFile; fileRef = BC811F732CA03AA300C3CC01 /* HomeViewModel.swift */; };
		BC81E5CD2BD04FF20005891D /* ExploreExerciseViewModel.swift in Sources */ = {isa = PBXBuildFile; fileRef = BC81E5CC2BD04FF20005891D /* ExploreExerciseViewModel.swift */; };
		BC81E5CF2BD2F9350005891D /* AddExerciseView.swift in Sources */ = {isa = PBXBuildFile; fileRef = BC81E5CE2BD2F9350005891D /* AddExerciseView.swift */; };
		BC81E5D12BD2F9D90005891D /* SheetNavBar.swift in Sources */ = {isa = PBXBuildFile; fileRef = BC81E5D02BD2F9D90005891D /* SheetNavBar.swift */; };
		BC81E5D32BD2FC730005891D /* SingleOptionSelectView.swift in Sources */ = {isa = PBXBuildFile; fileRef = BC81E5D22BD2FC730005891D /* SingleOptionSelectView.swift */; };
		BC81E5D72BD3063B0005891D /* AddExerciseSheetViewModel.swift in Sources */ = {isa = PBXBuildFile; fileRef = BC81E5D62BD3063B0005891D /* AddExerciseSheetViewModel.swift */; };
		BC828CDE2C02802500AB9D1D /* Factory in Frameworks */ = {isa = PBXBuildFile; productRef = BC828CDD2C02802500AB9D1D /* Factory */; };
		BC828CE32C028E9200AB9D1D /* ExerciseDetailsViewModel.swift in Sources */ = {isa = PBXBuildFile; fileRef = BC828CE22C028E9200AB9D1D /* ExerciseDetailsViewModel.swift */; };
		BC828CE52C02924200AB9D1D /* WorkoutFlowViewModel.swift in Sources */ = {isa = PBXBuildFile; fileRef = BC828CE42C02924200AB9D1D /* WorkoutFlowViewModel.swift */; };
		BC97C9322BA0D5D500AA07C4 /* AddActionSheet.swift in Sources */ = {isa = PBXBuildFile; fileRef = BC97C9312BA0D5D500AA07C4 /* AddActionSheet.swift */; };
		BC9A020E2C593ED5003C83A8 /* AuthView.swift in Sources */ = {isa = PBXBuildFile; fileRef = BC9A020D2C593ED5003C83A8 /* AuthView.swift */; };
		BCA24BEF2B69D3AE00124EC3 /* SplashView.swift in Sources */ = {isa = PBXBuildFile; fileRef = BCA24BEE2B69D3AE00124EC3 /* SplashView.swift */; };
		BCA24BFC2B6AB9AF00124EC3 /* SignInView.swift in Sources */ = {isa = PBXBuildFile; fileRef = BCA24BFB2B6AB9AF00124EC3 /* SignInView.swift */; };
		BCA24BFE2B6AD33200124EC3 /* UserStore.swift in Sources */ = {isa = PBXBuildFile; fileRef = BCA24BFD2B6AD33200124EC3 /* UserStore.swift */; };
		BCA24C002B6AE68500124EC3 /* SignUpView.swift in Sources */ = {isa = PBXBuildFile; fileRef = BCA24BFF2B6AE68500124EC3 /* SignUpView.swift */; };
		BCA24C082B6AFF8200124EC3 /* OnboardingWizardView.swift in Sources */ = {isa = PBXBuildFile; fileRef = BCA24C072B6AFF8200124EC3 /* OnboardingWizardView.swift */; };
		BCA24C0D2B6B14EE00124EC3 /* SelectSizeView.swift in Sources */ = {isa = PBXBuildFile; fileRef = BCA24C0C2B6B14EE00124EC3 /* SelectSizeView.swift */; };
		BCA24C0F2B6B2B5D00124EC3 /* SelectGoalView.swift in Sources */ = {isa = PBXBuildFile; fileRef = BCA24C0E2B6B2B5D00124EC3 /* SelectGoalView.swift */; };
		BCA600592C5BDE200063C5AB /* PublisherValueExpectation.swift in Sources */ = {isa = PBXBuildFile; fileRef = BCA600582C5BDE190063C5AB /* PublisherValueExpectation.swift */; };
		BCB724BF2BC1EC43003F53EA /* AddWorkoutSheetViewModel.swift in Sources */ = {isa = PBXBuildFile; fileRef = BCB724BE2BC1EC43003F53EA /* AddWorkoutSheetViewModel.swift */; };
		BCBEBA342BF7C33D00FA4BF5 /* WorkoutCarousel.swift in Sources */ = {isa = PBXBuildFile; fileRef = BCBEBA332BF7C33D00FA4BF5 /* WorkoutCarousel.swift */; };
		BCBFBC3C2C70088D0022FE88 /* Poppins-Medium.ttf in Resources */ = {isa = PBXBuildFile; fileRef = BCBFBC392C70088D0022FE88 /* Poppins-Medium.ttf */; };
		BCBFBC3D2C70088D0022FE88 /* Poppins-Light.ttf in Resources */ = {isa = PBXBuildFile; fileRef = BCBFBC382C70088D0022FE88 /* Poppins-Light.ttf */; };
		BCBFBC3E2C70088D0022FE88 /* Poppins-Regular.ttf in Resources */ = {isa = PBXBuildFile; fileRef = BCBFBC3A2C70088D0022FE88 /* Poppins-Regular.ttf */; };
		BCBFBC3F2C70088D0022FE88 /* Poppins-SemiBold.ttf in Resources */ = {isa = PBXBuildFile; fileRef = BCBFBC3B2C70088D0022FE88 /* Poppins-SemiBold.ttf */; };
		BCBFBC402C70088D0022FE88 /* Poppins-Bold.ttf in Resources */ = {isa = PBXBuildFile; fileRef = BCBFBC372C70088D0022FE88 /* Poppins-Bold.ttf */; };
		BCC46FF42C0E2E97006D76E2 /* PermissionsView.swift in Sources */ = {isa = PBXBuildFile; fileRef = BCC46FF32C0E2E97006D76E2 /* PermissionsView.swift */; };
		BCC46FF92C0E3A7F006D76E2 /* StorageHelper.swift in Sources */ = {isa = PBXBuildFile; fileRef = BCC46FF82C0E3A7F006D76E2 /* StorageHelper.swift */; };
		BCCA2C9A2C3C615600D4DEAD /* Container+Extension.swift in Sources */ = {isa = PBXBuildFile; fileRef = BCCA2C992C3C615600D4DEAD /* Container+Extension.swift */; };
		BCD011842CBD7B470012CEA0 /* ExerciseSessionDataStoreTests.swift in Sources */ = {isa = PBXBuildFile; fileRef = BCD011832CBD7B3F0012CEA0 /* ExerciseSessionDataStoreTests.swift */; };
		BCD011882CBDBE6A0012CEA0 /* ExerciseServiceTests.swift in Sources */ = {isa = PBXBuildFile; fileRef = BCD011872CBDBE660012CEA0 /* ExerciseServiceTests.swift */; };
		BCD0118A2CC041480012CEA0 /* StubMusculosClient.swift in Sources */ = {isa = PBXBuildFile; fileRef = BCD011892CC041450012CEA0 /* StubMusculosClient.swift */; };
		BCD0118C2CC041880012CEA0 /* StubUserSessionManager.swift in Sources */ = {isa = PBXBuildFile; fileRef = BCD0118B2CC041830012CEA0 /* StubUserSessionManager.swift */; };
		BCD0118E2CC0437A0012CEA0 /* exerciseDetails.json in Resources */ = {isa = PBXBuildFile; fileRef = BCD0118D2CC0437A0012CEA0 /* exerciseDetails.json */; };
		BCD011902CC055730012CEA0 /* UserServiceTests.swift in Sources */ = {isa = PBXBuildFile; fileRef = BCD0118F2CC0556D0012CEA0 /* UserServiceTests.swift */; };
		BCD011922CC05A600012CEA0 /* userProfile.json in Resources */ = {isa = PBXBuildFile; fileRef = BCD011912CC05A600012CEA0 /* userProfile.json */; };
		BCD011942CC05ED10012CEA0 /* ExerciseSessionServiceTests.swift in Sources */ = {isa = PBXBuildFile; fileRef = BCD011932CC05ECC0012CEA0 /* ExerciseSessionServiceTests.swift */; };
		BCD011962CC060470012CEA0 /* exerciseSessions.json in Resources */ = {isa = PBXBuildFile; fileRef = BCD011952CC060470012CEA0 /* exerciseSessions.json */; };
		BCD011982CC060F70012CEA0 /* exerciseSession.json in Resources */ = {isa = PBXBuildFile; fileRef = BCD011972CC060F70012CEA0 /* exerciseSession.json */; };
		BCD0119C2CC174150012CEA0 /* DataRepository in Frameworks */ = {isa = PBXBuildFile; productRef = BCD0119B2CC174150012CEA0 /* DataRepository */; };
		BCD59A8E2BB627CE0039F662 /* ExploreExerciseView.swift in Sources */ = {isa = PBXBuildFile; fileRef = BCD59A782BB627CE0039F662 /* ExploreExerciseView.swift */; };
		BCD59A952BB627CE0039F662 /* ExerciseContentLoadingView.swift in Sources */ = {isa = PBXBuildFile; fileRef = BCD59A812BB627CE0039F662 /* ExerciseContentLoadingView.swift */; };
		BCD59A962BB627CE0039F662 /* SearchFilterField.swift in Sources */ = {isa = PBXBuildFile; fileRef = BCD59A822BB627CE0039F662 /* SearchFilterField.swift */; };
		BCD59AA22BB627E60039F662 /* ExerciseCard.swift in Sources */ = {isa = PBXBuildFile; fileRef = BCD59A9F2BB627E60039F662 /* ExerciseCard.swift */; };
		BCD59AA32BB627E60039F662 /* DashboardHeaderCard.swift in Sources */ = {isa = PBXBuildFile; fileRef = BCD59AA02BB627E60039F662 /* DashboardHeaderCard.swift */; };
		BCD59AA42BB627E60039F662 /* ProgressCard.swift in Sources */ = {isa = PBXBuildFile; fileRef = BCD59AA12BB627E60039F662 /* ProgressCard.swift */; };
		BCD59AA82BB628220039F662 /* MultiOptionsSelectView.swift in Sources */ = {isa = PBXBuildFile; fileRef = BCD59AA52BB628220039F662 /* MultiOptionsSelectView.swift */; };
		BCD59AA92BB628220039F662 /* ExerciseSectionView.swift in Sources */ = {isa = PBXBuildFile; fileRef = BCD59AA62BB628220039F662 /* ExerciseSectionView.swift */; };
		BCD59AAA2BB628220039F662 /* ExploreExerciseContentView.swift in Sources */ = {isa = PBXBuildFile; fileRef = BCD59AA72BB628220039F662 /* ExploreExerciseContentView.swift */; };
		BCD59AAF2BB628700039F662 /* DetailCardView.swift in Sources */ = {isa = PBXBuildFile; fileRef = BCD59AAB2BB628700039F662 /* DetailCardView.swift */; };
		BCD59AB02BB628700039F662 /* AnimatedURLImageView.swift in Sources */ = {isa = PBXBuildFile; fileRef = BCD59AAC2BB628700039F662 /* AnimatedURLImageView.swift */; };
		BCD59AB12BB628700039F662 /* ExerciseDetailsView.swift in Sources */ = {isa = PBXBuildFile; fileRef = BCD59AAE2BB628700039F662 /* ExerciseDetailsView.swift */; };
		BCE19AC92C15E615005ABBF3 /* StubExerciseDataStore.swift in Sources */ = {isa = PBXBuildFile; fileRef = BCE19AC82C15E615005ABBF3 /* StubExerciseDataStore.swift */; };
		BCEED79F2BFC0B96002A3656 /* WorkoutCard.swift in Sources */ = {isa = PBXBuildFile; fileRef = BCEED79E2BFC0B96002A3656 /* WorkoutCard.swift */; };
		BCEED7A32BFC0C73002A3656 /* WorkoutListViewModel.swift in Sources */ = {isa = PBXBuildFile; fileRef = BCEED7A22BFC0C73002A3656 /* WorkoutListViewModel.swift */; };
		BCF1C9F62CCE75A4003DDD00 /* goalsTemplates.json in Resources */ = {isa = PBXBuildFile; fileRef = BCF1C9F52CCE75A4003DDD00 /* goalsTemplates.json */; };
		BCF1C9F82CCE7611003DDD00 /* GoalServiceTests.swift in Sources */ = {isa = PBXBuildFile; fileRef = BCF1C9F72CCE760E003DDD00 /* GoalServiceTests.swift */; };
		BCF6487B2C3C36CC00D1C46F /* Models in Frameworks */ = {isa = PBXBuildFile; productRef = BCF6487A2C3C36CC00D1C46F /* Models */; };
		BCF9E5C02C9EF3CC00841F2C /* MockUIApplication.swift in Sources */ = {isa = PBXBuildFile; fileRef = BCF9E5BF2C9EF3BE00841F2C /* MockUIApplication.swift */; };
		BCF9E5C22C9F4C0700841F2C /* HomeView.swift in Sources */ = {isa = PBXBuildFile; fileRef = BCF9E5C12C9F4C0700841F2C /* HomeView.swift */; };
		BCFA25BC2BB37B2900F07A67 /* authenticationResult.json in Resources */ = {isa = PBXBuildFile; fileRef = BCFA25BB2BB37B2900F07A67 /* authenticationResult.json */; };
		BCFC24C32C98FB9A00F28D7A /* NetworkClient in Frameworks */ = {isa = PBXBuildFile; productRef = BCFC24C22C98FB9A00F28D7A /* NetworkClient */; };
		BCFC24C72C9C7EBC00F28D7A /* GoalDataStoreTests.swift in Sources */ = {isa = PBXBuildFile; fileRef = BCFC24C62C9C7EB900F28D7A /* GoalDataStoreTests.swift */; };
		BCFC24C92C9C837C00F28D7A /* ExerciseDataStoreTests.swift in Sources */ = {isa = PBXBuildFile; fileRef = BCFC24C82C9C837700F28D7A /* ExerciseDataStoreTests.swift */; };
		BCFC24CB2C9C87FD00F28D7A /* UserDataStoreTests.swift in Sources */ = {isa = PBXBuildFile; fileRef = BCFC24CA2C9C87F900F28D7A /* UserDataStoreTests.swift */; };
/* End PBXBuildFile section */

/* Begin PBXContainerItemProxy section */
		BC1160E32A2CFB840028D8FC /* PBXContainerItemProxy */ = {
			isa = PBXContainerItemProxy;
			containerPortal = BC1160C42A2CFB820028D8FC /* Project object */;
			proxyType = 1;
			remoteGlobalIDString = BC1160CB2A2CFB830028D8FC;
			remoteInfo = MusculosApp;
		};
/* End PBXContainerItemProxy section */

/* Begin PBXFileReference section */
		BC0198792CC459E8003C80B2 /* MusculosApp.xctestplan */ = {isa = PBXFileReference; lastKnownFileType = text; path = MusculosApp.xctestplan; sourceTree = "<group>"; };
		BC0DA8722CA1CE700011EC63 /* UserAvatar.swift */ = {isa = PBXFileReference; lastKnownFileType = sourcecode.swift; path = UserAvatar.swift; sourceTree = "<group>"; };
		BC0DA8742CA1FC310011EC63 /* FeaturedWorkoutsSection.swift */ = {isa = PBXFileReference; lastKnownFileType = sourcecode.swift; path = FeaturedWorkoutsSection.swift; sourceTree = "<group>"; };
		BC0DA8782CA209D70011EC63 /* RecommendationSection.swift */ = {isa = PBXFileReference; lastKnownFileType = sourcecode.swift; path = RecommendationSection.swift; sourceTree = "<group>"; };
		BC0DA87A2CA392D00011EC63 /* ChallengesSection.swift */ = {isa = PBXFileReference; lastKnownFileType = sourcecode.swift; path = ChallengesSection.swift; sourceTree = "<group>"; };
		BC0DA88C2CA396FF0011EC63 /* LeagueSpartan-Black.ttf */ = {isa = PBXFileReference; lastKnownFileType = file; path = "LeagueSpartan-Black.ttf"; sourceTree = "<group>"; };
		BC0DA88D2CA396FF0011EC63 /* LeagueSpartan-Bold.ttf */ = {isa = PBXFileReference; lastKnownFileType = file; path = "LeagueSpartan-Bold.ttf"; sourceTree = "<group>"; };
		BC0DA88E2CA396FF0011EC63 /* LeagueSpartan-ExtraBold.ttf */ = {isa = PBXFileReference; lastKnownFileType = file; path = "LeagueSpartan-ExtraBold.ttf"; sourceTree = "<group>"; };
		BC0DA88F2CA396FF0011EC63 /* LeagueSpartan-ExtraLight.ttf */ = {isa = PBXFileReference; lastKnownFileType = file; path = "LeagueSpartan-ExtraLight.ttf"; sourceTree = "<group>"; };
		BC0DA8902CA396FF0011EC63 /* LeagueSpartan-Light.ttf */ = {isa = PBXFileReference; lastKnownFileType = file; path = "LeagueSpartan-Light.ttf"; sourceTree = "<group>"; };
		BC0DA8912CA396FF0011EC63 /* LeagueSpartan-Medium.ttf */ = {isa = PBXFileReference; lastKnownFileType = file; path = "LeagueSpartan-Medium.ttf"; sourceTree = "<group>"; };
		BC0DA8922CA396FF0011EC63 /* LeagueSpartan-Regular.ttf */ = {isa = PBXFileReference; lastKnownFileType = file; path = "LeagueSpartan-Regular.ttf"; sourceTree = "<group>"; };
		BC0DA8932CA396FF0011EC63 /* LeagueSpartan-SemiBold.ttf */ = {isa = PBXFileReference; lastKnownFileType = file; path = "LeagueSpartan-SemiBold.ttf"; sourceTree = "<group>"; };
		BC0DA89F2CA5EAC40011EC63 /* RecommendationSection+SectionItemImage.swift */ = {isa = PBXFileReference; lastKnownFileType = sourcecode.swift; path = "RecommendationSection+SectionItemImage.swift"; sourceTree = "<group>"; };
		BC10EB732C4D7D26003AD519 /* NavigationRouter.swift */ = {isa = PBXFileReference; lastKnownFileType = sourcecode.swift; path = NavigationRouter.swift; sourceTree = "<group>"; };
		BC1160CC2A2CFB830028D8FC /* MusculosApp.app */ = {isa = PBXFileReference; explicitFileType = wrapper.application; includeInIndex = 0; path = MusculosApp.app; sourceTree = BUILT_PRODUCTS_DIR; };
		BC1160CF2A2CFB830028D8FC /* MusculosApp.swift */ = {isa = PBXFileReference; lastKnownFileType = sourcecode.swift; path = MusculosApp.swift; sourceTree = "<group>"; };
		BC1160D12A2CFB830028D8FC /* AppTabView.swift */ = {isa = PBXFileReference; lastKnownFileType = sourcecode.swift; path = AppTabView.swift; sourceTree = "<group>"; };
		BC1160D32A2CFB830028D8FC /* Assets.xcassets */ = {isa = PBXFileReference; lastKnownFileType = folder.assetcatalog; path = Assets.xcassets; sourceTree = "<group>"; };
		BC1160D62A2CFB830028D8FC /* Preview Assets.xcassets */ = {isa = PBXFileReference; lastKnownFileType = folder.assetcatalog; path = "Preview Assets.xcassets"; sourceTree = "<group>"; };
		BC1160DD2A2CFB830028D8FC /* Info.plist */ = {isa = PBXFileReference; lastKnownFileType = text.plist.xml; path = Info.plist; sourceTree = "<group>"; };
		BC1160E22A2CFB840028D8FC /* MusculosAppTests.xctest */ = {isa = PBXFileReference; explicitFileType = wrapper.cfbundle; includeInIndex = 0; path = MusculosAppTests.xctest; sourceTree = BUILT_PRODUCTS_DIR; };
		BC1191902C24DF18004ADF04 /* InformationCard.swift */ = {isa = PBXFileReference; lastKnownFileType = sourcecode.swift; path = InformationCard.swift; sourceTree = "<group>"; };
		BC1674B02BE26EBB0012048D /* AddDetailOptionCardView.swift */ = {isa = PBXFileReference; lastKnownFileType = sourcecode.swift; path = AddDetailOptionCardView.swift; sourceTree = "<group>"; };
		BC1674B52BE2E73F0012048D /* AddGoalSheet.swift */ = {isa = PBXFileReference; lastKnownFileType = sourcecode.swift; path = AddGoalSheet.swift; sourceTree = "<group>"; };
		BC1674D32BE2F8F70012048D /* AddGoalSheetViewModel.swift */ = {isa = PBXFileReference; lastKnownFileType = sourcecode.swift; path = AddGoalSheetViewModel.swift; sourceTree = "<group>"; };
		BC261AB72B6DA0EF0018E21F /* ExerciseFilterView.swift */ = {isa = PBXFileReference; lastKnownFileType = sourcecode.swift; path = ExerciseFilterView.swift; sourceTree = "<group>"; };
		BC4078D32C02373E000DE280 /* WorkoutIcon.swift */ = {isa = PBXFileReference; lastKnownFileType = sourcecode.swift; path = WorkoutIcon.swift; sourceTree = "<group>"; };
		BC4078D52C02402E000DE280 /* WorkoutFlowView.swift */ = {isa = PBXFileReference; lastKnownFileType = sourcecode.swift; path = WorkoutFlowView.swift; sourceTree = "<group>"; };
		BC43D33A2B6EAD8D008C1062 /* ExerciseFilterViewModel.swift */ = {isa = PBXFileReference; lastKnownFileType = sourcecode.swift; path = ExerciseFilterViewModel.swift; sourceTree = "<group>"; };
		BC44CDB22CA77C9A007421C4 /* ExerciseListView.swift */ = {isa = PBXFileReference; lastKnownFileType = sourcecode.swift; path = ExerciseListView.swift; sourceTree = "<group>"; };
		BC4E5D522CAB601F0046ABEE /* ExerciseSummarySection.swift */ = {isa = PBXFileReference; lastKnownFileType = sourcecode.swift; path = ExerciseSummarySection.swift; sourceTree = "<group>"; };
		BC4E5D542CAC58070046ABEE /* EquipmentCard.swift */ = {isa = PBXFileReference; lastKnownFileType = sourcecode.swift; path = EquipmentCard.swift; sourceTree = "<group>"; };
		BC4E5D562CAC61050046ABEE /* StarsRatingCard.swift */ = {isa = PBXFileReference; lastKnownFileType = sourcecode.swift; path = StarsRatingCard.swift; sourceTree = "<group>"; };
		BC545E392C3C6A8F00713B86 /* EnvironmentValues+Extension.swift */ = {isa = PBXFileReference; lastKnownFileType = sourcecode.swift; path = "EnvironmentValues+Extension.swift"; sourceTree = "<group>"; };
		BC545E402C3C6AD400713B86 /* HealthKitManager.swift */ = {isa = PBXFileReference; lastKnownFileType = sourcecode.swift; path = HealthKitManager.swift; sourceTree = "<group>"; };
		BC545E412C3C6AD400713B86 /* HealthKitViewModel.swift */ = {isa = PBXFileReference; lastKnownFileType = sourcecode.swift; path = HealthKitViewModel.swift; sourceTree = "<group>"; };
		BC583B0C2BA8C76500236C0D /* OnboardingWizardViewModel.swift */ = {isa = PBXFileReference; lastKnownFileType = sourcecode.swift; path = OnboardingWizardViewModel.swift; sourceTree = "<group>"; };
		BC5BACB62AB26F40003C880E /* MusculosTestBase.swift */ = {isa = PBXFileReference; lastKnownFileType = sourcecode.swift; path = MusculosTestBase.swift; sourceTree = "<group>"; };
		BC5BACBA2AB270C2003C880E /* getMuscles.json */ = {isa = PBXFileReference; fileEncoding = 4; lastKnownFileType = text.json; path = getMuscles.json; sourceTree = "<group>"; };
		BC5BACBC2AB2769B003C880E /* MockURLProtocol.swift */ = {isa = PBXFileReference; lastKnownFileType = sourcecode.swift; path = MockURLProtocol.swift; sourceTree = "<group>"; };
		BC5BACC22AB280C5003C880E /* getEquipment.json */ = {isa = PBXFileReference; fileEncoding = 4; lastKnownFileType = text.json; path = getEquipment.json; sourceTree = "<group>"; };
		BC5BACD42ABA28A7003C880E /* exercises.json */ = {isa = PBXFileReference; fileEncoding = 4; lastKnownFileType = text.json; path = exercises.json; sourceTree = "<group>"; };
		BC606A6D2C221CBD00154781 /* SelectLevelView.swift */ = {isa = PBXFileReference; lastKnownFileType = sourcecode.swift; path = SelectLevelView.swift; sourceTree = "<group>"; };
		BC655B002CB0497600C19E07 /* YourWorkoutSection.swift */ = {isa = PBXFileReference; lastKnownFileType = sourcecode.swift; path = YourWorkoutSection.swift; sourceTree = "<group>"; };
		BC655B022CB055B300C19E07 /* ExerciseCardStack.swift */ = {isa = PBXFileReference; lastKnownFileType = sourcecode.swift; path = ExerciseCardStack.swift; sourceTree = "<group>"; };
		BC655B042CB1615200C19E07 /* ProgressButton.swift */ = {isa = PBXFileReference; lastKnownFileType = sourcecode.swift; path = ProgressButton.swift; sourceTree = "<group>"; };
		BC684CCA2CCE797F00349FB2 /* goals.json */ = {isa = PBXFileReference; lastKnownFileType = text.json; path = goals.json; sourceTree = "<group>"; };
		BC684CCC2CCE944300349FB2 /* goal.json */ = {isa = PBXFileReference; lastKnownFileType = text.json; path = goal.json; sourceTree = "<group>"; };
		BC6F36592BB4E14D000F6CFA /* AppLauncher.swift */ = {isa = PBXFileReference; lastKnownFileType = sourcecode.swift; path = AppLauncher.swift; sourceTree = "<group>"; };
		BC6F365C2BB4E2A3000F6CFA /* CardItem.swift */ = {isa = PBXFileReference; fileEncoding = 4; lastKnownFileType = sourcecode.swift; path = CardItem.swift; sourceTree = "<group>"; };
		BC74C1B52C0107CA0021B932 /* WorkoutIntroView.swift */ = {isa = PBXFileReference; lastKnownFileType = sourcecode.swift; path = WorkoutIntroView.swift; sourceTree = "<group>"; };
		BC777EF22BA0F2E1001669C8 /* WorkoutListView.swift */ = {isa = PBXFileReference; lastKnownFileType = sourcecode.swift; path = WorkoutListView.swift; sourceTree = "<group>"; };
		BC777F002BA127DC001669C8 /* AddActionSheetContainer.swift */ = {isa = PBXFileReference; lastKnownFileType = sourcecode.swift; path = AddActionSheetContainer.swift; sourceTree = "<group>"; };
		BC777F032BA20901001669C8 /* AddWorkoutSheet.swift */ = {isa = PBXFileReference; lastKnownFileType = sourcecode.swift; path = AddWorkoutSheet.swift; sourceTree = "<group>"; };
		BC781FFB2B9B5E3E009F9FB5 /* ProfileView.swift */ = {isa = PBXFileReference; lastKnownFileType = sourcecode.swift; path = ProfileView.swift; sourceTree = "<group>"; };
		BC781FFE2B9B6061009F9FB5 /* ScoreCard.swift */ = {isa = PBXFileReference; lastKnownFileType = sourcecode.swift; path = ScoreCard.swift; sourceTree = "<group>"; };
		BC7820002B9B64F1009F9FB5 /* ScoreBadge.swift */ = {isa = PBXFileReference; lastKnownFileType = sourcecode.swift; path = ScoreBadge.swift; sourceTree = "<group>"; };
		BC7820032B9B692E009F9FB5 /* HighlightCard.swift */ = {isa = PBXFileReference; lastKnownFileType = sourcecode.swift; path = HighlightCard.swift; sourceTree = "<group>"; };
		BC78274F2B9CEE7F00DFC02C /* Epilogue-Regular.ttf */ = {isa = PBXFileReference; lastKnownFileType = file; path = "Epilogue-Regular.ttf"; sourceTree = "<group>"; };
		BC7827502B9CEE8900DFC02C /* Epilogue-Medium.ttf */ = {isa = PBXFileReference; lastKnownFileType = file; path = "Epilogue-Medium.ttf"; sourceTree = "<group>"; };
		BC7827512B9CEF4100DFC02C /* Inter-Light.ttf */ = {isa = PBXFileReference; lastKnownFileType = file; path = "Inter-Light.ttf"; sourceTree = "<group>"; };
		BC7827522B9CEF4100DFC02C /* Inter-Medium.ttf */ = {isa = PBXFileReference; lastKnownFileType = file; path = "Inter-Medium.ttf"; sourceTree = "<group>"; };
		BC7827532B9CEF4100DFC02C /* Inter-Regular.ttf */ = {isa = PBXFileReference; lastKnownFileType = file; path = "Inter-Regular.ttf"; sourceTree = "<group>"; };
		BC7827542B9CEF4100DFC02C /* Inter-Thin.ttf */ = {isa = PBXFileReference; lastKnownFileType = file; path = "Inter-Thin.ttf"; sourceTree = "<group>"; };
		BC7827552B9CEF4100DFC02C /* Inter-Bold.ttf */ = {isa = PBXFileReference; lastKnownFileType = file; path = "Inter-Bold.ttf"; sourceTree = "<group>"; };
		BC7827562B9CEF4100DFC02C /* Inter-SemiBold.ttf */ = {isa = PBXFileReference; lastKnownFileType = file; path = "Inter-SemiBold.ttf"; sourceTree = "<group>"; };
		BC78275F2B9CF1F300DFC02C /* Epilogue-Bold.ttf */ = {isa = PBXFileReference; lastKnownFileType = file; path = "Epilogue-Bold.ttf"; sourceTree = "<group>"; };
		BC7827632B9D1D1000DFC02C /* AuthViewModel.swift */ = {isa = PBXFileReference; lastKnownFileType = sourcecode.swift; path = AuthViewModel.swift; sourceTree = "<group>"; };
		BC7888322BB9CADA005DF8CE /* ExerciseSectionsContentView.swift */ = {isa = PBXFileReference; lastKnownFileType = sourcecode.swift; path = ExerciseSectionsContentView.swift; sourceTree = "<group>"; };
		BC811F712CA03A0A00C3CC01 /* GreetingHeader.swift */ = {isa = PBXFileReference; lastKnownFileType = sourcecode.swift; path = GreetingHeader.swift; sourceTree = "<group>"; };
		BC811F732CA03AA300C3CC01 /* HomeViewModel.swift */ = {isa = PBXFileReference; lastKnownFileType = sourcecode.swift; path = HomeViewModel.swift; sourceTree = "<group>"; };
		BC81E5CC2BD04FF20005891D /* ExploreExerciseViewModel.swift */ = {isa = PBXFileReference; lastKnownFileType = sourcecode.swift; path = ExploreExerciseViewModel.swift; sourceTree = "<group>"; };
		BC81E5CE2BD2F9350005891D /* AddExerciseView.swift */ = {isa = PBXFileReference; lastKnownFileType = sourcecode.swift; path = AddExerciseView.swift; sourceTree = "<group>"; };
		BC81E5D02BD2F9D90005891D /* SheetNavBar.swift */ = {isa = PBXFileReference; lastKnownFileType = sourcecode.swift; path = SheetNavBar.swift; sourceTree = "<group>"; };
		BC81E5D22BD2FC730005891D /* SingleOptionSelectView.swift */ = {isa = PBXFileReference; lastKnownFileType = sourcecode.swift; path = SingleOptionSelectView.swift; sourceTree = "<group>"; };
		BC81E5D62BD3063B0005891D /* AddExerciseSheetViewModel.swift */ = {isa = PBXFileReference; lastKnownFileType = sourcecode.swift; path = AddExerciseSheetViewModel.swift; sourceTree = "<group>"; };
		BC82446E2BAE6AE700CFA645 /* MusculosAppDebug.entitlements */ = {isa = PBXFileReference; lastKnownFileType = text.plist.entitlements; path = MusculosAppDebug.entitlements; sourceTree = "<group>"; };
		BC828CE22C028E9200AB9D1D /* ExerciseDetailsViewModel.swift */ = {isa = PBXFileReference; lastKnownFileType = sourcecode.swift; path = ExerciseDetailsViewModel.swift; sourceTree = "<group>"; };
		BC828CE42C02924200AB9D1D /* WorkoutFlowViewModel.swift */ = {isa = PBXFileReference; lastKnownFileType = sourcecode.swift; path = WorkoutFlowViewModel.swift; sourceTree = "<group>"; };
		BC97C9312BA0D5D500AA07C4 /* AddActionSheet.swift */ = {isa = PBXFileReference; lastKnownFileType = sourcecode.swift; path = AddActionSheet.swift; sourceTree = "<group>"; };
		BC9A020D2C593ED5003C83A8 /* AuthView.swift */ = {isa = PBXFileReference; lastKnownFileType = sourcecode.swift; path = AuthView.swift; sourceTree = "<group>"; };
		BCA24BEE2B69D3AE00124EC3 /* SplashView.swift */ = {isa = PBXFileReference; lastKnownFileType = sourcecode.swift; path = SplashView.swift; sourceTree = "<group>"; };
		BCA24BFB2B6AB9AF00124EC3 /* SignInView.swift */ = {isa = PBXFileReference; lastKnownFileType = sourcecode.swift; path = SignInView.swift; sourceTree = "<group>"; };
		BCA24BFD2B6AD33200124EC3 /* UserStore.swift */ = {isa = PBXFileReference; lastKnownFileType = sourcecode.swift; path = UserStore.swift; sourceTree = "<group>"; };
		BCA24BFF2B6AE68500124EC3 /* SignUpView.swift */ = {isa = PBXFileReference; lastKnownFileType = sourcecode.swift; path = SignUpView.swift; sourceTree = "<group>"; };
		BCA24C072B6AFF8200124EC3 /* OnboardingWizardView.swift */ = {isa = PBXFileReference; lastKnownFileType = sourcecode.swift; path = OnboardingWizardView.swift; sourceTree = "<group>"; };
		BCA24C0C2B6B14EE00124EC3 /* SelectSizeView.swift */ = {isa = PBXFileReference; lastKnownFileType = sourcecode.swift; path = SelectSizeView.swift; sourceTree = "<group>"; };
		BCA24C0E2B6B2B5D00124EC3 /* SelectGoalView.swift */ = {isa = PBXFileReference; lastKnownFileType = sourcecode.swift; path = SelectGoalView.swift; sourceTree = "<group>"; };
		BCA600582C5BDE190063C5AB /* PublisherValueExpectation.swift */ = {isa = PBXFileReference; lastKnownFileType = sourcecode.swift; path = PublisherValueExpectation.swift; sourceTree = "<group>"; };
		BCB724BE2BC1EC43003F53EA /* AddWorkoutSheetViewModel.swift */ = {isa = PBXFileReference; lastKnownFileType = sourcecode.swift; path = AddWorkoutSheetViewModel.swift; sourceTree = "<group>"; };
		BCBEBA332BF7C33D00FA4BF5 /* WorkoutCarousel.swift */ = {isa = PBXFileReference; lastKnownFileType = sourcecode.swift; path = WorkoutCarousel.swift; sourceTree = "<group>"; };
		BCBFBC372C70088D0022FE88 /* Poppins-Bold.ttf */ = {isa = PBXFileReference; lastKnownFileType = file; path = "Poppins-Bold.ttf"; sourceTree = "<group>"; };
		BCBFBC382C70088D0022FE88 /* Poppins-Light.ttf */ = {isa = PBXFileReference; lastKnownFileType = file; path = "Poppins-Light.ttf"; sourceTree = "<group>"; };
		BCBFBC392C70088D0022FE88 /* Poppins-Medium.ttf */ = {isa = PBXFileReference; lastKnownFileType = file; path = "Poppins-Medium.ttf"; sourceTree = "<group>"; };
		BCBFBC3A2C70088D0022FE88 /* Poppins-Regular.ttf */ = {isa = PBXFileReference; lastKnownFileType = file; path = "Poppins-Regular.ttf"; sourceTree = "<group>"; };
		BCBFBC3B2C70088D0022FE88 /* Poppins-SemiBold.ttf */ = {isa = PBXFileReference; lastKnownFileType = file; path = "Poppins-SemiBold.ttf"; sourceTree = "<group>"; };
		BCC33E682BAE005E00488123 /* MusculosApp.entitlements */ = {isa = PBXFileReference; lastKnownFileType = text.plist.entitlements; path = MusculosApp.entitlements; sourceTree = "<group>"; };
		BCC46FF32C0E2E97006D76E2 /* PermissionsView.swift */ = {isa = PBXFileReference; lastKnownFileType = sourcecode.swift; path = PermissionsView.swift; sourceTree = "<group>"; };
		BCC46FF82C0E3A7F006D76E2 /* StorageHelper.swift */ = {isa = PBXFileReference; lastKnownFileType = sourcecode.swift; path = StorageHelper.swift; sourceTree = "<group>"; };
		BCCA2C992C3C615600D4DEAD /* Container+Extension.swift */ = {isa = PBXFileReference; lastKnownFileType = sourcecode.swift; path = "Container+Extension.swift"; sourceTree = "<group>"; };
		BCD011832CBD7B3F0012CEA0 /* ExerciseSessionDataStoreTests.swift */ = {isa = PBXFileReference; lastKnownFileType = sourcecode.swift; path = ExerciseSessionDataStoreTests.swift; sourceTree = "<group>"; };
		BCD011872CBDBE660012CEA0 /* ExerciseServiceTests.swift */ = {isa = PBXFileReference; lastKnownFileType = sourcecode.swift; path = ExerciseServiceTests.swift; sourceTree = "<group>"; };
		BCD011892CC041450012CEA0 /* StubMusculosClient.swift */ = {isa = PBXFileReference; lastKnownFileType = sourcecode.swift; path = StubMusculosClient.swift; sourceTree = "<group>"; };
		BCD0118B2CC041830012CEA0 /* StubUserSessionManager.swift */ = {isa = PBXFileReference; lastKnownFileType = sourcecode.swift; path = StubUserSessionManager.swift; sourceTree = "<group>"; };
		BCD0118D2CC0437A0012CEA0 /* exerciseDetails.json */ = {isa = PBXFileReference; lastKnownFileType = text.json; path = exerciseDetails.json; sourceTree = "<group>"; };
		BCD0118F2CC0556D0012CEA0 /* UserServiceTests.swift */ = {isa = PBXFileReference; lastKnownFileType = sourcecode.swift; path = UserServiceTests.swift; sourceTree = "<group>"; };
		BCD011912CC05A600012CEA0 /* userProfile.json */ = {isa = PBXFileReference; lastKnownFileType = text.json; path = userProfile.json; sourceTree = "<group>"; };
		BCD011932CC05ECC0012CEA0 /* ExerciseSessionServiceTests.swift */ = {isa = PBXFileReference; lastKnownFileType = sourcecode.swift; path = ExerciseSessionServiceTests.swift; sourceTree = "<group>"; };
		BCD011952CC060470012CEA0 /* exerciseSessions.json */ = {isa = PBXFileReference; lastKnownFileType = text.json; path = exerciseSessions.json; sourceTree = "<group>"; };
		BCD011972CC060F70012CEA0 /* exerciseSession.json */ = {isa = PBXFileReference; lastKnownFileType = text.json; path = exerciseSession.json; sourceTree = "<group>"; };
		BCD59A782BB627CE0039F662 /* ExploreExerciseView.swift */ = {isa = PBXFileReference; fileEncoding = 4; lastKnownFileType = sourcecode.swift; path = ExploreExerciseView.swift; sourceTree = "<group>"; };
		BCD59A812BB627CE0039F662 /* ExerciseContentLoadingView.swift */ = {isa = PBXFileReference; fileEncoding = 4; lastKnownFileType = sourcecode.swift; path = ExerciseContentLoadingView.swift; sourceTree = "<group>"; };
		BCD59A822BB627CE0039F662 /* SearchFilterField.swift */ = {isa = PBXFileReference; fileEncoding = 4; lastKnownFileType = sourcecode.swift; path = SearchFilterField.swift; sourceTree = "<group>"; };
		BCD59A9F2BB627E60039F662 /* ExerciseCard.swift */ = {isa = PBXFileReference; fileEncoding = 4; lastKnownFileType = sourcecode.swift; path = ExerciseCard.swift; sourceTree = "<group>"; };
		BCD59AA02BB627E60039F662 /* DashboardHeaderCard.swift */ = {isa = PBXFileReference; fileEncoding = 4; lastKnownFileType = sourcecode.swift; path = DashboardHeaderCard.swift; sourceTree = "<group>"; };
		BCD59AA12BB627E60039F662 /* ProgressCard.swift */ = {isa = PBXFileReference; fileEncoding = 4; lastKnownFileType = sourcecode.swift; path = ProgressCard.swift; sourceTree = "<group>"; };
		BCD59AA52BB628220039F662 /* MultiOptionsSelectView.swift */ = {isa = PBXFileReference; fileEncoding = 4; lastKnownFileType = sourcecode.swift; path = MultiOptionsSelectView.swift; sourceTree = "<group>"; };
		BCD59AA62BB628220039F662 /* ExerciseSectionView.swift */ = {isa = PBXFileReference; fileEncoding = 4; lastKnownFileType = sourcecode.swift; path = ExerciseSectionView.swift; sourceTree = "<group>"; };
		BCD59AA72BB628220039F662 /* ExploreExerciseContentView.swift */ = {isa = PBXFileReference; fileEncoding = 4; lastKnownFileType = sourcecode.swift; path = ExploreExerciseContentView.swift; sourceTree = "<group>"; };
		BCD59AAB2BB628700039F662 /* DetailCardView.swift */ = {isa = PBXFileReference; fileEncoding = 4; lastKnownFileType = sourcecode.swift; path = DetailCardView.swift; sourceTree = "<group>"; };
		BCD59AAC2BB628700039F662 /* AnimatedURLImageView.swift */ = {isa = PBXFileReference; fileEncoding = 4; lastKnownFileType = sourcecode.swift; path = AnimatedURLImageView.swift; sourceTree = "<group>"; };
		BCD59AAE2BB628700039F662 /* ExerciseDetailsView.swift */ = {isa = PBXFileReference; fileEncoding = 4; lastKnownFileType = sourcecode.swift; path = ExerciseDetailsView.swift; sourceTree = "<group>"; };
		BCE19AC82C15E615005ABBF3 /* StubExerciseDataStore.swift */ = {isa = PBXFileReference; lastKnownFileType = sourcecode.swift; path = StubExerciseDataStore.swift; sourceTree = "<group>"; };
		BCEED79E2BFC0B96002A3656 /* WorkoutCard.swift */ = {isa = PBXFileReference; lastKnownFileType = sourcecode.swift; path = WorkoutCard.swift; sourceTree = "<group>"; };
		BCEED7A22BFC0C73002A3656 /* WorkoutListViewModel.swift */ = {isa = PBXFileReference; lastKnownFileType = sourcecode.swift; path = WorkoutListViewModel.swift; sourceTree = "<group>"; };
		BCF1C9F52CCE75A4003DDD00 /* goalsTemplates.json */ = {isa = PBXFileReference; lastKnownFileType = text.json; path = goalsTemplates.json; sourceTree = "<group>"; };
		BCF1C9F72CCE760E003DDD00 /* GoalServiceTests.swift */ = {isa = PBXFileReference; lastKnownFileType = sourcecode.swift; path = GoalServiceTests.swift; sourceTree = "<group>"; };
		BCF9E5BF2C9EF3BE00841F2C /* MockUIApplication.swift */ = {isa = PBXFileReference; lastKnownFileType = sourcecode.swift; path = MockUIApplication.swift; sourceTree = "<group>"; };
		BCF9E5C12C9F4C0700841F2C /* HomeView.swift */ = {isa = PBXFileReference; lastKnownFileType = sourcecode.swift; path = HomeView.swift; sourceTree = "<group>"; };
		BCFA25BB2BB37B2900F07A67 /* authenticationResult.json */ = {isa = PBXFileReference; fileEncoding = 4; lastKnownFileType = text.json; path = authenticationResult.json; sourceTree = "<group>"; };
		BCFC24C62C9C7EB900F28D7A /* GoalDataStoreTests.swift */ = {isa = PBXFileReference; lastKnownFileType = sourcecode.swift; path = GoalDataStoreTests.swift; sourceTree = "<group>"; };
		BCFC24C82C9C837700F28D7A /* ExerciseDataStoreTests.swift */ = {isa = PBXFileReference; lastKnownFileType = sourcecode.swift; path = ExerciseDataStoreTests.swift; sourceTree = "<group>"; };
		BCFC24CA2C9C87F900F28D7A /* UserDataStoreTests.swift */ = {isa = PBXFileReference; lastKnownFileType = sourcecode.swift; path = UserDataStoreTests.swift; sourceTree = "<group>"; };
/* End PBXFileReference section */

/* Begin PBXFrameworksBuildPhase section */
		BC1160C92A2CFB830028D8FC /* Frameworks */ = {
			isa = PBXFrameworksBuildPhase;
			buildActionMask = 2147483647;
			files = (
				BCD0119C2CC174150012CEA0 /* DataRepository in Frameworks */,
				BC6249752BEC20BB00393915 /* Shimmer in Frameworks */,
				BCF6487B2C3C36CC00D1C46F /* Models in Frameworks */,
				BC569FDB2C45965900F9C918 /* Components in Frameworks */,
				BC828CDE2C02802500AB9D1D /* Factory in Frameworks */,
				BC545E482C3C730E00713B86 /* Storage in Frameworks */,
				BC08E99C2CA628B60082EDF8 /* Utility in Frameworks */,
				BCFC24C32C98FB9A00F28D7A /* NetworkClient in Frameworks */,
			);
			runOnlyForDeploymentPostprocessing = 0;
		};
		BC1160DF2A2CFB840028D8FC /* Frameworks */ = {
			isa = PBXFrameworksBuildPhase;
			buildActionMask = 2147483647;
			files = (
			);
			runOnlyForDeploymentPostprocessing = 0;
		};
/* End PBXFrameworksBuildPhase section */

/* Begin PBXGroup section */
		BC01987A2CC459E8003C80B2 /* TestPlans */ = {
			isa = PBXGroup;
			children = (
				BC0198792CC459E8003C80B2 /* MusculosApp.xctestplan */,
			);
			path = TestPlans;
			sourceTree = "<group>";
		};
		BC0D76A32B6525B700917680 /* Assets */ = {
			isa = PBXGroup;
			children = (
				BC1160D32A2CFB830028D8FC /* Assets.xcassets */,
				BCA24BF02B69D44600124EC3 /* Fonts */,
			);
			path = Assets;
			sourceTree = "<group>";
		};
		BC0DA89D2CA5EA970011EC63 /* Sections */ = {
			isa = PBXGroup;
			children = (
				BC0DA87A2CA392D00011EC63 /* ChallengesSection.swift */,
				BC0DA8742CA1FC310011EC63 /* FeaturedWorkoutsSection.swift */,
				BC0DA89E2CA5EA9E0011EC63 /* RecommendationSection */,
			);
			path = Sections;
			sourceTree = "<group>";
		};
		BC0DA89E2CA5EA9E0011EC63 /* RecommendationSection */ = {
			isa = PBXGroup;
			children = (
				BC0DA8782CA209D70011EC63 /* RecommendationSection.swift */,
				BC0DA89F2CA5EAC40011EC63 /* RecommendationSection+SectionItemImage.swift */,
			);
			path = RecommendationSection;
			sourceTree = "<group>";
		};
		BC10E42C2A3B8AB00008A72E /* Authentication */ = {
			isa = PBXGroup;
			children = (
				BC7827632B9D1D1000DFC02C /* AuthViewModel.swift */,
				BC9937252B6426EB0067E556 /* View */,
			);
			path = Authentication;
			sourceTree = "<group>";
		};
		BC1160C32A2CFB820028D8FC = {
			isa = PBXGroup;
			children = (
				BC1160CE2A2CFB830028D8FC /* MusculosApp */,
				BC01987A2CC459E8003C80B2 /* TestPlans */,
				BC1160E52A2CFB840028D8FC /* MusculosAppTests */,
				BC1160CD2A2CFB830028D8FC /* Products */,
				BC8D07F12C3C52F900212EE8 /* Frameworks */,
			);
			sourceTree = "<group>";
		};
		BC1160CD2A2CFB830028D8FC /* Products */ = {
			isa = PBXGroup;
			children = (
				BC1160CC2A2CFB830028D8FC /* MusculosApp.app */,
				BC1160E22A2CFB840028D8FC /* MusculosAppTests.xctest */,
			);
			name = Products;
			sourceTree = "<group>";
		};
		BC1160CE2A2CFB830028D8FC /* MusculosApp */ = {
			isa = PBXGroup;
			children = (
				BC5834252B1CE34500BD7690 /* Main */,
				BC6F365B2BB4E205000F6CFA /* Feature */,
				BC352AE32A326D6C00DAA3AB /* Core */,
				BC0D76A32B6525B700917680 /* Assets */,
				BC1160D52A2CFB830028D8FC /* Preview Content */,
				BCC33E682BAE005E00488123 /* MusculosApp.entitlements */,
				BC82446E2BAE6AE700CFA645 /* MusculosAppDebug.entitlements */,
				BC1160DD2A2CFB830028D8FC /* Info.plist */,
			);
			path = MusculosApp;
			sourceTree = "<group>";
		};
		BC1160D52A2CFB830028D8FC /* Preview Content */ = {
			isa = PBXGroup;
			children = (
				BC1160D62A2CFB830028D8FC /* Preview Assets.xcassets */,
			);
			path = "Preview Content";
			sourceTree = "<group>";
		};
		BC1160E52A2CFB840028D8FC /* MusculosAppTests */ = {
			isa = PBXGroup;
			children = (
				BCD011852CBDBE4F0012CEA0 /* NetworkClientTests */,
				BCFC24C42C9C7EAF00F28D7A /* StorageTests */,
				BC5BAC932AB26350003C880E /* Helpers */,
			);
			path = MusculosAppTests;
			sourceTree = "<group>";
		};
		BC1674C42BE2EA030012048D /* Wizard */ = {
			isa = PBXGroup;
			children = (
				BCA24C072B6AFF8200124EC3 /* OnboardingWizardView.swift */,
				BC583B0C2BA8C76500236C0D /* OnboardingWizardViewModel.swift */,
				BC2EAE2D2C223F9D00FB3C1F /* Steps */,
			);
			path = Wizard;
			sourceTree = "<group>";
		};
		BC261AB02B6D71A90018E21F /* ExploreExercise */ = {
			isa = PBXGroup;
			children = (
				BCD59A782BB627CE0039F662 /* ExploreExerciseView.swift */,
				BC81E5CC2BD04FF20005891D /* ExploreExerciseViewModel.swift */,
				BCD59A832BB627CE0039F662 /* Components */,
			);
			path = ExploreExercise;
			sourceTree = "<group>";
		};
		BC2EAE2D2C223F9D00FB3C1F /* Steps */ = {
			isa = PBXGroup;
			children = (
				BCA24C0C2B6B14EE00124EC3 /* SelectSizeView.swift */,
				BCA24C0E2B6B2B5D00124EC3 /* SelectGoalView.swift */,
				BC606A6D2C221CBD00154781 /* SelectLevelView.swift */,
				BCC46FF32C0E2E97006D76E2 /* PermissionsView.swift */,
			);
			path = Steps;
			sourceTree = "<group>";
		};
		BC2EAE322C22412900FB3C1F /* User */ = {
			isa = PBXGroup;
			children = (
				BCA24BFD2B6AD33200124EC3 /* UserStore.swift */,
			);
			path = User;
			sourceTree = "<group>";
		};
		BC2EAE362C2241D300FB3C1F /* Goal */ = {
			isa = PBXGroup;
			children = (
				BC1674B52BE2E73F0012048D /* AddGoalSheet.swift */,
				BC1674D32BE2F8F70012048D /* AddGoalSheetViewModel.swift */,
			);
			path = Goal;
			sourceTree = "<group>";
		};
		BC34544F2B72DEFE0074106A /* Exercise */ = {
			isa = PBXGroup;
			children = (
				BC44CDB12CA77C85007421C4 /* ExerciseList */,
				BC81E5D52BD306040005891D /* AddExercise */,
				BC261AB02B6D71A90018E21F /* ExploreExercise */,
				BC97C9342BA0EFFE00AA07C4 /* ExerciseDetails */,
				BC43D3392B6EAD77008C1062 /* ExerciseFilter */,
			);
			path = Exercise;
			sourceTree = "<group>";
		};
		BC352AE32A326D6C00DAA3AB /* Core */ = {
			isa = PBXGroup;
			children = (
				BC10EB732C4D7D26003AD519 /* NavigationRouter.swift */,
				BCAE95A62C447E9600AD91BE /* Extension */,
				BC545E422C3C6AD400713B86 /* HealthKit */,
				BC2EAE322C22412900FB3C1F /* User */,
				BC97C9302BA0D57200AA07C4 /* Sheet */,
			);
			path = Core;
			sourceTree = "<group>";
		};
		BC3E0AC42C3F3EDA0039E860 /* App */ = {
			isa = PBXGroup;
			children = (
				BC1160CF2A2CFB830028D8FC /* MusculosApp.swift */,
				BC1160D12A2CFB830028D8FC /* AppTabView.swift */,
			);
			path = App;
			sourceTree = "<group>";
		};
		BC43D3392B6EAD77008C1062 /* ExerciseFilter */ = {
			isa = PBXGroup;
			children = (
				BC261AB72B6DA0EF0018E21F /* ExerciseFilterView.swift */,
				BC43D33A2B6EAD8D008C1062 /* ExerciseFilterViewModel.swift */,
				BC97C9382BA0F06200AA07C4 /* Components */,
			);
			path = ExerciseFilter;
			sourceTree = "<group>";
		};
		BC44CDB12CA77C85007421C4 /* ExerciseList */ = {
			isa = PBXGroup;
			children = (
				BC44CDB22CA77C9A007421C4 /* ExerciseListView.swift */,
			);
			path = ExerciseList;
			sourceTree = "<group>";
		};
		BC545E422C3C6AD400713B86 /* HealthKit */ = {
			isa = PBXGroup;
			children = (
				BC545E402C3C6AD400713B86 /* HealthKitManager.swift */,
				BC545E412C3C6AD400713B86 /* HealthKitViewModel.swift */,
			);
			path = HealthKit;
			sourceTree = "<group>";
		};
		BC5834252B1CE34500BD7690 /* Main */ = {
			isa = PBXGroup;
			children = (
				BC6F36592BB4E14D000F6CFA /* AppLauncher.swift */,
				BC3E0AC42C3F3EDA0039E860 /* App */,
			);
			path = Main;
			sourceTree = "<group>";
		};
		BC5BAC932AB26350003C880E /* Helpers */ = {
			isa = PBXGroup;
			children = (
				BCF9E5BF2C9EF3BE00841F2C /* MockUIApplication.swift */,
				BCA600582C5BDE190063C5AB /* PublisherValueExpectation.swift */,
				BC5BACB62AB26F40003C880E /* MusculosTestBase.swift */,
				BC5BACBC2AB2769B003C880E /* MockURLProtocol.swift */,
				BCE19AC72C15E60A005ABBF3 /* Stubs */,
				BC5BACB82AB26FC8003C880E /* Supporting Files */,
			);
			path = Helpers;
			sourceTree = "<group>";
		};
		BC5BACB82AB26FC8003C880E /* Supporting Files */ = {
			isa = PBXGroup;
			children = (
				BCC46FF82C0E3A7F006D76E2 /* StorageHelper.swift */,
				BC5BACB92AB26FD0003C880E /* API */,
			);
			path = "Supporting Files";
			sourceTree = "<group>";
		};
		BC5BACB92AB26FD0003C880E /* API */ = {
			isa = PBXGroup;
			children = (
				BC684CCA2CCE797F00349FB2 /* goals.json */,
				BC684CCC2CCE944300349FB2 /* goal.json */,
				BCF1C9F52CCE75A4003DDD00 /* goalsTemplates.json */,
				BCD011952CC060470012CEA0 /* exerciseSessions.json */,
				BCD011912CC05A600012CEA0 /* userProfile.json */,
				BCD011972CC060F70012CEA0 /* exerciseSession.json */,
				BCD0118D2CC0437A0012CEA0 /* exerciseDetails.json */,
				BCFA25BB2BB37B2900F07A67 /* authenticationResult.json */,
				BC5BACBA2AB270C2003C880E /* getMuscles.json */,
				BC5BACC22AB280C5003C880E /* getEquipment.json */,
				BC5BACD42ABA28A7003C880E /* exercises.json */,
			);
			path = API;
			sourceTree = "<group>";
		};
		BC5CC2C22C7B645D0016D694 /* Home */ = {
			isa = PBXGroup;
			children = (
				BCF9E5C12C9F4C0700841F2C /* HomeView.swift */,
				BC811F732CA03AA300C3CC01 /* HomeViewModel.swift */,
				BC5CC2C52C7B6A300016D694 /* Components */,
			);
			path = Home;
			sourceTree = "<group>";
		};
		BC5CC2C52C7B6A300016D694 /* Components */ = {
			isa = PBXGroup;
			children = (
				BC811F712CA03A0A00C3CC01 /* GreetingHeader.swift */,
				BC0DA8722CA1CE700011EC63 /* UserAvatar.swift */,
				BC0DA89D2CA5EA970011EC63 /* Sections */,
			);
			path = Components;
			sourceTree = "<group>";
		};
		BC6F365B2BB4E205000F6CFA /* Feature */ = {
			isa = PBXGroup;
			children = (
				BC10E42C2A3B8AB00008A72E /* Authentication */,
				BC34544F2B72DEFE0074106A /* Exercise */,
				BC2EAE362C2241D300FB3C1F /* Goal */,
				BC5CC2C22C7B645D0016D694 /* Home */,
				BCA24C052B6AFF7000124EC3 /* Onboarding */,
				BC781FFA2B9B5E2F009F9FB5 /* Profile */,
				BCA905002C59948C000BE5FF /* Splash */,
				BC777EF12BA0F2D9001669C8 /* Workout */,
			);
			path = Feature;
			sourceTree = "<group>";
		};
		BC74C1B02C00FE110021B932 /* WorkoutList */ = {
			isa = PBXGroup;
			children = (
				BC777EF22BA0F2E1001669C8 /* WorkoutListView.swift */,
				BCEED7A22BFC0C73002A3656 /* WorkoutListViewModel.swift */,
				BCBEBA302BF6D5B800FA4BF5 /* Components */,
			);
			path = WorkoutList;
			sourceTree = "<group>";
		};
		BC74C1B22C01079D0021B932 /* WorkoutFlow */ = {
			isa = PBXGroup;
			children = (
				BC74C1B52C0107CA0021B932 /* WorkoutIntroView.swift */,
				BC4078D52C02402E000DE280 /* WorkoutFlowView.swift */,
				BC828CE42C02924200AB9D1D /* WorkoutFlowViewModel.swift */,
			);
			path = WorkoutFlow;
			sourceTree = "<group>";
		};
		BC777EF12BA0F2D9001669C8 /* Workout */ = {
			isa = PBXGroup;
			children = (
				BC81E5D42BD305F50005891D /* AddWorkout */,
				BC74C1B02C00FE110021B932 /* WorkoutList */,
				BC74C1B22C01079D0021B932 /* WorkoutFlow */,
			);
			path = Workout;
			sourceTree = "<group>";
		};
		BC777EFF2BA111EA001669C8 /* View */ = {
			isa = PBXGroup;
			children = (
				BC777F002BA127DC001669C8 /* AddActionSheetContainer.swift */,
				BC97C9312BA0D5D500AA07C4 /* AddActionSheet.swift */,
				BC777F022BA208F2001669C8 /* Components */,
			);
			path = View;
			sourceTree = "<group>";
		};
		BC777F022BA208F2001669C8 /* Components */ = {
			isa = PBXGroup;
			children = (
				BC6F365C2BB4E2A3000F6CFA /* CardItem.swift */,
				BC1674B02BE26EBB0012048D /* AddDetailOptionCardView.swift */,
				BC81E5D02BD2F9D90005891D /* SheetNavBar.swift */,
			);
			path = Components;
			sourceTree = "<group>";
		};
		BC781FFA2B9B5E2F009F9FB5 /* Profile */ = {
			isa = PBXGroup;
			children = (
				BC781FFB2B9B5E3E009F9FB5 /* ProfileView.swift */,
				BC781FFD2B9B6057009F9FB5 /* Components */,
			);
			path = Profile;
			sourceTree = "<group>";
		};
		BC781FFD2B9B6057009F9FB5 /* Components */ = {
			isa = PBXGroup;
			children = (
				BC655B002CB0497600C19E07 /* YourWorkoutSection.swift */,
				BC7820032B9B692E009F9FB5 /* HighlightCard.swift */,
				BC7820022B9B64F6009F9FB5 /* ScoreCard */,
			);
			path = Components;
			sourceTree = "<group>";
		};
		BC7820022B9B64F6009F9FB5 /* ScoreCard */ = {
			isa = PBXGroup;
			children = (
				BC781FFE2B9B6061009F9FB5 /* ScoreCard.swift */,
				BC7820002B9B64F1009F9FB5 /* ScoreBadge.swift */,
			);
			path = ScoreCard;
			sourceTree = "<group>";
		};
		BC81E5D42BD305F50005891D /* AddWorkout */ = {
			isa = PBXGroup;
			children = (
				BC777F032BA20901001669C8 /* AddWorkoutSheet.swift */,
				BCB724BE2BC1EC43003F53EA /* AddWorkoutSheetViewModel.swift */,
			);
			path = AddWorkout;
			sourceTree = "<group>";
		};
		BC81E5D52BD306040005891D /* AddExercise */ = {
			isa = PBXGroup;
			children = (
				BC81E5CE2BD2F9350005891D /* AddExerciseView.swift */,
				BC81E5D62BD3063B0005891D /* AddExerciseSheetViewModel.swift */,
			);
			path = AddExercise;
			sourceTree = "<group>";
		};
		BC8D07F12C3C52F900212EE8 /* Frameworks */ = {
			isa = PBXGroup;
			children = (
			);
			name = Frameworks;
			sourceTree = "<group>";
		};
		BC97C9302BA0D57200AA07C4 /* Sheet */ = {
			isa = PBXGroup;
			children = (
				BC777EFF2BA111EA001669C8 /* View */,
			);
			path = Sheet;
			sourceTree = "<group>";
		};
		BC97C9342BA0EFFE00AA07C4 /* ExerciseDetails */ = {
			isa = PBXGroup;
			children = (
				BCD59AAE2BB628700039F662 /* ExerciseDetailsView.swift */,
				BC828CE22C028E9200AB9D1D /* ExerciseDetailsViewModel.swift */,
				BCD59AAD2BB628700039F662 /* Components */,
			);
			path = ExerciseDetails;
			sourceTree = "<group>";
		};
		BC97C9382BA0F06200AA07C4 /* Components */ = {
			isa = PBXGroup;
			children = (
				BCD59A822BB627CE0039F662 /* SearchFilterField.swift */,
			);
			name = Components;
			sourceTree = "<group>";
		};
		BC9937252B6426EB0067E556 /* View */ = {
			isa = PBXGroup;
			children = (
				BC9A020D2C593ED5003C83A8 /* AuthView.swift */,
				BCA24BFB2B6AB9AF00124EC3 /* SignInView.swift */,
				BCA24BFF2B6AE68500124EC3 /* SignUpView.swift */,
			);
			path = View;
			sourceTree = "<group>";
		};
		BCA24BF02B69D44600124EC3 /* Fonts */ = {
			isa = PBXGroup;
			children = (
				BCBFBC372C70088D0022FE88 /* Poppins-Bold.ttf */,
				BCBFBC382C70088D0022FE88 /* Poppins-Light.ttf */,
				BCBFBC392C70088D0022FE88 /* Poppins-Medium.ttf */,
				BCBFBC3A2C70088D0022FE88 /* Poppins-Regular.ttf */,
				BCBFBC3B2C70088D0022FE88 /* Poppins-SemiBold.ttf */,
				BC78274F2B9CEE7F00DFC02C /* Epilogue-Regular.ttf */,
				BC78275F2B9CF1F300DFC02C /* Epilogue-Bold.ttf */,
				BC7827552B9CEF4100DFC02C /* Inter-Bold.ttf */,
				BC7827512B9CEF4100DFC02C /* Inter-Light.ttf */,
				BC0DA88C2CA396FF0011EC63 /* LeagueSpartan-Black.ttf */,
				BC0DA88D2CA396FF0011EC63 /* LeagueSpartan-Bold.ttf */,
				BC0DA88E2CA396FF0011EC63 /* LeagueSpartan-ExtraBold.ttf */,
				BC0DA88F2CA396FF0011EC63 /* LeagueSpartan-ExtraLight.ttf */,
				BC0DA8902CA396FF0011EC63 /* LeagueSpartan-Light.ttf */,
				BC0DA8912CA396FF0011EC63 /* LeagueSpartan-Medium.ttf */,
				BC0DA8922CA396FF0011EC63 /* LeagueSpartan-Regular.ttf */,
				BC0DA8932CA396FF0011EC63 /* LeagueSpartan-SemiBold.ttf */,
				BC7827522B9CEF4100DFC02C /* Inter-Medium.ttf */,
				BC7827532B9CEF4100DFC02C /* Inter-Regular.ttf */,
				BC7827562B9CEF4100DFC02C /* Inter-SemiBold.ttf */,
				BC7827542B9CEF4100DFC02C /* Inter-Thin.ttf */,
				BC7827502B9CEE8900DFC02C /* Epilogue-Medium.ttf */,
			);
			path = Fonts;
			sourceTree = "<group>";
		};
		BCA24C052B6AFF7000124EC3 /* Onboarding */ = {
			isa = PBXGroup;
			children = (
				BC1674C42BE2EA030012048D /* Wizard */,
			);
			path = Onboarding;
			sourceTree = "<group>";
		};
		BCA905002C59948C000BE5FF /* Splash */ = {
			isa = PBXGroup;
			children = (
				BCA24BEE2B69D3AE00124EC3 /* SplashView.swift */,
			);
			path = Splash;
			sourceTree = "<group>";
		};
		BCAE95A62C447E9600AD91BE /* Extension */ = {
			isa = PBXGroup;
			children = (
				BCCA2C992C3C615600D4DEAD /* Container+Extension.swift */,
				BC545E392C3C6A8F00713B86 /* EnvironmentValues+Extension.swift */,
			);
			path = Extension;
			sourceTree = "<group>";
		};
		BCB92BD72BBB669500D41B9B /* Content */ = {
			isa = PBXGroup;
			children = (
				BC7888322BB9CADA005DF8CE /* ExerciseSectionsContentView.swift */,
				BCD59A812BB627CE0039F662 /* ExerciseContentLoadingView.swift */,
			);
			path = Content;
			sourceTree = "<group>";
		};
		BCBEBA302BF6D5B800FA4BF5 /* Components */ = {
			isa = PBXGroup;
			children = (
				BCBEBA332BF7C33D00FA4BF5 /* WorkoutCarousel.swift */,
				BCEED79E2BFC0B96002A3656 /* WorkoutCard.swift */,
				BC4078D32C02373E000DE280 /* WorkoutIcon.swift */,
			);
			path = Components;
			sourceTree = "<group>";
		};
		BCD011852CBDBE4F0012CEA0 /* NetworkClientTests */ = {
			isa = PBXGroup;
			children = (
				BCD011862CBDBE5F0012CEA0 /* Service */,
			);
			path = NetworkClientTests;
			sourceTree = "<group>";
		};
		BCD011862CBDBE5F0012CEA0 /* Service */ = {
			isa = PBXGroup;
			children = (
				BCF1C9F72CCE760E003DDD00 /* GoalServiceTests.swift */,
				BCD011932CC05ECC0012CEA0 /* ExerciseSessionServiceTests.swift */,
				BCD0118F2CC0556D0012CEA0 /* UserServiceTests.swift */,
				BCD011872CBDBE660012CEA0 /* ExerciseServiceTests.swift */,
			);
			path = Service;
			sourceTree = "<group>";
		};
		BCD59A7C2BB627CE0039F662 /* Card */ = {
			isa = PBXGroup;
			children = (
				BCD59AA02BB627E60039F662 /* DashboardHeaderCard.swift */,
				BCD59A9F2BB627E60039F662 /* ExerciseCard.swift */,
				BCD59AA12BB627E60039F662 /* ProgressCard.swift */,
				BC1191902C24DF18004ADF04 /* InformationCard.swift */,
				BC655B022CB055B300C19E07 /* ExerciseCardStack.swift */,
			);
			path = Card;
			sourceTree = "<group>";
		};
		BCD59A802BB627CE0039F662 /* Section */ = {
			isa = PBXGroup;
			children = (
				BCD59AA72BB628220039F662 /* ExploreExerciseContentView.swift */,
				BCD59AA62BB628220039F662 /* ExerciseSectionView.swift */,
				BCD59AA52BB628220039F662 /* MultiOptionsSelectView.swift */,
				BC81E5D22BD2FC730005891D /* SingleOptionSelectView.swift */,
			);
			path = Section;
			sourceTree = "<group>";
		};
		BCD59A832BB627CE0039F662 /* Components */ = {
			isa = PBXGroup;
			children = (
				BCB92BD72BBB669500D41B9B /* Content */,
				BCD59A7C2BB627CE0039F662 /* Card */,
				BCD59A802BB627CE0039F662 /* Section */,
			);
			path = Components;
			sourceTree = "<group>";
		};
		BCD59AAD2BB628700039F662 /* Components */ = {
			isa = PBXGroup;
			children = (
				BCD59AAB2BB628700039F662 /* DetailCardView.swift */,
				BCD59AAC2BB628700039F662 /* AnimatedURLImageView.swift */,
				BC4E5D522CAB601F0046ABEE /* ExerciseSummarySection.swift */,
				BC4E5D542CAC58070046ABEE /* EquipmentCard.swift */,
				BC4E5D562CAC61050046ABEE /* StarsRatingCard.swift */,
				BC655B042CB1615200C19E07 /* ProgressButton.swift */,
			);
			path = Components;
			sourceTree = "<group>";
		};
		BCE19AC72C15E60A005ABBF3 /* Stubs */ = {
			isa = PBXGroup;
			children = (
				BCD0118B2CC041830012CEA0 /* StubUserSessionManager.swift */,
				BCD011892CC041450012CEA0 /* StubMusculosClient.swift */,
				BCE19AC82C15E615005ABBF3 /* StubExerciseDataStore.swift */,
			);
			path = Stubs;
			sourceTree = "<group>";
		};
		BCFC24C42C9C7EAF00F28D7A /* StorageTests */ = {
			isa = PBXGroup;
			children = (
				BCFC24C52C9C7EB400F28D7A /* DataStore */,
			);
			path = StorageTests;
			sourceTree = "<group>";
		};
		BCFC24C52C9C7EB400F28D7A /* DataStore */ = {
			isa = PBXGroup;
			children = (
				BCD011832CBD7B3F0012CEA0 /* ExerciseSessionDataStoreTests.swift */,
				BCFC24CA2C9C87F900F28D7A /* UserDataStoreTests.swift */,
				BCFC24C82C9C837700F28D7A /* ExerciseDataStoreTests.swift */,
				BCFC24C62C9C7EB900F28D7A /* GoalDataStoreTests.swift */,
			);
			path = DataStore;
			sourceTree = "<group>";
		};
/* End PBXGroup section */

/* Begin PBXNativeTarget section */
		BC1160CB2A2CFB830028D8FC /* MusculosApp */ = {
			isa = PBXNativeTarget;
			buildConfigurationList = BC1160F62A2CFB840028D8FC /* Build configuration list for PBXNativeTarget "MusculosApp" */;
			buildPhases = (
				BC1160C82A2CFB830028D8FC /* Sources */,
				BC1160C92A2CFB830028D8FC /* Frameworks */,
				BC1160CA2A2CFB830028D8FC /* Resources */,
			);
			buildRules = (
			);
			dependencies = (
			);
			name = MusculosApp;
			packageProductDependencies = (
				BC6249742BEC20BB00393915 /* Shimmer */,
				BC828CDD2C02802500AB9D1D /* Factory */,
				BCF6487A2C3C36CC00D1C46F /* Models */,
				BC545E472C3C730E00713B86 /* Storage */,
				BC569FDA2C45965900F9C918 /* Components */,
				BCFC24C22C98FB9A00F28D7A /* NetworkClient */,
				BC08E99B2CA628B60082EDF8 /* Utility */,
				BCD0119B2CC174150012CEA0 /* DataRepository */,
			);
			productName = MusculosApp;
			productReference = BC1160CC2A2CFB830028D8FC /* MusculosApp.app */;
			productType = "com.apple.product-type.application";
		};
		BC1160E12A2CFB840028D8FC /* MusculosAppTests */ = {
			isa = PBXNativeTarget;
			buildConfigurationList = BC1160F92A2CFB840028D8FC /* Build configuration list for PBXNativeTarget "MusculosAppTests" */;
			buildPhases = (
				BC1160DE2A2CFB840028D8FC /* Sources */,
				BC1160DF2A2CFB840028D8FC /* Frameworks */,
				BC1160E02A2CFB840028D8FC /* Resources */,
			);
			buildRules = (
			);
			dependencies = (
				BC1160E42A2CFB840028D8FC /* PBXTargetDependency */,
			);
			name = MusculosAppTests;
			productName = MusculosAppTests;
			productReference = BC1160E22A2CFB840028D8FC /* MusculosAppTests.xctest */;
			productType = "com.apple.product-type.bundle.unit-test";
		};
/* End PBXNativeTarget section */

/* Begin PBXProject section */
		BC1160C42A2CFB820028D8FC /* Project object */ = {
			isa = PBXProject;
			attributes = {
				BuildIndependentTargetsInParallel = 1;
				LastSwiftUpdateCheck = 1430;
				LastUpgradeCheck = 1530;
				TargetAttributes = {
					BC1160CB2A2CFB830028D8FC = {
						CreatedOnToolsVersion = 14.3;
					};
					BC1160E12A2CFB840028D8FC = {
						CreatedOnToolsVersion = 14.3;
						TestTargetID = BC1160CB2A2CFB830028D8FC;
					};
				};
			};
			buildConfigurationList = BC1160C72A2CFB820028D8FC /* Build configuration list for PBXProject "MusculosApp" */;
			compatibilityVersion = "Xcode 14.0";
			developmentRegion = en;
			hasScannedForEncodings = 0;
			knownRegions = (
				en,
				Base,
			);
			mainGroup = BC1160C32A2CFB820028D8FC;
			packageReferences = (
				BC6249732BEC20AC00393915 /* XCRemoteSwiftPackageReference "SwiftUI-Shimmer" */,
				BC828CDC2C02802500AB9D1D /* XCRemoteSwiftPackageReference "Factory" */,
				BCF648792C3C36CC00D1C46F /* XCLocalSwiftPackageReference "Models" */,
				BC545E462C3C730E00713B86 /* XCLocalSwiftPackageReference "Storage" */,
				BC569FD92C45965900F9C918 /* XCLocalSwiftPackageReference "Components" */,
				BCFC24C12C98FB9A00F28D7A /* XCLocalSwiftPackageReference "NetworkClient" */,
				BC08E99A2CA628B60082EDF8 /* XCLocalSwiftPackageReference "Utility" */,
				BCD0119A2CC174150012CEA0 /* XCLocalSwiftPackageReference "DataRepository" */,
			);
			productRefGroup = BC1160CD2A2CFB830028D8FC /* Products */;
			projectDirPath = "";
			projectRoot = "";
			targets = (
				BC1160CB2A2CFB830028D8FC /* MusculosApp */,
				BC1160E12A2CFB840028D8FC /* MusculosAppTests */,
			);
		};
/* End PBXProject section */

/* Begin PBXResourcesBuildPhase section */
		BC1160CA2A2CFB830028D8FC /* Resources */ = {
			isa = PBXResourcesBuildPhase;
			buildActionMask = 2147483647;
			files = (
				BC1160D72A2CFB830028D8FC /* Preview Assets.xcassets in Resources */,
				BC7827592B9CF1BE00DFC02C /* Inter-Bold.ttf in Resources */,
				BC78275D2B9CF1BE00DFC02C /* Inter-SemiBold.ttf in Resources */,
				BCBFBC3C2C70088D0022FE88 /* Poppins-Medium.ttf in Resources */,
				BCBFBC3D2C70088D0022FE88 /* Poppins-Light.ttf in Resources */,
				BCBFBC3E2C70088D0022FE88 /* Poppins-Regular.ttf in Resources */,
				BCBFBC3F2C70088D0022FE88 /* Poppins-SemiBold.ttf in Resources */,
				BCBFBC402C70088D0022FE88 /* Poppins-Bold.ttf in Resources */,
				BC7827602B9CF1F400DFC02C /* Epilogue-Bold.ttf in Resources */,
				BC78275C2B9CF1BE00DFC02C /* Inter-Regular.ttf in Resources */,
				BC78275E2B9CF1C200DFC02C /* Epilogue-Regular.ttf in Resources */,
				BC7827572B9CF1B100DFC02C /* Epilogue-Medium.ttf in Resources */,
				BC7827582B9CF1BE00DFC02C /* Inter-Thin.ttf in Resources */,
				BC78275B2B9CF1BE00DFC02C /* Inter-Medium.ttf in Resources */,
				BC0DA8942CA396FF0011EC63 /* LeagueSpartan-ExtraBold.ttf in Resources */,
				BC0DA8952CA396FF0011EC63 /* LeagueSpartan-Light.ttf in Resources */,
				BC0DA8962CA396FF0011EC63 /* LeagueSpartan-SemiBold.ttf in Resources */,
				BC0DA8972CA396FF0011EC63 /* LeagueSpartan-ExtraLight.ttf in Resources */,
				BC0DA8982CA396FF0011EC63 /* LeagueSpartan-Black.ttf in Resources */,
				BC0DA8992CA396FF0011EC63 /* LeagueSpartan-Medium.ttf in Resources */,
				BC0DA89A2CA396FF0011EC63 /* LeagueSpartan-Bold.ttf in Resources */,
				BC0DA89B2CA396FF0011EC63 /* LeagueSpartan-Regular.ttf in Resources */,
				BC78275A2B9CF1BE00DFC02C /* Inter-Light.ttf in Resources */,
				BC1160D42A2CFB830028D8FC /* Assets.xcassets in Resources */,
			);
			runOnlyForDeploymentPostprocessing = 0;
		};
		BC1160E02A2CFB840028D8FC /* Resources */ = {
			isa = PBXResourcesBuildPhase;
			buildActionMask = 2147483647;
			files = (
				BCD011982CC060F70012CEA0 /* exerciseSession.json in Resources */,
				BCD011962CC060470012CEA0 /* exerciseSessions.json in Resources */,
				BC684CCD2CCE944300349FB2 /* goal.json in Resources */,
				BC5BACD52ABA28A7003C880E /* exercises.json in Resources */,
				BCFA25BC2BB37B2900F07A67 /* authenticationResult.json in Resources */,
				BC684CCB2CCE797F00349FB2 /* goals.json in Resources */,
				BCD0118E2CC0437A0012CEA0 /* exerciseDetails.json in Resources */,
				BC5BACBB2AB270C2003C880E /* getMuscles.json in Resources */,
				BCD011922CC05A600012CEA0 /* userProfile.json in Resources */,
				BC5BACC32AB280C5003C880E /* getEquipment.json in Resources */,
				BCF1C9F62CCE75A4003DDD00 /* goalsTemplates.json in Resources */,
			);
			runOnlyForDeploymentPostprocessing = 0;
		};
/* End PBXResourcesBuildPhase section */

/* Begin PBXSourcesBuildPhase section */
		BC1160C82A2CFB830028D8FC /* Sources */ = {
			isa = PBXSourcesBuildPhase;
			buildActionMask = 2147483647;
			files = (
				BCD59AA82BB628220039F662 /* MultiOptionsSelectView.swift in Sources */,
				BC81E5CF2BD2F9350005891D /* AddExerciseView.swift in Sources */,
				BC0DA87B2CA392D00011EC63 /* ChallengesSection.swift in Sources */,
				BC583B0D2BA8C76500236C0D /* OnboardingWizardViewModel.swift in Sources */,
				BC781FFF2B9B6061009F9FB5 /* ScoreCard.swift in Sources */,
				BC10EB742C4D7D2B003AD519 /* NavigationRouter.swift in Sources */,
				BC828CE52C02924200AB9D1D /* WorkoutFlowViewModel.swift in Sources */,
				BC781FFC2B9B5E3E009F9FB5 /* ProfileView.swift in Sources */,
				BC81E5D32BD2FC730005891D /* SingleOptionSelectView.swift in Sources */,
				BCD59A952BB627CE0039F662 /* ExerciseContentLoadingView.swift in Sources */,
				BC7827642B9D1D1000DFC02C /* AuthViewModel.swift in Sources */,
				BC7820042B9B692E009F9FB5 /* HighlightCard.swift in Sources */,
				BC1674D42BE2F8F70012048D /* AddGoalSheetViewModel.swift in Sources */,
				BCBEBA342BF7C33D00FA4BF5 /* WorkoutCarousel.swift in Sources */,
				BC777EF32BA0F2E1001669C8 /* WorkoutListView.swift in Sources */,
				BCA24BFC2B6AB9AF00124EC3 /* SignInView.swift in Sources */,
				BC545E432C3C6AD400713B86 /* HealthKitManager.swift in Sources */,
				BC545E442C3C6AD400713B86 /* HealthKitViewModel.swift in Sources */,
				BCA24BFE2B6AD33200124EC3 /* UserStore.swift in Sources */,
				BC74C1B62C0107CA0021B932 /* WorkoutIntroView.swift in Sources */,
				BC0DA8792CA209D70011EC63 /* RecommendationSection.swift in Sources */,
				BCD59AA22BB627E60039F662 /* ExerciseCard.swift in Sources */,
				BC43D33B2B6EAD8D008C1062 /* ExerciseFilterViewModel.swift in Sources */,
				BCCA2C9A2C3C615600D4DEAD /* Container+Extension.swift in Sources */,
				BC655B052CB1615200C19E07 /* ProgressButton.swift in Sources */,
				BC0DA8A02CA5EACF0011EC63 /* RecommendationSection+SectionItemImage.swift in Sources */,
				BC655B032CB055B300C19E07 /* ExerciseCardStack.swift in Sources */,
				BC4E5D552CAC58070046ABEE /* EquipmentCard.swift in Sources */,
				BC1674B62BE2E73F0012048D /* AddGoalSheet.swift in Sources */,
				BC545E3E2C3C6A8F00713B86 /* EnvironmentValues+Extension.swift in Sources */,
				BC7820012B9B64F1009F9FB5 /* ScoreBadge.swift in Sources */,
				BC777F012BA127DC001669C8 /* AddActionSheetContainer.swift in Sources */,
				BC97C9322BA0D5D500AA07C4 /* AddActionSheet.swift in Sources */,
				BC811F722CA03A0E00C3CC01 /* GreetingHeader.swift in Sources */,
				BCD59AA92BB628220039F662 /* ExerciseSectionView.swift in Sources */,
				BC4078D42C02373E000DE280 /* WorkoutIcon.swift in Sources */,
				BCF9E5C22C9F4C0700841F2C /* HomeView.swift in Sources */,
				BCD59AAA2BB628220039F662 /* ExploreExerciseContentView.swift in Sources */,
				BC261AB82B6DA0EF0018E21F /* ExerciseFilterView.swift in Sources */,
				BC9A020E2C593ED5003C83A8 /* AuthView.swift in Sources */,
				BC655B012CB0497600C19E07 /* YourWorkoutSection.swift in Sources */,
				BC44CDB32CA77C9A007421C4 /* ExerciseListView.swift in Sources */,
				BCA24BEF2B69D3AE00124EC3 /* SplashView.swift in Sources */,
				BCD59A962BB627CE0039F662 /* SearchFilterField.swift in Sources */,
				BC6F365D2BB4E2A3000F6CFA /* CardItem.swift in Sources */,
				BCD59AB02BB628700039F662 /* AnimatedURLImageView.swift in Sources */,
				BC4E5D532CAB601F0046ABEE /* ExerciseSummarySection.swift in Sources */,
				BC1674B12BE26EBB0012048D /* AddDetailOptionCardView.swift in Sources */,
				BCD59A8E2BB627CE0039F662 /* ExploreExerciseView.swift in Sources */,
				BC606A6E2C221CBD00154781 /* SelectLevelView.swift in Sources */,
				BC811F742CA03AA600C3CC01 /* HomeViewModel.swift in Sources */,
				BCC46FF42C0E2E97006D76E2 /* PermissionsView.swift in Sources */,
				BC828CE32C028E9200AB9D1D /* ExerciseDetailsViewModel.swift in Sources */,
				BCA24C082B6AFF8200124EC3 /* OnboardingWizardView.swift in Sources */,
				BC4E5D572CAC61050046ABEE /* StarsRatingCard.swift in Sources */,
				BCEED79F2BFC0B96002A3656 /* WorkoutCard.swift in Sources */,
				BCA24C002B6AE68500124EC3 /* SignUpView.swift in Sources */,
				BCD59AA42BB627E60039F662 /* ProgressCard.swift in Sources */,
				BC1160D22A2CFB830028D8FC /* AppTabView.swift in Sources */,
				BC6F365A2BB4E14D000F6CFA /* AppLauncher.swift in Sources */,
				BC81E5D72BD3063B0005891D /* AddExerciseSheetViewModel.swift in Sources */,
				BCA24C0F2B6B2B5D00124EC3 /* SelectGoalView.swift in Sources */,
				BCD59AB12BB628700039F662 /* ExerciseDetailsView.swift in Sources */,
				BC777F042BA20901001669C8 /* AddWorkoutSheet.swift in Sources */,
				BC0DA8732CA1CE700011EC63 /* UserAvatar.swift in Sources */,
				BCB724BF2BC1EC43003F53EA /* AddWorkoutSheetViewModel.swift in Sources */,
				BC7888332BB9CADA005DF8CE /* ExerciseSectionsContentView.swift in Sources */,
				BCA24C0D2B6B14EE00124EC3 /* SelectSizeView.swift in Sources */,
				BC4078D62C02402E000DE280 /* WorkoutFlowView.swift in Sources */,
				BC1160D02A2CFB830028D8FC /* MusculosApp.swift in Sources */,
				BCD59AA32BB627E60039F662 /* DashboardHeaderCard.swift in Sources */,
				BC81E5CD2BD04FF20005891D /* ExploreExerciseViewModel.swift in Sources */,
				BCD59AAF2BB628700039F662 /* DetailCardView.swift in Sources */,
				BC81E5D12BD2F9D90005891D /* SheetNavBar.swift in Sources */,
				BCEED7A32BFC0C73002A3656 /* WorkoutListViewModel.swift in Sources */,
				BC1191912C24DF18004ADF04 /* InformationCard.swift in Sources */,
				BC0DA8752CA1FC310011EC63 /* FeaturedWorkoutsSection.swift in Sources */,
			);
			runOnlyForDeploymentPostprocessing = 0;
		};
		BC1160DE2A2CFB840028D8FC /* Sources */ = {
			isa = PBXSourcesBuildPhase;
			buildActionMask = 2147483647;
			files = (
				BCFC24CB2C9C87FD00F28D7A /* UserDataStoreTests.swift in Sources */,
				BCD011882CBDBE6A0012CEA0 /* ExerciseServiceTests.swift in Sources */,
				BCE19AC92C15E615005ABBF3 /* StubExerciseDataStore.swift in Sources */,
				BC5BACB72AB26F40003C880E /* MusculosTestBase.swift in Sources */,
				BCD011942CC05ED10012CEA0 /* ExerciseSessionServiceTests.swift in Sources */,
				BCFC24C72C9C7EBC00F28D7A /* GoalDataStoreTests.swift in Sources */,
				BCD011842CBD7B470012CEA0 /* ExerciseSessionDataStoreTests.swift in Sources */,
				BCFC24C92C9C837C00F28D7A /* ExerciseDataStoreTests.swift in Sources */,
				BCF1C9F82CCE7611003DDD00 /* GoalServiceTests.swift in Sources */,
				BCA600592C5BDE200063C5AB /* PublisherValueExpectation.swift in Sources */,
				BCD0118A2CC041480012CEA0 /* StubMusculosClient.swift in Sources */,
				BCD0118C2CC041880012CEA0 /* StubUserSessionManager.swift in Sources */,
				BC5BACBD2AB2769B003C880E /* MockURLProtocol.swift in Sources */,
				BCD011902CC055730012CEA0 /* UserServiceTests.swift in Sources */,
				BCF9E5C02C9EF3CC00841F2C /* MockUIApplication.swift in Sources */,
				BCC46FF92C0E3A7F006D76E2 /* StorageHelper.swift in Sources */,
			);
			runOnlyForDeploymentPostprocessing = 0;
		};
/* End PBXSourcesBuildPhase section */

/* Begin PBXTargetDependency section */
		BC1160E42A2CFB840028D8FC /* PBXTargetDependency */ = {
			isa = PBXTargetDependency;
			target = BC1160CB2A2CFB830028D8FC /* MusculosApp */;
			targetProxy = BC1160E32A2CFB840028D8FC /* PBXContainerItemProxy */;
		};
/* End PBXTargetDependency section */

/* Begin XCBuildConfiguration section */
		BC1160F42A2CFB840028D8FC /* Debug */ = {
			isa = XCBuildConfiguration;
			buildSettings = {
				ALWAYS_SEARCH_USER_PATHS = NO;
				CLANG_ANALYZER_NONNULL = YES;
				CLANG_ANALYZER_NUMBER_OBJECT_CONVERSION = YES_AGGRESSIVE;
				CLANG_CXX_LANGUAGE_STANDARD = "gnu++20";
				CLANG_ENABLE_MODULES = YES;
				CLANG_ENABLE_OBJC_ARC = YES;
				CLANG_ENABLE_OBJC_WEAK = YES;
				CLANG_WARN_BLOCK_CAPTURE_AUTORELEASING = YES;
				CLANG_WARN_BOOL_CONVERSION = YES;
				CLANG_WARN_COMMA = YES;
				CLANG_WARN_CONSTANT_CONVERSION = YES;
				CLANG_WARN_DEPRECATED_OBJC_IMPLEMENTATIONS = YES;
				CLANG_WARN_DIRECT_OBJC_ISA_USAGE = YES_ERROR;
				CLANG_WARN_DOCUMENTATION_COMMENTS = YES;
				CLANG_WARN_EMPTY_BODY = YES;
				CLANG_WARN_ENUM_CONVERSION = YES;
				CLANG_WARN_INFINITE_RECURSION = YES;
				CLANG_WARN_INT_CONVERSION = YES;
				CLANG_WARN_NON_LITERAL_NULL_CONVERSION = YES;
				CLANG_WARN_OBJC_IMPLICIT_RETAIN_SELF = YES;
				CLANG_WARN_OBJC_LITERAL_CONVERSION = YES;
				CLANG_WARN_OBJC_ROOT_CLASS = YES_ERROR;
				CLANG_WARN_QUOTED_INCLUDE_IN_FRAMEWORK_HEADER = YES;
				CLANG_WARN_RANGE_LOOP_ANALYSIS = YES;
				CLANG_WARN_STRICT_PROTOTYPES = YES;
				CLANG_WARN_SUSPICIOUS_MOVE = YES;
				CLANG_WARN_UNGUARDED_AVAILABILITY = YES_AGGRESSIVE;
				CLANG_WARN_UNREACHABLE_CODE = YES;
				CLANG_WARN__DUPLICATE_METHOD_MATCH = YES;
				COPY_PHASE_STRIP = NO;
				DEBUG_INFORMATION_FORMAT = dwarf;
				ENABLE_STRICT_OBJC_MSGSEND = YES;
				ENABLE_TESTABILITY = YES;
				ENABLE_USER_SCRIPT_SANDBOXING = YES;
				GCC_C_LANGUAGE_STANDARD = gnu11;
				GCC_DYNAMIC_NO_PIC = NO;
				GCC_NO_COMMON_BLOCKS = YES;
				GCC_OPTIMIZATION_LEVEL = 0;
				GCC_PREPROCESSOR_DEFINITIONS = (
					"DEBUG=1",
					"$(inherited)",
				);
				GCC_WARN_64_TO_32_BIT_CONVERSION = YES;
				GCC_WARN_ABOUT_RETURN_TYPE = YES_ERROR;
				GCC_WARN_UNDECLARED_SELECTOR = YES;
				GCC_WARN_UNINITIALIZED_AUTOS = YES_AGGRESSIVE;
				GCC_WARN_UNUSED_FUNCTION = YES;
				GCC_WARN_UNUSED_VARIABLE = YES;
				IPHONEOS_DEPLOYMENT_TARGET = 17.0;
				MTL_ENABLE_DEBUG_INFO = INCLUDE_SOURCE;
				MTL_FAST_MATH = YES;
				ONLY_ACTIVE_ARCH = YES;
				SDKROOT = iphoneos;
				SWIFT_ACTIVE_COMPILATION_CONDITIONS = DEBUG;
				SWIFT_OPTIMIZATION_LEVEL = "-Onone";
			};
			name = Debug;
		};
		BC1160F52A2CFB840028D8FC /* Release */ = {
			isa = XCBuildConfiguration;
			buildSettings = {
				ALWAYS_SEARCH_USER_PATHS = NO;
				CLANG_ANALYZER_NONNULL = YES;
				CLANG_ANALYZER_NUMBER_OBJECT_CONVERSION = YES_AGGRESSIVE;
				CLANG_CXX_LANGUAGE_STANDARD = "gnu++20";
				CLANG_ENABLE_MODULES = YES;
				CLANG_ENABLE_OBJC_ARC = YES;
				CLANG_ENABLE_OBJC_WEAK = YES;
				CLANG_WARN_BLOCK_CAPTURE_AUTORELEASING = YES;
				CLANG_WARN_BOOL_CONVERSION = YES;
				CLANG_WARN_COMMA = YES;
				CLANG_WARN_CONSTANT_CONVERSION = YES;
				CLANG_WARN_DEPRECATED_OBJC_IMPLEMENTATIONS = YES;
				CLANG_WARN_DIRECT_OBJC_ISA_USAGE = YES_ERROR;
				CLANG_WARN_DOCUMENTATION_COMMENTS = YES;
				CLANG_WARN_EMPTY_BODY = YES;
				CLANG_WARN_ENUM_CONVERSION = YES;
				CLANG_WARN_INFINITE_RECURSION = YES;
				CLANG_WARN_INT_CONVERSION = YES;
				CLANG_WARN_NON_LITERAL_NULL_CONVERSION = YES;
				CLANG_WARN_OBJC_IMPLICIT_RETAIN_SELF = YES;
				CLANG_WARN_OBJC_LITERAL_CONVERSION = YES;
				CLANG_WARN_OBJC_ROOT_CLASS = YES_ERROR;
				CLANG_WARN_QUOTED_INCLUDE_IN_FRAMEWORK_HEADER = YES;
				CLANG_WARN_RANGE_LOOP_ANALYSIS = YES;
				CLANG_WARN_STRICT_PROTOTYPES = YES;
				CLANG_WARN_SUSPICIOUS_MOVE = YES;
				CLANG_WARN_UNGUARDED_AVAILABILITY = YES_AGGRESSIVE;
				CLANG_WARN_UNREACHABLE_CODE = YES;
				CLANG_WARN__DUPLICATE_METHOD_MATCH = YES;
				COPY_PHASE_STRIP = NO;
				DEBUG_INFORMATION_FORMAT = "dwarf-with-dsym";
				ENABLE_NS_ASSERTIONS = NO;
				ENABLE_STRICT_OBJC_MSGSEND = YES;
				ENABLE_USER_SCRIPT_SANDBOXING = YES;
				GCC_C_LANGUAGE_STANDARD = gnu11;
				GCC_NO_COMMON_BLOCKS = YES;
				GCC_WARN_64_TO_32_BIT_CONVERSION = YES;
				GCC_WARN_ABOUT_RETURN_TYPE = YES_ERROR;
				GCC_WARN_UNDECLARED_SELECTOR = YES;
				GCC_WARN_UNINITIALIZED_AUTOS = YES_AGGRESSIVE;
				GCC_WARN_UNUSED_FUNCTION = YES;
				GCC_WARN_UNUSED_VARIABLE = YES;
				IPHONEOS_DEPLOYMENT_TARGET = 17.0;
				MTL_ENABLE_DEBUG_INFO = NO;
				MTL_FAST_MATH = YES;
				SDKROOT = iphoneos;
				SWIFT_COMPILATION_MODE = wholemodule;
				SWIFT_OPTIMIZATION_LEVEL = "-O";
				VALIDATE_PRODUCT = YES;
			};
			name = Release;
		};
		BC1160F72A2CFB840028D8FC /* Debug */ = {
			isa = XCBuildConfiguration;
			buildSettings = {
				ASSETCATALOG_COMPILER_APPICON_NAME = AppIcon;
				ASSETCATALOG_COMPILER_GLOBAL_ACCENT_COLOR_NAME = AccentColor;
				CODE_SIGN_ENTITLEMENTS = MusculosApp/MusculosAppDebug.entitlements;
				CODE_SIGN_IDENTITY = "iPhone Developer";
				CODE_SIGN_STYLE = Automatic;
				CURRENT_PROJECT_VERSION = 1;
				DEVELOPMENT_ASSET_PATHS = "\"MusculosApp/Preview Content\"";
				DEVELOPMENT_TEAM = 8JV792LAQ5;
				ENABLE_PREVIEWS = YES;
				GENERATE_INFOPLIST_FILE = YES;
				INFOPLIST_FILE = MusculosApp/Info.plist;
				INFOPLIST_KEY_LSApplicationCategoryType = "";
				INFOPLIST_KEY_NSHealthShareUsageDescription = "Allow read access to health data to configure your profile";
				INFOPLIST_KEY_NSHealthUpdateUsageDescription = "Allow write access to health data to save your progress";
				INFOPLIST_KEY_UIApplicationSceneManifest_Generation = YES;
				INFOPLIST_KEY_UIApplicationSupportsIndirectInputEvents = YES;
				INFOPLIST_KEY_UILaunchScreen_Generation = YES;
				INFOPLIST_KEY_UISupportedInterfaceOrientations_iPad = "UIInterfaceOrientationPortrait UIInterfaceOrientationPortraitUpsideDown UIInterfaceOrientationLandscapeLeft UIInterfaceOrientationLandscapeRight";
				INFOPLIST_KEY_UISupportedInterfaceOrientations_iPhone = "UIInterfaceOrientationPortrait UIInterfaceOrientationLandscapeLeft UIInterfaceOrientationLandscapeRight";
				INFOPLIST_KEY_UIUserInterfaceStyle = light;
				IPHONEOS_DEPLOYMENT_TARGET = 17.0;
				LD_RUNPATH_SEARCH_PATHS = (
					"$(inherited)",
					"@executable_path/Frameworks",
				);
				MARKETING_VERSION = 1.0;
				PRODUCT_BUNDLE_IDENTIFIER = com.hawk.MusculosApp;
				PRODUCT_NAME = "$(TARGET_NAME)";
				PROVISIONING_PROFILE_SPECIFIER = "";
				SWIFT_EMIT_LOC_STRINGS = YES;
				SWIFT_STRICT_CONCURRENCY = complete;
				SWIFT_VERSION = 5.0;
				TARGETED_DEVICE_FAMILY = "1,2";
			};
			name = Debug;
		};
		BC1160F82A2CFB840028D8FC /* Release */ = {
			isa = XCBuildConfiguration;
			buildSettings = {
				ASSETCATALOG_COMPILER_APPICON_NAME = AppIcon;
				ASSETCATALOG_COMPILER_GLOBAL_ACCENT_COLOR_NAME = AccentColor;
				CODE_SIGN_ENTITLEMENTS = MusculosApp/MusculosApp.entitlements;
				CODE_SIGN_IDENTITY = "iPhone Developer";
				CODE_SIGN_STYLE = Automatic;
				CURRENT_PROJECT_VERSION = 1;
				DEVELOPMENT_ASSET_PATHS = "\"MusculosApp/Preview Content\"";
				DEVELOPMENT_TEAM = 8JV792LAQ5;
				ENABLE_PREVIEWS = YES;
				GENERATE_INFOPLIST_FILE = YES;
				INFOPLIST_FILE = MusculosApp/Info.plist;
				INFOPLIST_KEY_LSApplicationCategoryType = "";
				INFOPLIST_KEY_NSHealthShareUsageDescription = "Allow read access to health data to configure your profile";
				INFOPLIST_KEY_NSHealthUpdateUsageDescription = "Allow write access to health data to save your progress";
				INFOPLIST_KEY_UIApplicationSceneManifest_Generation = YES;
				INFOPLIST_KEY_UIApplicationSupportsIndirectInputEvents = YES;
				INFOPLIST_KEY_UILaunchScreen_Generation = YES;
				INFOPLIST_KEY_UISupportedInterfaceOrientations_iPad = "UIInterfaceOrientationPortrait UIInterfaceOrientationPortraitUpsideDown UIInterfaceOrientationLandscapeLeft UIInterfaceOrientationLandscapeRight";
				INFOPLIST_KEY_UISupportedInterfaceOrientations_iPhone = "UIInterfaceOrientationPortrait UIInterfaceOrientationLandscapeLeft UIInterfaceOrientationLandscapeRight";
				INFOPLIST_KEY_UIUserInterfaceStyle = light;
				IPHONEOS_DEPLOYMENT_TARGET = 17.0;
				LD_RUNPATH_SEARCH_PATHS = (
					"$(inherited)",
					"@executable_path/Frameworks",
				);
				MARKETING_VERSION = 1.0;
				PRODUCT_BUNDLE_IDENTIFIER = com.hawk.MusculosApp;
				PRODUCT_NAME = "$(TARGET_NAME)";
				PROVISIONING_PROFILE_SPECIFIER = "";
				SWIFT_EMIT_LOC_STRINGS = YES;
				SWIFT_STRICT_CONCURRENCY = complete;
				SWIFT_VERSION = 5.0;
				TARGETED_DEVICE_FAMILY = "1,2";
			};
			name = Release;
		};
		BC1160FA2A2CFB840028D8FC /* Debug */ = {
			isa = XCBuildConfiguration;
			buildSettings = {
				ALWAYS_EMBED_SWIFT_STANDARD_LIBRARIES = YES;
				BUNDLE_LOADER = "$(TEST_HOST)";
				CODE_SIGN_STYLE = Automatic;
				CURRENT_PROJECT_VERSION = 1;
				DEVELOPMENT_TEAM = 8JV792LAQ5;
				GENERATE_INFOPLIST_FILE = YES;
				IPHONEOS_DEPLOYMENT_TARGET = 17.0;
				MARKETING_VERSION = 1.0;
				PRODUCT_BUNDLE_IDENTIFIER = com.hawk.MusculosAppTests;
				PRODUCT_NAME = "$(TARGET_NAME)";
				SWIFT_EMIT_LOC_STRINGS = NO;
				SWIFT_VERSION = 5.0;
				TARGETED_DEVICE_FAMILY = "1,2";
				TEST_HOST = "$(BUILT_PRODUCTS_DIR)/MusculosApp.app/$(BUNDLE_EXECUTABLE_FOLDER_PATH)/MusculosApp";
			};
			name = Debug;
		};
		BC1160FB2A2CFB840028D8FC /* Release */ = {
			isa = XCBuildConfiguration;
			buildSettings = {
				ALWAYS_EMBED_SWIFT_STANDARD_LIBRARIES = YES;
				BUNDLE_LOADER = "$(TEST_HOST)";
				CODE_SIGN_STYLE = Automatic;
				CURRENT_PROJECT_VERSION = 1;
				DEVELOPMENT_TEAM = 8JV792LAQ5;
				GENERATE_INFOPLIST_FILE = YES;
				IPHONEOS_DEPLOYMENT_TARGET = 17.0;
				MARKETING_VERSION = 1.0;
				PRODUCT_BUNDLE_IDENTIFIER = com.hawk.MusculosAppTests;
				PRODUCT_NAME = "$(TARGET_NAME)";
				SWIFT_EMIT_LOC_STRINGS = NO;
				SWIFT_VERSION = 5.0;
				TARGETED_DEVICE_FAMILY = "1,2";
				TEST_HOST = "$(BUILT_PRODUCTS_DIR)/MusculosApp.app/$(BUNDLE_EXECUTABLE_FOLDER_PATH)/MusculosApp";
			};
			name = Release;
		};
/* End XCBuildConfiguration section */

/* Begin XCConfigurationList section */
		BC1160C72A2CFB820028D8FC /* Build configuration list for PBXProject "MusculosApp" */ = {
			isa = XCConfigurationList;
			buildConfigurations = (
				BC1160F42A2CFB840028D8FC /* Debug */,
				BC1160F52A2CFB840028D8FC /* Release */,
			);
			defaultConfigurationIsVisible = 0;
			defaultConfigurationName = Release;
		};
		BC1160F62A2CFB840028D8FC /* Build configuration list for PBXNativeTarget "MusculosApp" */ = {
			isa = XCConfigurationList;
			buildConfigurations = (
				BC1160F72A2CFB840028D8FC /* Debug */,
				BC1160F82A2CFB840028D8FC /* Release */,
			);
			defaultConfigurationIsVisible = 0;
			defaultConfigurationName = Release;
		};
		BC1160F92A2CFB840028D8FC /* Build configuration list for PBXNativeTarget "MusculosAppTests" */ = {
			isa = XCConfigurationList;
			buildConfigurations = (
				BC1160FA2A2CFB840028D8FC /* Debug */,
				BC1160FB2A2CFB840028D8FC /* Release */,
			);
			defaultConfigurationIsVisible = 0;
			defaultConfigurationName = Release;
		};
/* End XCConfigurationList section */

/* Begin XCLocalSwiftPackageReference section */
		BC08E99A2CA628B60082EDF8 /* XCLocalSwiftPackageReference "Utility" */ = {
			isa = XCLocalSwiftPackageReference;
			relativePath = Utility;
		};
		BC545E462C3C730E00713B86 /* XCLocalSwiftPackageReference "Storage" */ = {
			isa = XCLocalSwiftPackageReference;
			relativePath = Storage;
		};
		BC569FD92C45965900F9C918 /* XCLocalSwiftPackageReference "Components" */ = {
			isa = XCLocalSwiftPackageReference;
			relativePath = Components;
		};
		BCD0119A2CC174150012CEA0 /* XCLocalSwiftPackageReference "DataRepository" */ = {
			isa = XCLocalSwiftPackageReference;
			relativePath = DataRepository;
		};
		BCF648792C3C36CC00D1C46F /* XCLocalSwiftPackageReference "Models" */ = {
			isa = XCLocalSwiftPackageReference;
			relativePath = Models;
		};
		BCFC24C12C98FB9A00F28D7A /* XCLocalSwiftPackageReference "NetworkClient" */ = {
			isa = XCLocalSwiftPackageReference;
			relativePath = NetworkClient;
		};
/* End XCLocalSwiftPackageReference section */

/* Begin XCRemoteSwiftPackageReference section */
		BC6249732BEC20AC00393915 /* XCRemoteSwiftPackageReference "SwiftUI-Shimmer" */ = {
			isa = XCRemoteSwiftPackageReference;
			repositoryURL = "https://github.com/markiv/SwiftUI-Shimmer";
			requirement = {
				kind = exactVersion;
				version = 1.4.2;
			};
		};
		BC828CDC2C02802500AB9D1D /* XCRemoteSwiftPackageReference "Factory" */ = {
			isa = XCRemoteSwiftPackageReference;
			repositoryURL = "https://github.com/hmlongco/Factory";
			requirement = {
				kind = exactVersion;
				version = 2.3.2;
			};
		};
/* End XCRemoteSwiftPackageReference section */

/* Begin XCSwiftPackageProductDependency section */
		BC08E99B2CA628B60082EDF8 /* Utility */ = {
			isa = XCSwiftPackageProductDependency;
			productName = Utility;
		};
		BC545E472C3C730E00713B86 /* Storage */ = {
			isa = XCSwiftPackageProductDependency;
			productName = Storage;
		};
		BC569FDA2C45965900F9C918 /* Components */ = {
			isa = XCSwiftPackageProductDependency;
			productName = Components;
		};
		BC6249742BEC20BB00393915 /* Shimmer */ = {
			isa = XCSwiftPackageProductDependency;
			package = BC6249732BEC20AC00393915 /* XCRemoteSwiftPackageReference "SwiftUI-Shimmer" */;
			productName = Shimmer;
		};
		BC828CDD2C02802500AB9D1D /* Factory */ = {
			isa = XCSwiftPackageProductDependency;
			package = BC828CDC2C02802500AB9D1D /* XCRemoteSwiftPackageReference "Factory" */;
			productName = Factory;
		};
		BCD0119B2CC174150012CEA0 /* DataRepository */ = {
			isa = XCSwiftPackageProductDependency;
			productName = DataRepository;
		};
		BCF6487A2C3C36CC00D1C46F /* Models */ = {
			isa = XCSwiftPackageProductDependency;
			productName = Models;
		};
		BCFC24C22C98FB9A00F28D7A /* NetworkClient */ = {
			isa = XCSwiftPackageProductDependency;
			productName = NetworkClient;
		};
/* End XCSwiftPackageProductDependency section */
	};
	rootObject = BC1160C42A2CFB820028D8FC /* Project object */;
}
