// !$*UTF8*$!
{
	archiveVersion = 1;
	classes = {
	};
	objectVersion = 56;
	objects = {

/* Begin PBXBuildFile section */
		BC0170FA2AE9A355005876EE /* ChallengeExerciseView.swift in Sources */ = {isa = PBXBuildFile; fileRef = BC0170F92AE9A355005876EE /* ChallengeExerciseView.swift */; };
		BC0170FC2AE9B7A9005876EE /* CircleTimerView.swift in Sources */ = {isa = PBXBuildFile; fileRef = BC0170FB2AE9B7A9005876EE /* CircleTimerView.swift */; };
		BC0170FE2AE9B948005876EE /* CircleTimerViewModel.swift in Sources */ = {isa = PBXBuildFile; fileRef = BC0170FD2AE9B948005876EE /* CircleTimerViewModel.swift */; };
		BC0171012AEC3E0A005876EE /* CongratulationView.swift in Sources */ = {isa = PBXBuildFile; fileRef = BC0171002AEC3E0A005876EE /* CongratulationView.swift */; };
		BC0171042AEC64B8005876EE /* MockConstants.swift in Sources */ = {isa = PBXBuildFile; fileRef = BC0171032AEC64B8005876EE /* MockConstants.swift */; };
		BC0171092AEC6A71005876EE /* HomeView.swift in Sources */ = {isa = PBXBuildFile; fileRef = BC0171082AEC6A71005876EE /* HomeView.swift */; };
		BC01710B2AEC6DBD005876EE /* PersonAvatarCircle.swift in Sources */ = {isa = PBXBuildFile; fileRef = BC01710A2AEC6DBD005876EE /* PersonAvatarCircle.swift */; };
		BC01710D2AEC6FDF005876EE /* GreenGrassButton.swift in Sources */ = {isa = PBXBuildFile; fileRef = BC01710C2AEC6FDF005876EE /* GreenGrassButton.swift */; };
		BC0E9C472A7D70E7009DFC4B /* CustomTabBarButton.swift in Sources */ = {isa = PBXBuildFile; fileRef = BC0E9C462A7D70E7009DFC4B /* CustomTabBarButton.swift */; };
		BC1160D02A2CFB830028D8FC /* MusculosApp.swift in Sources */ = {isa = PBXBuildFile; fileRef = BC1160CF2A2CFB830028D8FC /* MusculosApp.swift */; };
		BC1160D22A2CFB830028D8FC /* ContentView.swift in Sources */ = {isa = PBXBuildFile; fileRef = BC1160D12A2CFB830028D8FC /* ContentView.swift */; };
		BC1160D42A2CFB830028D8FC /* Assets.xcassets in Resources */ = {isa = PBXBuildFile; fileRef = BC1160D32A2CFB830028D8FC /* Assets.xcassets */; };
		BC1160D72A2CFB830028D8FC /* Preview Assets.xcassets in Resources */ = {isa = PBXBuildFile; fileRef = BC1160D62A2CFB830028D8FC /* Preview Assets.xcassets */; };
		BC1160E72A2CFB840028D8FC /* MusculosAppTests.swift in Sources */ = {isa = PBXBuildFile; fileRef = BC1160E62A2CFB840028D8FC /* MusculosAppTests.swift */; };
		BC1160F12A2CFB840028D8FC /* MusculosAppUITests.swift in Sources */ = {isa = PBXBuildFile; fileRef = BC1160F02A2CFB840028D8FC /* MusculosAppUITests.swift */; };
		BC1160F32A2CFB840028D8FC /* MusculosAppUITestsLaunchTests.swift in Sources */ = {isa = PBXBuildFile; fileRef = BC1160F22A2CFB840028D8FC /* MusculosAppUITestsLaunchTests.swift */; };
		BC11BC5A2A7D74CB00D96440 /* TabBarItem.swift in Sources */ = {isa = PBXBuildFile; fileRef = BC11BC592A7D74CB00D96440 /* TabBarItem.swift */; };
		BC182ECA2A589A81003DEA30 /* MusculosDataStore.xcdatamodeld in Sources */ = {isa = PBXBuildFile; fileRef = BC182EC82A589A81003DEA30 /* MusculosDataStore.xcdatamodeld */; };
		BC182ECD2A589BE7003DEA30 /* CoreDataStack.swift in Sources */ = {isa = PBXBuildFile; fileRef = BC182ECC2A589BE7003DEA30 /* CoreDataStack.swift */; };
		BC352AEB2A32713300DAA3AB /* MusculosError.swift in Sources */ = {isa = PBXBuildFile; fileRef = BC352AEA2A32713300DAA3AB /* MusculosError.swift */; };
		BC352AED2A32774600DAA3AB /* MusculosClient.swift in Sources */ = {isa = PBXBuildFile; fileRef = BC352AEC2A32774600DAA3AB /* MusculosClient.swift */; };
		BC352AF02A327E3300DAA3AB /* AuthenticationView.swift in Sources */ = {isa = PBXBuildFile; fileRef = BC352AEF2A327E3300DAA3AB /* AuthenticationView.swift */; };
		BC372A632AC06AF300F67D19 /* FLAnimatedImage in Frameworks */ = {isa = PBXBuildFile; productRef = BC372A622AC06AF300F67D19 /* FLAnimatedImage */; };
		BC372A652AC06B0100F67D19 /* GIFView.swift in Sources */ = {isa = PBXBuildFile; fileRef = BC372A642AC06B0100F67D19 /* GIFView.swift */; };
		BC372A672AC06D9200F67D19 /* ExerciseViewModel.swift in Sources */ = {isa = PBXBuildFile; fileRef = BC372A662AC06D9200F67D19 /* ExerciseViewModel.swift */; };
		BC3FB0EA2A85552C00C3F9B1 /* TabBarItemsPreferenceKey.swift in Sources */ = {isa = PBXBuildFile; fileRef = BC3FB0E92A85552C00C3F9B1 /* TabBarItemsPreferenceKey.swift */; };
		BC3FB0EC2A85565400C3F9B1 /* View+Extension.swift in Sources */ = {isa = PBXBuildFile; fileRef = BC3FB0EB2A85565400C3F9B1 /* View+Extension.swift */; };
		BC3FB0EE2A855D7E00C3F9B1 /* TabBarItemViewModifier.swift in Sources */ = {isa = PBXBuildFile; fileRef = BC3FB0ED2A855D7E00C3F9B1 /* TabBarItemViewModifier.swift */; };
		BC3FB0F62A87051700C3F9B1 /* WorkoutFiltersView.swift in Sources */ = {isa = PBXBuildFile; fileRef = BC3FB0F52A87051700C3F9B1 /* WorkoutFiltersView.swift */; };
		BC3FB0F82A89418E00C3F9B1 /* ButtonHorizontalContainerView.swift in Sources */ = {isa = PBXBuildFile; fileRef = BC3FB0F72A89418E00C3F9B1 /* ButtonHorizontalContainerView.swift */; };
		BC3FB0FB2A899A8500C3F9B1 /* EqualWidthHStack.swift in Sources */ = {isa = PBXBuildFile; fileRef = BC3FB0FA2A899A8500C3F9B1 /* EqualWidthHStack.swift */; };
		BC3FB0FD2A899F7C00C3F9B1 /* WorkoutFiltersViewModel.swift in Sources */ = {isa = PBXBuildFile; fileRef = BC3FB0FC2A899F7C00C3F9B1 /* WorkoutFiltersViewModel.swift */; };
		BC3FB0FF2A89A3E700C3F9B1 /* SliderView.swift in Sources */ = {isa = PBXBuildFile; fileRef = BC3FB0FE2A89A3E700C3F9B1 /* SliderView.swift */; };
		BC3FB1012A89A87400C3F9B1 /* DarkButton.swift in Sources */ = {isa = PBXBuildFile; fileRef = BC3FB1002A89A87400C3F9B1 /* DarkButton.swift */; };
		BC3FB1042A89C56800C3F9B1 /* ExerciseView.swift in Sources */ = {isa = PBXBuildFile; fileRef = BC3FB1032A89C56800C3F9B1 /* ExerciseView.swift */; };
		BC4326812AFC017900A2D5A1 /* ExerciseFeedView.swift in Sources */ = {isa = PBXBuildFile; fileRef = BC4326802AFC017900A2D5A1 /* ExerciseFeedView.swift */; };
		BC4326832AFC027200A2D5A1 /* SocialFeedViewModel.swift in Sources */ = {isa = PBXBuildFile; fileRef = BC4326822AFC027200A2D5A1 /* SocialFeedViewModel.swift */; };
		BC5834182B1BFBCF00BD7690 /* Functions in Frameworks */ = {isa = PBXBuildFile; productRef = BC5834172B1BFBCF00BD7690 /* Functions */; };
		BC58341A2B1BFBCF00BD7690 /* GoTrue in Frameworks */ = {isa = PBXBuildFile; productRef = BC5834192B1BFBCF00BD7690 /* GoTrue */; };
		BC58341C2B1BFBCF00BD7690 /* PostgREST in Frameworks */ = {isa = PBXBuildFile; productRef = BC58341B2B1BFBCF00BD7690 /* PostgREST */; };
		BC58341E2B1BFBCF00BD7690 /* Realtime in Frameworks */ = {isa = PBXBuildFile; productRef = BC58341D2B1BFBCF00BD7690 /* Realtime */; };
		BC5834202B1BFBCF00BD7690 /* Storage in Frameworks */ = {isa = PBXBuildFile; productRef = BC58341F2B1BFBCF00BD7690 /* Storage */; };
		BC5834222B1BFBCF00BD7690 /* Supabase in Frameworks */ = {isa = PBXBuildFile; productRef = BC5834212B1BFBCF00BD7690 /* Supabase */; };
		BC5834242B1C00AA00BD7690 /* SupabaseWrapper.swift in Sources */ = {isa = PBXBuildFile; fileRef = BC5834232B1C00AA00BD7690 /* SupabaseWrapper.swift */; };
		BC5924FF2A5C527F000F1941 /* ButtonHorizontalStackView.swift in Sources */ = {isa = PBXBuildFile; fileRef = BC5924FE2A5C527F000F1941 /* ButtonHorizontalStackView.swift */; };
		BC5925012A5C8B72000F1941 /* String+Extension.swift in Sources */ = {isa = PBXBuildFile; fileRef = BC5925002A5C8B72000F1941 /* String+Extension.swift */; };
		BC59720A2A35075800EBB075 /* TransparentContainerView.swift in Sources */ = {isa = PBXBuildFile; fileRef = BC5972092A35075800EBB075 /* TransparentContainerView.swift */; };
		BC59720C2A3507F500EBB075 /* HearTipView.swift in Sources */ = {isa = PBXBuildFile; fileRef = BC59720B2A3507F500EBB075 /* HearTipView.swift */; };
		BC5972112A351B0F00EBB075 /* PrimaryButton.swift in Sources */ = {isa = PBXBuildFile; fileRef = BC5972102A351B0F00EBB075 /* PrimaryButton.swift */; };
		BC5BAC842AB1072B003C880E /* ExerciseModule.swift in Sources */ = {isa = PBXBuildFile; fileRef = BC5BAC832AB1072B003C880E /* ExerciseModule.swift */; };
		BC5BAC882AB111C1003C880E /* WorkoutManager.swift in Sources */ = {isa = PBXBuildFile; fileRef = BC5BAC872AB111C1003C880E /* WorkoutManager.swift */; };
		BC5BAC8A2AB221FC003C880E /* MusculosLogger.swift in Sources */ = {isa = PBXBuildFile; fileRef = BC5BAC892AB221FC003C880E /* MusculosLogger.swift */; };
		BC5BACA52AB26CF3003C880E /* CoreDataStack.swift in Sources */ = {isa = PBXBuildFile; fileRef = BC182ECC2A589BE7003DEA30 /* CoreDataStack.swift */; };
		BC5BACAC2AB26D65003C880E /* MusculosLogger.swift in Sources */ = {isa = PBXBuildFile; fileRef = BC5BAC892AB221FC003C880E /* MusculosLogger.swift */; };
		BC5BACB72AB26F40003C880E /* XCTestCase+Extension.swift in Sources */ = {isa = PBXBuildFile; fileRef = BC5BACB62AB26F40003C880E /* XCTestCase+Extension.swift */; };
		BC5BACBB2AB270C2003C880E /* getMuscles.json in Resources */ = {isa = PBXBuildFile; fileRef = BC5BACBA2AB270C2003C880E /* getMuscles.json */; };
		BC5BACBD2AB2769B003C880E /* MockURLProtocol.swift in Sources */ = {isa = PBXBuildFile; fileRef = BC5BACBC2AB2769B003C880E /* MockURLProtocol.swift */; };
		BC5BACC32AB280C5003C880E /* getEquipment.json in Resources */ = {isa = PBXBuildFile; fileRef = BC5BACC22AB280C5003C880E /* getEquipment.json */; };
		BC5BACC52AB29C03003C880E /* CoreDataTestStack.swift in Sources */ = {isa = PBXBuildFile; fileRef = BC5BACC42AB29C03003C880E /* CoreDataTestStack.swift */; };
		BC5BACC72AB29E07003C880E /* WorkoutManagerTests.swift in Sources */ = {isa = PBXBuildFile; fileRef = BC5BACC62AB29E07003C880E /* WorkoutManagerTests.swift */; };
		BC5BACCA2AB3CA2A003C880E /* NSManagedObjectContext+Extension.swift in Sources */ = {isa = PBXBuildFile; fileRef = BC5BACC92AB3CA2A003C880E /* NSManagedObjectContext+Extension.swift */; };
		BC5BACCB2AB3D44E003C880E /* NSManagedObjectContext+Extension.swift in Sources */ = {isa = PBXBuildFile; fileRef = BC5BACC92AB3CA2A003C880E /* NSManagedObjectContext+Extension.swift */; };
		BC5BACCC2AB9270E003C880E /* MusculosDataStore.xcdatamodeld in Resources */ = {isa = PBXBuildFile; fileRef = BC182EC82A589A81003DEA30 /* MusculosDataStore.xcdatamodeld */; };
		BC5BACCF2ABA16FE003C880E /* EntityPlugin.swift in Sources */ = {isa = PBXBuildFile; fileRef = BC5BACCE2ABA16FE003C880E /* EntityPlugin.swift */; };
		BC5BACD02ABA1950003C880E /* EntityPlugin.swift in Sources */ = {isa = PBXBuildFile; fileRef = BC5BACCE2ABA16FE003C880E /* EntityPlugin.swift */; };
		BC5BACD52ABA28A7003C880E /* getExercises.json in Resources */ = {isa = PBXBuildFile; fileRef = BC5BACD42ABA28A7003C880E /* getExercises.json */; };
		BC5BACD72ABA403F003C880E /* ExerciseFeedViewModel.swift in Sources */ = {isa = PBXBuildFile; fileRef = BC5BACD62ABA403F003C880E /* ExerciseFeedViewModel.swift */; };
		BC5BACD92ABB6694003C880E /* ExerciseModuleTests.swift in Sources */ = {isa = PBXBuildFile; fileRef = BC5BACD82ABB6694003C880E /* ExerciseModuleTests.swift */; };
		BC5BACDC2ABB75AA003C880E /* AnatomyOverlayView.swift in Sources */ = {isa = PBXBuildFile; fileRef = BC5BACDB2ABB75AA003C880E /* AnatomyOverlayView.swift */; };
		BC5C56EE2AC348EF00AFDBFE /* StringHolder+CoreDataClass.swift in Sources */ = {isa = PBXBuildFile; fileRef = BC5C56EC2AC348EF00AFDBFE /* StringHolder+CoreDataClass.swift */; };
		BC5C56EF2AC348EF00AFDBFE /* StringHolder+CoreDataProperties.swift in Sources */ = {isa = PBXBuildFile; fileRef = BC5C56ED2AC348EF00AFDBFE /* StringHolder+CoreDataProperties.swift */; };
		BC63A59D2AC264DB006B1894 /* Exercise.swift in Sources */ = {isa = PBXBuildFile; fileRef = BC63A59C2AC264DB006B1894 /* Exercise.swift */; };
		BC63A5A42AC33896006B1894 /* MuscleData.swift in Sources */ = {isa = PBXBuildFile; fileRef = BC63A5A32AC33896006B1894 /* MuscleData.swift */; };
		BC6DE1BF2A770FAE006AE28C /* CustomTabBarContainerView.swift in Sources */ = {isa = PBXBuildFile; fileRef = BC6DE1BE2A770FAE006AE28C /* CustomTabBarContainerView.swift */; };
		BC7777362A5DE3CD009A452A /* MiniCardView.swift in Sources */ = {isa = PBXBuildFile; fileRef = BC7777352A5DE3CD009A452A /* MiniCardView.swift */; };
		BC7777382A5DEBE7009A452A /* MiniCardWheelView.swift in Sources */ = {isa = PBXBuildFile; fileRef = BC7777372A5DEBE7009A452A /* MiniCardWheelView.swift */; };
		BC8E86DD2AED2DB9008E3CE4 /* UIImage+Extension.swift in Sources */ = {isa = PBXBuildFile; fileRef = BC8E86DC2AED2DB9008E3CE4 /* UIImage+Extension.swift */; };
		BC8E86E02AED2F21008E3CE4 /* EnvironmentValues+Extension.swift in Sources */ = {isa = PBXBuildFile; fileRef = BC8E86DF2AED2F21008E3CE4 /* EnvironmentValues+Extension.swift */; };
		BC8E86E32AED2F56008E3CE4 /* MainWndowSizeKey.swift in Sources */ = {isa = PBXBuildFile; fileRef = BC8E86E22AED2F56008E3CE4 /* MainWndowSizeKey.swift */; };
		BC96C2F82AC3665400F11CAB /* SwiftyGif in Frameworks */ = {isa = PBXBuildFile; productRef = BC96C2F72AC3665400F11CAB /* SwiftyGif */; };
		BC96C2FB2AC8310500F11CAB /* SelectMuscleView.swift in Sources */ = {isa = PBXBuildFile; fileRef = BC96C2FA2AC8310500F11CAB /* SelectMuscleView.swift */; };
		BC96C2FD2AC83B1C00F11CAB /* Array+Extension.swift in Sources */ = {isa = PBXBuildFile; fileRef = BC96C2FC2AC83B1C00F11CAB /* Array+Extension.swift */; };
		BC96C3012AD0B6F200F11CAB /* ExerciseManagedObject+CoreDataClass.swift in Sources */ = {isa = PBXBuildFile; fileRef = BC96C2FF2AD0B6F200F11CAB /* ExerciseManagedObject+CoreDataClass.swift */; };
		BC96C3022AD0B6F200F11CAB /* ExerciseManagedObject+CoreDataProperties.swift in Sources */ = {isa = PBXBuildFile; fileRef = BC96C3002AD0B6F200F11CAB /* ExerciseManagedObject+CoreDataProperties.swift */; };
		BC9937222B64199A0067E556 /* AppConstants.swift in Sources */ = {isa = PBXBuildFile; fileRef = BC9937212B64199A0067E556 /* AppConstants.swift */; };
		BC9937242B6426300067E556 /* Config.xcconfig in Resources */ = {isa = PBXBuildFile; fileRef = BC9937232B6426300067E556 /* Config.xcconfig */; };
		BC9937292B6441D90067E556 /* ExerciseResourceManager.swift in Sources */ = {isa = PBXBuildFile; fileRef = BC9937282B6441D90067E556 /* ExerciseResourceManager.swift */; };
		BCA87E592AE83B3800453E4B /* ChallengeView.swift in Sources */ = {isa = PBXBuildFile; fileRef = BCA87E582AE83B3800453E4B /* ChallengeView.swift */; };
		BCA87E5C2AE8606F00453E4B /* Challenge.swift in Sources */ = {isa = PBXBuildFile; fileRef = BCA87E5B2AE8606F00453E4B /* Challenge.swift */; };
		BCA87E5F2AE865A600453E4B /* Person.swift in Sources */ = {isa = PBXBuildFile; fileRef = BCA87E5E2AE865A600453E4B /* Person.swift */; };
		BCB6BF4F2AFAE84B00B6CBCE /* URL+Extension.swift in Sources */ = {isa = PBXBuildFile; fileRef = BCB6BF4E2AFAE84B00B6CBCE /* URL+Extension.swift */; };
		BCB6BF522AFBF7FF00B6CBCE /* SocialFeedView.swift in Sources */ = {isa = PBXBuildFile; fileRef = BCB6BF512AFBF7FF00B6CBCE /* SocialFeedView.swift */; };
		BCB6BF552AFBFB8D00B6CBCE /* FeedCardView.swift in Sources */ = {isa = PBXBuildFile; fileRef = BCB6BF542AFBFB8D00B6CBCE /* FeedCardView.swift */; };
		BCCBEC6A2AD75E20002F5E41 /* AddExerciseView.swift in Sources */ = {isa = PBXBuildFile; fileRef = BCCBEC692AD75E20002F5E41 /* AddExerciseView.swift */; };
		BCCBEC722AD85158002F5E41 /* CustomTextFieldView.swift in Sources */ = {isa = PBXBuildFile; fileRef = BCCBEC712AD85158002F5E41 /* CustomTextFieldView.swift */; };
		BCCBEC782AD89505002F5E41 /* DynamicTextFieldListView.swift in Sources */ = {isa = PBXBuildFile; fileRef = BCCBEC772AD89505002F5E41 /* DynamicTextFieldListView.swift */; };
		BCCE85E22A328629001BEE8B /* AuthenticationViewModel.swift in Sources */ = {isa = PBXBuildFile; fileRef = BCCE85E12A328629001BEE8B /* AuthenticationViewModel.swift */; };
		BCCE85E42A33D376001BEE8B /* APIEndpoint.swift in Sources */ = {isa = PBXBuildFile; fileRef = BCCE85E32A33D376001BEE8B /* APIEndpoint.swift */; };
		BCCE85E62A33D658001BEE8B /* AuthenticationModule.swift in Sources */ = {isa = PBXBuildFile; fileRef = BCCE85E52A33D658001BEE8B /* AuthenticationModule.swift */; };
		BCCE85E92A33D7B5001BEE8B /* Encodable+Extension.swift in Sources */ = {isa = PBXBuildFile; fileRef = BCCE85E82A33D7B5001BEE8B /* Encodable+Extension.swift */; };
		BCCE85EB2A33DCA6001BEE8B /* UserDefaultsWrapper.swift in Sources */ = {isa = PBXBuildFile; fileRef = BCCE85EA2A33DCA6001BEE8B /* UserDefaultsWrapper.swift */; };
		BCCE85ED2A35008C001BEE8B /* Color+Extension.swift in Sources */ = {isa = PBXBuildFile; fileRef = BCCE85EC2A35008C001BEE8B /* Color+Extension.swift */; };
		BCD372452A57366900C0F161 /* HorizontalPickerViewController.swift in Sources */ = {isa = PBXBuildFile; fileRef = BCD372442A57366900C0F161 /* HorizontalPickerViewController.swift */; };
		BCD372472A5736EE00C0F161 /* HorizontalPickerViewCell.swift in Sources */ = {isa = PBXBuildFile; fileRef = BCD372462A5736EE00C0F161 /* HorizontalPickerViewCell.swift */; };
		BCD372492A57410800C0F161 /* HorizontalPicker.swift in Sources */ = {isa = PBXBuildFile; fileRef = BCD372482A57410800C0F161 /* HorizontalPicker.swift */; };
		BCD3C4662AACA96800614ED8 /* APIRequest.swift in Sources */ = {isa = PBXBuildFile; fileRef = BCD3C4652AACA96800614ED8 /* APIRequest.swift */; };
		BCD3C4682AACAE7A00614ED8 /* DecodableModel.swift in Sources */ = {isa = PBXBuildFile; fileRef = BCD3C4672AACAE7A00614ED8 /* DecodableModel.swift */; };
		BCDDEA642A3CCDBF00C1FCA9 /* Constants.swift in Sources */ = {isa = PBXBuildFile; fileRef = BCDDEA632A3CCDBF00C1FCA9 /* Constants.swift */; };
		BCE417102A7D73380088D975 /* AddTabBarButtonView.swift in Sources */ = {isa = PBXBuildFile; fileRef = BCE4170F2A7D73380088D975 /* AddTabBarButtonView.swift */; };
		BCF7DE712A7DB2EC00FC960B /* CustomTabBarView.swift in Sources */ = {isa = PBXBuildFile; fileRef = BCF7DE702A7DB2EC00FC960B /* CustomTabBarView.swift */; };
		BCF86C332A362105003293A4 /* CustomNavigationBarView.swift in Sources */ = {isa = PBXBuildFile; fileRef = BCF86C322A362105003293A4 /* CustomNavigationBarView.swift */; };
		BCF86C372A362291003293A4 /* IconButtonView.swift in Sources */ = {isa = PBXBuildFile; fileRef = BCF86C362A362291003293A4 /* IconButtonView.swift */; };
		BCF86C3B2A3632BA003293A4 /* SecondaryButton.swift in Sources */ = {isa = PBXBuildFile; fileRef = BCF86C3A2A3632BA003293A4 /* SecondaryButton.swift */; };
		BCF86C3D2A363A92003293A4 /* SelectedButton.swift in Sources */ = {isa = PBXBuildFile; fileRef = BCF86C3C2A363A92003293A4 /* SelectedButton.swift */; };
		BCF86C422A3678E4003293A4 /* ProgressBarView.swift in Sources */ = {isa = PBXBuildFile; fileRef = BCF86C412A3678E4003293A4 /* ProgressBarView.swift */; };
		BCFBB76D2A59C6D700896C3C /* PersonEntity+CoreDataProperties.swift in Sources */ = {isa = PBXBuildFile; fileRef = BCFBB7672A59C6D700896C3C /* PersonEntity+CoreDataProperties.swift */; };
		BCFBB76E2A59C6D700896C3C /* AnswerEntity+CoreDataClass.swift in Sources */ = {isa = PBXBuildFile; fileRef = BCFBB7682A59C6D700896C3C /* AnswerEntity+CoreDataClass.swift */; };
		BCFBB76F2A59C6D700896C3C /* PersonEntity+CoreDataClass.swift in Sources */ = {isa = PBXBuildFile; fileRef = BCFBB7692A59C6D700896C3C /* PersonEntity+CoreDataClass.swift */; };
		BCFBB7702A59C6D700896C3C /* QuestionEntity+CoreDataProperties.swift in Sources */ = {isa = PBXBuildFile; fileRef = BCFBB76A2A59C6D700896C3C /* QuestionEntity+CoreDataProperties.swift */; };
		BCFBB7712A59C6D700896C3C /* QuestionEntity+CoreDataClass.swift in Sources */ = {isa = PBXBuildFile; fileRef = BCFBB76B2A59C6D700896C3C /* QuestionEntity+CoreDataClass.swift */; };
		BCFBB7722A59C6D700896C3C /* AnswerEntity+CoreDataProperties.swift in Sources */ = {isa = PBXBuildFile; fileRef = BCFBB76C2A59C6D700896C3C /* AnswerEntity+CoreDataProperties.swift */; };
		BCFBB7772A59D25300896C3C /* CurrentWorkoutCardView.swift in Sources */ = {isa = PBXBuildFile; fileRef = BCFBB7762A59D25300896C3C /* CurrentWorkoutCardView.swift */; };
		BCFBB77C2A59DF2800896C3C /* IconPill.swift in Sources */ = {isa = PBXBuildFile; fileRef = BCFBB77B2A59DF2800896C3C /* IconPill.swift */; };
		BCFBB7862A59EDC400896C3C /* IconPillOption.swift in Sources */ = {isa = PBXBuildFile; fileRef = BCFBB7852A59EDC400896C3C /* IconPillOption.swift */; };
		BCFBB7882A59F96100896C3C /* HorizontalSelectPillView.swift in Sources */ = {isa = PBXBuildFile; fileRef = BCFBB7872A59F96100896C3C /* HorizontalSelectPillView.swift */; };
		BCFBB78A2A5A020700896C3C /* SearchBarView.swift in Sources */ = {isa = PBXBuildFile; fileRef = BCFBB7892A5A020700896C3C /* SearchBarView.swift */; };
/* End PBXBuildFile section */

/* Begin PBXContainerItemProxy section */
		BC1160E32A2CFB840028D8FC /* PBXContainerItemProxy */ = {
			isa = PBXContainerItemProxy;
			containerPortal = BC1160C42A2CFB820028D8FC /* Project object */;
			proxyType = 1;
			remoteGlobalIDString = BC1160CB2A2CFB830028D8FC;
			remoteInfo = MusculosApp;
		};
		BC1160ED2A2CFB840028D8FC /* PBXContainerItemProxy */ = {
			isa = PBXContainerItemProxy;
			containerPortal = BC1160C42A2CFB820028D8FC /* Project object */;
			proxyType = 1;
			remoteGlobalIDString = BC1160CB2A2CFB830028D8FC;
			remoteInfo = MusculosApp;
		};
/* End PBXContainerItemProxy section */

/* Begin PBXFileReference section */
		BC0170F92AE9A355005876EE /* ChallengeExerciseView.swift */ = {isa = PBXFileReference; lastKnownFileType = sourcecode.swift; path = ChallengeExerciseView.swift; sourceTree = "<group>"; };
		BC0170FB2AE9B7A9005876EE /* CircleTimerView.swift */ = {isa = PBXFileReference; lastKnownFileType = sourcecode.swift; path = CircleTimerView.swift; sourceTree = "<group>"; };
		BC0170FD2AE9B948005876EE /* CircleTimerViewModel.swift */ = {isa = PBXFileReference; lastKnownFileType = sourcecode.swift; path = CircleTimerViewModel.swift; sourceTree = "<group>"; };
		BC0171002AEC3E0A005876EE /* CongratulationView.swift */ = {isa = PBXFileReference; lastKnownFileType = sourcecode.swift; path = CongratulationView.swift; sourceTree = "<group>"; };
		BC0171032AEC64B8005876EE /* MockConstants.swift */ = {isa = PBXFileReference; lastKnownFileType = sourcecode.swift; path = MockConstants.swift; sourceTree = "<group>"; };
		BC0171082AEC6A71005876EE /* HomeView.swift */ = {isa = PBXFileReference; lastKnownFileType = sourcecode.swift; path = HomeView.swift; sourceTree = "<group>"; };
		BC01710A2AEC6DBD005876EE /* PersonAvatarCircle.swift */ = {isa = PBXFileReference; lastKnownFileType = sourcecode.swift; path = PersonAvatarCircle.swift; sourceTree = "<group>"; };
		BC01710C2AEC6FDF005876EE /* GreenGrassButton.swift */ = {isa = PBXFileReference; lastKnownFileType = sourcecode.swift; path = GreenGrassButton.swift; sourceTree = "<group>"; };
		BC0E9C462A7D70E7009DFC4B /* CustomTabBarButton.swift */ = {isa = PBXFileReference; fileEncoding = 4; lastKnownFileType = sourcecode.swift; path = CustomTabBarButton.swift; sourceTree = "<group>"; };
		BC1160CC2A2CFB830028D8FC /* MusculosApp.app */ = {isa = PBXFileReference; explicitFileType = wrapper.application; includeInIndex = 0; path = MusculosApp.app; sourceTree = BUILT_PRODUCTS_DIR; };
		BC1160CF2A2CFB830028D8FC /* MusculosApp.swift */ = {isa = PBXFileReference; lastKnownFileType = sourcecode.swift; path = MusculosApp.swift; sourceTree = "<group>"; };
		BC1160D12A2CFB830028D8FC /* ContentView.swift */ = {isa = PBXFileReference; lastKnownFileType = sourcecode.swift; path = ContentView.swift; sourceTree = "<group>"; };
		BC1160D32A2CFB830028D8FC /* Assets.xcassets */ = {isa = PBXFileReference; lastKnownFileType = folder.assetcatalog; path = Assets.xcassets; sourceTree = "<group>"; };
		BC1160D62A2CFB830028D8FC /* Preview Assets.xcassets */ = {isa = PBXFileReference; lastKnownFileType = folder.assetcatalog; path = "Preview Assets.xcassets"; sourceTree = "<group>"; };
		BC1160DD2A2CFB830028D8FC /* Info.plist */ = {isa = PBXFileReference; lastKnownFileType = text.plist.xml; path = Info.plist; sourceTree = "<group>"; };
		BC1160E22A2CFB840028D8FC /* MusculosAppTests.xctest */ = {isa = PBXFileReference; explicitFileType = wrapper.cfbundle; includeInIndex = 0; path = MusculosAppTests.xctest; sourceTree = BUILT_PRODUCTS_DIR; };
		BC1160E62A2CFB840028D8FC /* MusculosAppTests.swift */ = {isa = PBXFileReference; lastKnownFileType = sourcecode.swift; path = MusculosAppTests.swift; sourceTree = "<group>"; };
		BC1160EC2A2CFB840028D8FC /* MusculosAppUITests.xctest */ = {isa = PBXFileReference; explicitFileType = wrapper.cfbundle; includeInIndex = 0; path = MusculosAppUITests.xctest; sourceTree = BUILT_PRODUCTS_DIR; };
		BC1160F02A2CFB840028D8FC /* MusculosAppUITests.swift */ = {isa = PBXFileReference; lastKnownFileType = sourcecode.swift; path = MusculosAppUITests.swift; sourceTree = "<group>"; };
		BC1160F22A2CFB840028D8FC /* MusculosAppUITestsLaunchTests.swift */ = {isa = PBXFileReference; lastKnownFileType = sourcecode.swift; path = MusculosAppUITestsLaunchTests.swift; sourceTree = "<group>"; };
		BC11BC592A7D74CB00D96440 /* TabBarItem.swift */ = {isa = PBXFileReference; fileEncoding = 4; lastKnownFileType = sourcecode.swift; path = TabBarItem.swift; sourceTree = "<group>"; };
		BC182EC92A589A81003DEA30 /* Musculos.xcdatamodel */ = {isa = PBXFileReference; lastKnownFileType = wrapper.xcdatamodel; path = Musculos.xcdatamodel; sourceTree = "<group>"; };
		BC182ECC2A589BE7003DEA30 /* CoreDataStack.swift */ = {isa = PBXFileReference; lastKnownFileType = sourcecode.swift; path = CoreDataStack.swift; sourceTree = "<group>"; };
		BC352AEA2A32713300DAA3AB /* MusculosError.swift */ = {isa = PBXFileReference; lastKnownFileType = sourcecode.swift; path = MusculosError.swift; sourceTree = "<group>"; };
		BC352AEC2A32774600DAA3AB /* MusculosClient.swift */ = {isa = PBXFileReference; lastKnownFileType = sourcecode.swift; path = MusculosClient.swift; sourceTree = "<group>"; };
		BC352AEF2A327E3300DAA3AB /* AuthenticationView.swift */ = {isa = PBXFileReference; lastKnownFileType = sourcecode.swift; path = AuthenticationView.swift; sourceTree = "<group>"; };
		BC372A642AC06B0100F67D19 /* GIFView.swift */ = {isa = PBXFileReference; lastKnownFileType = sourcecode.swift; path = GIFView.swift; sourceTree = "<group>"; };
		BC372A662AC06D9200F67D19 /* ExerciseViewModel.swift */ = {isa = PBXFileReference; lastKnownFileType = sourcecode.swift; path = ExerciseViewModel.swift; sourceTree = "<group>"; };
		BC3FB0E92A85552C00C3F9B1 /* TabBarItemsPreferenceKey.swift */ = {isa = PBXFileReference; lastKnownFileType = sourcecode.swift; path = TabBarItemsPreferenceKey.swift; sourceTree = "<group>"; };
		BC3FB0EB2A85565400C3F9B1 /* View+Extension.swift */ = {isa = PBXFileReference; lastKnownFileType = sourcecode.swift; path = "View+Extension.swift"; sourceTree = "<group>"; };
		BC3FB0ED2A855D7E00C3F9B1 /* TabBarItemViewModifier.swift */ = {isa = PBXFileReference; lastKnownFileType = sourcecode.swift; path = TabBarItemViewModifier.swift; sourceTree = "<group>"; };
		BC3FB0F52A87051700C3F9B1 /* WorkoutFiltersView.swift */ = {isa = PBXFileReference; lastKnownFileType = sourcecode.swift; path = WorkoutFiltersView.swift; sourceTree = "<group>"; };
		BC3FB0F72A89418E00C3F9B1 /* ButtonHorizontalContainerView.swift */ = {isa = PBXFileReference; lastKnownFileType = sourcecode.swift; path = ButtonHorizontalContainerView.swift; sourceTree = "<group>"; };
		BC3FB0FA2A899A8500C3F9B1 /* EqualWidthHStack.swift */ = {isa = PBXFileReference; lastKnownFileType = sourcecode.swift; path = EqualWidthHStack.swift; sourceTree = "<group>"; };
		BC3FB0FC2A899F7C00C3F9B1 /* WorkoutFiltersViewModel.swift */ = {isa = PBXFileReference; lastKnownFileType = sourcecode.swift; path = WorkoutFiltersViewModel.swift; sourceTree = "<group>"; };
		BC3FB0FE2A89A3E700C3F9B1 /* SliderView.swift */ = {isa = PBXFileReference; lastKnownFileType = sourcecode.swift; path = SliderView.swift; sourceTree = "<group>"; };
		BC3FB1002A89A87400C3F9B1 /* DarkButton.swift */ = {isa = PBXFileReference; lastKnownFileType = sourcecode.swift; path = DarkButton.swift; sourceTree = "<group>"; };
		BC3FB1032A89C56800C3F9B1 /* ExerciseView.swift */ = {isa = PBXFileReference; lastKnownFileType = sourcecode.swift; path = ExerciseView.swift; sourceTree = "<group>"; };
		BC4326802AFC017900A2D5A1 /* ExerciseFeedView.swift */ = {isa = PBXFileReference; fileEncoding = 4; lastKnownFileType = sourcecode.swift; path = ExerciseFeedView.swift; sourceTree = "<group>"; };
		BC4326822AFC027200A2D5A1 /* SocialFeedViewModel.swift */ = {isa = PBXFileReference; lastKnownFileType = sourcecode.swift; path = SocialFeedViewModel.swift; sourceTree = "<group>"; };
		BC5834232B1C00AA00BD7690 /* SupabaseWrapper.swift */ = {isa = PBXFileReference; lastKnownFileType = sourcecode.swift; path = SupabaseWrapper.swift; sourceTree = "<group>"; };
		BC5924FE2A5C527F000F1941 /* ButtonHorizontalStackView.swift */ = {isa = PBXFileReference; lastKnownFileType = sourcecode.swift; path = ButtonHorizontalStackView.swift; sourceTree = "<group>"; };
		BC5925002A5C8B72000F1941 /* String+Extension.swift */ = {isa = PBXFileReference; lastKnownFileType = sourcecode.swift; path = "String+Extension.swift"; sourceTree = "<group>"; };
		BC5972092A35075800EBB075 /* TransparentContainerView.swift */ = {isa = PBXFileReference; lastKnownFileType = sourcecode.swift; path = TransparentContainerView.swift; sourceTree = "<group>"; };
		BC59720B2A3507F500EBB075 /* HearTipView.swift */ = {isa = PBXFileReference; lastKnownFileType = sourcecode.swift; path = HearTipView.swift; sourceTree = "<group>"; };
		BC5972102A351B0F00EBB075 /* PrimaryButton.swift */ = {isa = PBXFileReference; lastKnownFileType = sourcecode.swift; path = PrimaryButton.swift; sourceTree = "<group>"; };
		BC5BAC832AB1072B003C880E /* ExerciseModule.swift */ = {isa = PBXFileReference; lastKnownFileType = sourcecode.swift; path = ExerciseModule.swift; sourceTree = "<group>"; };
		BC5BAC872AB111C1003C880E /* WorkoutManager.swift */ = {isa = PBXFileReference; lastKnownFileType = sourcecode.swift; path = WorkoutManager.swift; sourceTree = "<group>"; };
		BC5BAC892AB221FC003C880E /* MusculosLogger.swift */ = {isa = PBXFileReference; lastKnownFileType = sourcecode.swift; path = MusculosLogger.swift; sourceTree = "<group>"; };
		BC5BACB62AB26F40003C880E /* XCTestCase+Extension.swift */ = {isa = PBXFileReference; lastKnownFileType = sourcecode.swift; path = "XCTestCase+Extension.swift"; sourceTree = "<group>"; };
		BC5BACBA2AB270C2003C880E /* getMuscles.json */ = {isa = PBXFileReference; fileEncoding = 4; lastKnownFileType = text.json; path = getMuscles.json; sourceTree = "<group>"; };
		BC5BACBC2AB2769B003C880E /* MockURLProtocol.swift */ = {isa = PBXFileReference; lastKnownFileType = sourcecode.swift; path = MockURLProtocol.swift; sourceTree = "<group>"; };
		BC5BACC22AB280C5003C880E /* getEquipment.json */ = {isa = PBXFileReference; fileEncoding = 4; lastKnownFileType = text.json; path = getEquipment.json; sourceTree = "<group>"; };
		BC5BACC42AB29C03003C880E /* CoreDataTestStack.swift */ = {isa = PBXFileReference; lastKnownFileType = sourcecode.swift; path = CoreDataTestStack.swift; sourceTree = "<group>"; };
		BC5BACC62AB29E07003C880E /* WorkoutManagerTests.swift */ = {isa = PBXFileReference; lastKnownFileType = sourcecode.swift; path = WorkoutManagerTests.swift; sourceTree = "<group>"; };
		BC5BACC92AB3CA2A003C880E /* NSManagedObjectContext+Extension.swift */ = {isa = PBXFileReference; lastKnownFileType = sourcecode.swift; path = "NSManagedObjectContext+Extension.swift"; sourceTree = "<group>"; };
		BC5BACCE2ABA16FE003C880E /* EntityPlugin.swift */ = {isa = PBXFileReference; lastKnownFileType = sourcecode.swift; path = EntityPlugin.swift; sourceTree = "<group>"; };
		BC5BACD42ABA28A7003C880E /* getExercises.json */ = {isa = PBXFileReference; fileEncoding = 4; lastKnownFileType = text.json; path = getExercises.json; sourceTree = "<group>"; };
		BC5BACD62ABA403F003C880E /* ExerciseFeedViewModel.swift */ = {isa = PBXFileReference; lastKnownFileType = sourcecode.swift; path = ExerciseFeedViewModel.swift; sourceTree = "<group>"; };
		BC5BACD82ABB6694003C880E /* ExerciseModuleTests.swift */ = {isa = PBXFileReference; lastKnownFileType = sourcecode.swift; path = ExerciseModuleTests.swift; sourceTree = "<group>"; };
		BC5BACDB2ABB75AA003C880E /* AnatomyOverlayView.swift */ = {isa = PBXFileReference; lastKnownFileType = sourcecode.swift; path = AnatomyOverlayView.swift; sourceTree = "<group>"; };
		BC5C56EC2AC348EF00AFDBFE /* StringHolder+CoreDataClass.swift */ = {isa = PBXFileReference; lastKnownFileType = sourcecode.swift; name = "StringHolder+CoreDataClass.swift"; path = "MusculosApp/Core/Core Data/Entity/StringHolder+CoreDataClass.swift"; sourceTree = "<group>"; };
		BC5C56ED2AC348EF00AFDBFE /* StringHolder+CoreDataProperties.swift */ = {isa = PBXFileReference; lastKnownFileType = sourcecode.swift; name = "StringHolder+CoreDataProperties.swift"; path = "MusculosApp/Core/Core Data/Entity/StringHolder+CoreDataProperties.swift"; sourceTree = "<group>"; };
		BC63A59C2AC264DB006B1894 /* Exercise.swift */ = {isa = PBXFileReference; lastKnownFileType = sourcecode.swift; path = Exercise.swift; sourceTree = "<group>"; };
		BC63A5A32AC33896006B1894 /* MuscleData.swift */ = {isa = PBXFileReference; lastKnownFileType = sourcecode.swift; path = MuscleData.swift; sourceTree = "<group>"; };
		BC6DE1BE2A770FAE006AE28C /* CustomTabBarContainerView.swift */ = {isa = PBXFileReference; lastKnownFileType = sourcecode.swift; path = CustomTabBarContainerView.swift; sourceTree = "<group>"; };
		BC7777352A5DE3CD009A452A /* MiniCardView.swift */ = {isa = PBXFileReference; lastKnownFileType = sourcecode.swift; path = MiniCardView.swift; sourceTree = "<group>"; };
		BC7777372A5DEBE7009A452A /* MiniCardWheelView.swift */ = {isa = PBXFileReference; lastKnownFileType = sourcecode.swift; path = MiniCardWheelView.swift; sourceTree = "<group>"; };
		BC8E86DC2AED2DB9008E3CE4 /* UIImage+Extension.swift */ = {isa = PBXFileReference; lastKnownFileType = sourcecode.swift; path = "UIImage+Extension.swift"; sourceTree = "<group>"; };
		BC8E86DF2AED2F21008E3CE4 /* EnvironmentValues+Extension.swift */ = {isa = PBXFileReference; lastKnownFileType = sourcecode.swift; path = "EnvironmentValues+Extension.swift"; sourceTree = "<group>"; };
		BC8E86E22AED2F56008E3CE4 /* MainWndowSizeKey.swift */ = {isa = PBXFileReference; lastKnownFileType = sourcecode.swift; path = MainWndowSizeKey.swift; sourceTree = "<group>"; };
		BC96C2F92AC386BB00F11CAB /* Musculos 2.xcdatamodel */ = {isa = PBXFileReference; lastKnownFileType = wrapper.xcdatamodel; path = "Musculos 2.xcdatamodel"; sourceTree = "<group>"; };
		BC96C2FA2AC8310500F11CAB /* SelectMuscleView.swift */ = {isa = PBXFileReference; lastKnownFileType = sourcecode.swift; path = SelectMuscleView.swift; sourceTree = "<group>"; };
		BC96C2FC2AC83B1C00F11CAB /* Array+Extension.swift */ = {isa = PBXFileReference; lastKnownFileType = sourcecode.swift; path = "Array+Extension.swift"; sourceTree = "<group>"; };
		BC96C2FE2ACE18C700F11CAB /* Musculos 3.xcdatamodel */ = {isa = PBXFileReference; lastKnownFileType = wrapper.xcdatamodel; path = "Musculos 3.xcdatamodel"; sourceTree = "<group>"; };
		BC96C2FF2AD0B6F200F11CAB /* ExerciseManagedObject+CoreDataClass.swift */ = {isa = PBXFileReference; lastKnownFileType = sourcecode.swift; name = "ExerciseManagedObject+CoreDataClass.swift"; path = "MusculosApp/Core/Core Data/Entity/ExerciseManagedObject+CoreDataClass.swift"; sourceTree = "<group>"; };
		BC96C3002AD0B6F200F11CAB /* ExerciseManagedObject+CoreDataProperties.swift */ = {isa = PBXFileReference; lastKnownFileType = sourcecode.swift; name = "ExerciseManagedObject+CoreDataProperties.swift"; path = "MusculosApp/Core/Core Data/Entity/ExerciseManagedObject+CoreDataProperties.swift"; sourceTree = "<group>"; };
		BC9937212B64199A0067E556 /* AppConstants.swift */ = {isa = PBXFileReference; lastKnownFileType = sourcecode.swift; path = AppConstants.swift; sourceTree = "<group>"; };
		BC9937232B6426300067E556 /* Config.xcconfig */ = {isa = PBXFileReference; fileEncoding = 4; lastKnownFileType = text.xcconfig; name = Config.xcconfig; path = ../../../../../../Desktop/Config.xcconfig; sourceTree = "<group>"; };
		BC9937282B6441D90067E556 /* ExerciseResourceManager.swift */ = {isa = PBXFileReference; lastKnownFileType = sourcecode.swift; path = ExerciseResourceManager.swift; sourceTree = "<group>"; };
		BCA87E582AE83B3800453E4B /* ChallengeView.swift */ = {isa = PBXFileReference; lastKnownFileType = sourcecode.swift; path = ChallengeView.swift; sourceTree = "<group>"; };
		BCA87E5B2AE8606F00453E4B /* Challenge.swift */ = {isa = PBXFileReference; lastKnownFileType = sourcecode.swift; path = Challenge.swift; sourceTree = "<group>"; };
		BCA87E5E2AE865A600453E4B /* Person.swift */ = {isa = PBXFileReference; lastKnownFileType = sourcecode.swift; path = Person.swift; sourceTree = "<group>"; };
		BCB6BF4E2AFAE84B00B6CBCE /* URL+Extension.swift */ = {isa = PBXFileReference; lastKnownFileType = sourcecode.swift; path = "URL+Extension.swift"; sourceTree = "<group>"; };
		BCB6BF512AFBF7FF00B6CBCE /* SocialFeedView.swift */ = {isa = PBXFileReference; lastKnownFileType = sourcecode.swift; path = SocialFeedView.swift; sourceTree = "<group>"; };
		BCB6BF542AFBFB8D00B6CBCE /* FeedCardView.swift */ = {isa = PBXFileReference; lastKnownFileType = sourcecode.swift; path = FeedCardView.swift; sourceTree = "<group>"; };
		BCCBEC692AD75E20002F5E41 /* AddExerciseView.swift */ = {isa = PBXFileReference; lastKnownFileType = sourcecode.swift; path = AddExerciseView.swift; sourceTree = "<group>"; };
		BCCBEC712AD85158002F5E41 /* CustomTextFieldView.swift */ = {isa = PBXFileReference; lastKnownFileType = sourcecode.swift; path = CustomTextFieldView.swift; sourceTree = "<group>"; };
		BCCBEC772AD89505002F5E41 /* DynamicTextFieldListView.swift */ = {isa = PBXFileReference; lastKnownFileType = sourcecode.swift; path = DynamicTextFieldListView.swift; sourceTree = "<group>"; };
		BCCE85E12A328629001BEE8B /* AuthenticationViewModel.swift */ = {isa = PBXFileReference; lastKnownFileType = sourcecode.swift; path = AuthenticationViewModel.swift; sourceTree = "<group>"; };
		BCCE85E32A33D376001BEE8B /* APIEndpoint.swift */ = {isa = PBXFileReference; lastKnownFileType = sourcecode.swift; path = APIEndpoint.swift; sourceTree = "<group>"; };
		BCCE85E52A33D658001BEE8B /* AuthenticationModule.swift */ = {isa = PBXFileReference; lastKnownFileType = sourcecode.swift; path = AuthenticationModule.swift; sourceTree = "<group>"; };
		BCCE85E82A33D7B5001BEE8B /* Encodable+Extension.swift */ = {isa = PBXFileReference; lastKnownFileType = sourcecode.swift; path = "Encodable+Extension.swift"; sourceTree = "<group>"; };
		BCCE85EA2A33DCA6001BEE8B /* UserDefaultsWrapper.swift */ = {isa = PBXFileReference; lastKnownFileType = sourcecode.swift; path = UserDefaultsWrapper.swift; sourceTree = "<group>"; };
		BCCE85EC2A35008C001BEE8B /* Color+Extension.swift */ = {isa = PBXFileReference; lastKnownFileType = sourcecode.swift; path = "Color+Extension.swift"; sourceTree = "<group>"; };
		BCD372442A57366900C0F161 /* HorizontalPickerViewController.swift */ = {isa = PBXFileReference; lastKnownFileType = sourcecode.swift; path = HorizontalPickerViewController.swift; sourceTree = "<group>"; };
		BCD372462A5736EE00C0F161 /* HorizontalPickerViewCell.swift */ = {isa = PBXFileReference; lastKnownFileType = sourcecode.swift; path = HorizontalPickerViewCell.swift; sourceTree = "<group>"; };
		BCD372482A57410800C0F161 /* HorizontalPicker.swift */ = {isa = PBXFileReference; lastKnownFileType = sourcecode.swift; path = HorizontalPicker.swift; sourceTree = "<group>"; };
		BCD3C4652AACA96800614ED8 /* APIRequest.swift */ = {isa = PBXFileReference; lastKnownFileType = sourcecode.swift; path = APIRequest.swift; sourceTree = "<group>"; };
		BCD3C4672AACAE7A00614ED8 /* DecodableModel.swift */ = {isa = PBXFileReference; lastKnownFileType = sourcecode.swift; path = DecodableModel.swift; sourceTree = "<group>"; };
		BCDDEA632A3CCDBF00C1FCA9 /* Constants.swift */ = {isa = PBXFileReference; lastKnownFileType = sourcecode.swift; path = Constants.swift; sourceTree = "<group>"; };
		BCE4170F2A7D73380088D975 /* AddTabBarButtonView.swift */ = {isa = PBXFileReference; fileEncoding = 4; lastKnownFileType = sourcecode.swift; path = AddTabBarButtonView.swift; sourceTree = "<group>"; };
		BCF7DE702A7DB2EC00FC960B /* CustomTabBarView.swift */ = {isa = PBXFileReference; fileEncoding = 4; lastKnownFileType = sourcecode.swift; path = CustomTabBarView.swift; sourceTree = "<group>"; };
		BCF86C322A362105003293A4 /* CustomNavigationBarView.swift */ = {isa = PBXFileReference; lastKnownFileType = sourcecode.swift; path = CustomNavigationBarView.swift; sourceTree = "<group>"; };
		BCF86C362A362291003293A4 /* IconButtonView.swift */ = {isa = PBXFileReference; lastKnownFileType = sourcecode.swift; path = IconButtonView.swift; sourceTree = "<group>"; };
		BCF86C3A2A3632BA003293A4 /* SecondaryButton.swift */ = {isa = PBXFileReference; lastKnownFileType = sourcecode.swift; path = SecondaryButton.swift; sourceTree = "<group>"; };
		BCF86C3C2A363A92003293A4 /* SelectedButton.swift */ = {isa = PBXFileReference; lastKnownFileType = sourcecode.swift; path = SelectedButton.swift; sourceTree = "<group>"; };
		BCF86C412A3678E4003293A4 /* ProgressBarView.swift */ = {isa = PBXFileReference; lastKnownFileType = sourcecode.swift; path = ProgressBarView.swift; sourceTree = "<group>"; };
		BCFBB7672A59C6D700896C3C /* PersonEntity+CoreDataProperties.swift */ = {isa = PBXFileReference; fileEncoding = 4; lastKnownFileType = sourcecode.swift; path = "PersonEntity+CoreDataProperties.swift"; sourceTree = "<group>"; };
		BCFBB7682A59C6D700896C3C /* AnswerEntity+CoreDataClass.swift */ = {isa = PBXFileReference; fileEncoding = 4; lastKnownFileType = sourcecode.swift; path = "AnswerEntity+CoreDataClass.swift"; sourceTree = "<group>"; };
		BCFBB7692A59C6D700896C3C /* PersonEntity+CoreDataClass.swift */ = {isa = PBXFileReference; fileEncoding = 4; lastKnownFileType = sourcecode.swift; path = "PersonEntity+CoreDataClass.swift"; sourceTree = "<group>"; };
		BCFBB76A2A59C6D700896C3C /* QuestionEntity+CoreDataProperties.swift */ = {isa = PBXFileReference; fileEncoding = 4; lastKnownFileType = sourcecode.swift; path = "QuestionEntity+CoreDataProperties.swift"; sourceTree = "<group>"; };
		BCFBB76B2A59C6D700896C3C /* QuestionEntity+CoreDataClass.swift */ = {isa = PBXFileReference; fileEncoding = 4; lastKnownFileType = sourcecode.swift; path = "QuestionEntity+CoreDataClass.swift"; sourceTree = "<group>"; };
		BCFBB76C2A59C6D700896C3C /* AnswerEntity+CoreDataProperties.swift */ = {isa = PBXFileReference; fileEncoding = 4; lastKnownFileType = sourcecode.swift; path = "AnswerEntity+CoreDataProperties.swift"; sourceTree = "<group>"; };
		BCFBB7762A59D25300896C3C /* CurrentWorkoutCardView.swift */ = {isa = PBXFileReference; lastKnownFileType = sourcecode.swift; path = CurrentWorkoutCardView.swift; sourceTree = "<group>"; };
		BCFBB77B2A59DF2800896C3C /* IconPill.swift */ = {isa = PBXFileReference; lastKnownFileType = sourcecode.swift; path = IconPill.swift; sourceTree = "<group>"; };
		BCFBB7852A59EDC400896C3C /* IconPillOption.swift */ = {isa = PBXFileReference; lastKnownFileType = sourcecode.swift; path = IconPillOption.swift; sourceTree = "<group>"; };
		BCFBB7872A59F96100896C3C /* HorizontalSelectPillView.swift */ = {isa = PBXFileReference; lastKnownFileType = sourcecode.swift; path = HorizontalSelectPillView.swift; sourceTree = "<group>"; };
		BCFBB7892A5A020700896C3C /* SearchBarView.swift */ = {isa = PBXFileReference; lastKnownFileType = sourcecode.swift; path = SearchBarView.swift; sourceTree = "<group>"; };
/* End PBXFileReference section */

/* Begin PBXFrameworksBuildPhase section */
		BC1160C92A2CFB830028D8FC /* Frameworks */ = {
			isa = PBXFrameworksBuildPhase;
			buildActionMask = 2147483647;
			files = (
				BC58341A2B1BFBCF00BD7690 /* GoTrue in Frameworks */,
				BC5834182B1BFBCF00BD7690 /* Functions in Frameworks */,
				BC5834202B1BFBCF00BD7690 /* Storage in Frameworks */,
				BC372A632AC06AF300F67D19 /* FLAnimatedImage in Frameworks */,
				BC5834222B1BFBCF00BD7690 /* Supabase in Frameworks */,
				BC58341E2B1BFBCF00BD7690 /* Realtime in Frameworks */,
				BC96C2F82AC3665400F11CAB /* SwiftyGif in Frameworks */,
				BC58341C2B1BFBCF00BD7690 /* PostgREST in Frameworks */,
			);
			runOnlyForDeploymentPostprocessing = 0;
		};
		BC1160DF2A2CFB840028D8FC /* Frameworks */ = {
			isa = PBXFrameworksBuildPhase;
			buildActionMask = 2147483647;
			files = (
			);
			runOnlyForDeploymentPostprocessing = 0;
		};
		BC1160E92A2CFB840028D8FC /* Frameworks */ = {
			isa = PBXFrameworksBuildPhase;
			buildActionMask = 2147483647;
			files = (
			);
			runOnlyForDeploymentPostprocessing = 0;
		};
/* End PBXFrameworksBuildPhase section */

/* Begin PBXGroup section */
		BC0170FF2AEB367C005876EE /* View */ = {
			isa = PBXGroup;
			children = (
				BCA87E582AE83B3800453E4B /* ChallengeView.swift */,
				BC0170F92AE9A355005876EE /* ChallengeExerciseView.swift */,
				BC0171002AEC3E0A005876EE /* CongratulationView.swift */,
				BCB6BF562AFBFCA600B6CBCE /* Components */,
			);
			path = View;
			sourceTree = "<group>";
		};
		BC0171052AEC6A45005876EE /* Home */ = {
			isa = PBXGroup;
			children = (
				BC0171082AEC6A71005876EE /* HomeView.swift */,
			);
			path = Home;
			sourceTree = "<group>";
		};
		BC10E42C2A3B8AB00008A72E /* Authentication */ = {
			isa = PBXGroup;
			children = (
				BC9937252B6426EB0067E556 /* View */,
				BC9937262B6426F00067E556 /* View Model */,
				BC9937272B6426FD0067E556 /* Module */,
			);
			path = Authentication;
			sourceTree = "<group>";
		};
		BC1160C32A2CFB820028D8FC = {
			isa = PBXGroup;
			children = (
				BC96C2FF2AD0B6F200F11CAB /* ExerciseManagedObject+CoreDataClass.swift */,
				BC96C3002AD0B6F200F11CAB /* ExerciseManagedObject+CoreDataProperties.swift */,
				BC5C56EC2AC348EF00AFDBFE /* StringHolder+CoreDataClass.swift */,
				BC5C56ED2AC348EF00AFDBFE /* StringHolder+CoreDataProperties.swift */,
				BC1160CE2A2CFB830028D8FC /* MusculosApp */,
				BC1160E52A2CFB840028D8FC /* MusculosAppTests */,
				BC1160EF2A2CFB840028D8FC /* MusculosAppUITests */,
				BC1160CD2A2CFB830028D8FC /* Products */,
				BC96C2F62AC3665400F11CAB /* Frameworks */,
			);
			sourceTree = "<group>";
		};
		BC1160CD2A2CFB830028D8FC /* Products */ = {
			isa = PBXGroup;
			children = (
				BC1160CC2A2CFB830028D8FC /* MusculosApp.app */,
				BC1160E22A2CFB840028D8FC /* MusculosAppTests.xctest */,
				BC1160EC2A2CFB840028D8FC /* MusculosAppUITests.xctest */,
			);
			name = Products;
			sourceTree = "<group>";
		};
		BC1160CE2A2CFB830028D8FC /* MusculosApp */ = {
			isa = PBXGroup;
			children = (
				BC5834252B1CE34500BD7690 /* Main */,
				BC10E42C2A3B8AB00008A72E /* Authentication */,
				BC0171052AEC6A45005876EE /* Home */,
				BCB6BF502AFBF7EB00B6CBCE /* Social Feed */,
				BCA87E532AE83B0A00453E4B /* Challenge */,
				BC5BACDA2ABB7596003C880E /* Anatomy */,
				BC5BAC7E2AAFD745003C880E /* Exercise */,
				BCE3B6942A5AEC23001D04EB /* Exercise Feed */,
				BCE3B6932A5AEBF9001D04EB /* Workout */,
				BC352AE32A326D6C00DAA3AB /* Core */,
				BC1160D32A2CFB830028D8FC /* Assets.xcassets */,
				BC9937232B6426300067E556 /* Config.xcconfig */,
				BC1160DD2A2CFB830028D8FC /* Info.plist */,
				BC1160D52A2CFB830028D8FC /* Preview Content */,
			);
			path = MusculosApp;
			sourceTree = "<group>";
		};
		BC1160D52A2CFB830028D8FC /* Preview Content */ = {
			isa = PBXGroup;
			children = (
				BC1160D62A2CFB830028D8FC /* Preview Assets.xcassets */,
			);
			path = "Preview Content";
			sourceTree = "<group>";
		};
		BC1160E52A2CFB840028D8FC /* MusculosAppTests */ = {
			isa = PBXGroup;
			children = (
				BC5BACD12ABA2272003C880E /* Workout */,
				BC5BAC932AB26350003C880E /* Core */,
				BC5BACB82AB26FC8003C880E /* Supporting Files */,
				BC1160E62A2CFB840028D8FC /* MusculosAppTests.swift */,
			);
			path = MusculosAppTests;
			sourceTree = "<group>";
		};
		BC1160EF2A2CFB840028D8FC /* MusculosAppUITests */ = {
			isa = PBXGroup;
			children = (
				BC1160F02A2CFB840028D8FC /* MusculosAppUITests.swift */,
				BC1160F22A2CFB840028D8FC /* MusculosAppUITestsLaunchTests.swift */,
			);
			path = MusculosAppUITests;
			sourceTree = "<group>";
		};
		BC182ECB2A589BC7003DEA30 /* Core Data */ = {
			isa = PBXGroup;
			children = (
				BC5BACCD2ABA16E5003C880E /* Protocol */,
				BCFBB7662A59C6D700896C3C /* Entity */,
				BC182EC82A589A81003DEA30 /* MusculosDataStore.xcdatamodeld */,
				BC182ECC2A589BE7003DEA30 /* CoreDataStack.swift */,
			);
			path = "Core Data";
			sourceTree = "<group>";
		};
		BC352AE32A326D6C00DAA3AB /* Core */ = {
			isa = PBXGroup;
			children = (
				BCCE85EA2A33DCA6001BEE8B /* UserDefaultsWrapper.swift */,
				BC5BAC892AB221FC003C880E /* MusculosLogger.swift */,
				BC8E86DE2AED2F14008E3CE4 /* Environment */,
				BCA87E5D2AE8659F00453E4B /* Models */,
				BC63A5A22AC3388D006B1894 /* Constants */,
				BC3FB0F92A899A7900C3F9B1 /* Layout */,
				BC182ECB2A589BC7003DEA30 /* Core Data */,
				BCD372422A57364200C0F161 /* UIKit */,
				BC59720F2A351AEF00EBB075 /* Styles */,
				BC5A41032A7D6EF300F671F5 /* Tab Bar */,
				BC5972082A35074E00EBB075 /* View Components */,
				BCCE85E72A33D7A8001BEE8B /* Extension */,
				BC352AE42A326D7C00DAA3AB /* Network */,
			);
			path = Core;
			sourceTree = "<group>";
		};
		BC352AE42A326D7C00DAA3AB /* Network */ = {
			isa = PBXGroup;
			children = (
				BC86FDE92AACC4970085C7BD /* API */,
				BC352AE52A326D9900DAA3AB /* Protocols */,
				BC352AEC2A32774600DAA3AB /* MusculosClient.swift */,
				BC5834232B1C00AA00BD7690 /* SupabaseWrapper.swift */,
			);
			path = Network;
			sourceTree = "<group>";
		};
		BC352AE52A326D9900DAA3AB /* Protocols */ = {
			isa = PBXGroup;
			children = (
				BCD3C4672AACAE7A00614ED8 /* DecodableModel.swift */,
			);
			path = Protocols;
			sourceTree = "<group>";
		};
		BC3FB0EF2A855D9100C3F9B1 /* Preference Key */ = {
			isa = PBXGroup;
			children = (
				BC3FB0E92A85552C00C3F9B1 /* TabBarItemsPreferenceKey.swift */,
			);
			path = "Preference Key";
			sourceTree = "<group>";
		};
		BC3FB0F02A855DD200C3F9B1 /* View */ = {
			isa = PBXGroup;
			children = (
				BC5A41042A7D6F0D00F671F5 /* Protocol */,
				BCF7DE702A7DB2EC00FC960B /* CustomTabBarView.swift */,
				BC6DE1BE2A770FAE006AE28C /* CustomTabBarContainerView.swift */,
				BCE4170F2A7D73380088D975 /* AddTabBarButtonView.swift */,
			);
			path = View;
			sourceTree = "<group>";
		};
		BC3FB0F12A855E1500C3F9B1 /* Tab Bar Item */ = {
			isa = PBXGroup;
			children = (
				BC11BC592A7D74CB00D96440 /* TabBarItem.swift */,
				BC3FB0ED2A855D7E00C3F9B1 /* TabBarItemViewModifier.swift */,
			);
			path = "Tab Bar Item";
			sourceTree = "<group>";
		};
		BC3FB0F22A8704EE00C3F9B1 /* Workout Filters */ = {
			isa = PBXGroup;
			children = (
				BC3FB0F52A87051700C3F9B1 /* WorkoutFiltersView.swift */,
				BC3FB0FC2A899F7C00C3F9B1 /* WorkoutFiltersViewModel.swift */,
			);
			path = "Workout Filters";
			sourceTree = "<group>";
		};
		BC3FB0F92A899A7900C3F9B1 /* Layout */ = {
			isa = PBXGroup;
			children = (
				BC3FB0FA2A899A8500C3F9B1 /* EqualWidthHStack.swift */,
			);
			path = Layout;
			sourceTree = "<group>";
		};
		BC5834252B1CE34500BD7690 /* Main */ = {
			isa = PBXGroup;
			children = (
				BC1160CF2A2CFB830028D8FC /* MusculosApp.swift */,
				BC1160D12A2CFB830028D8FC /* ContentView.swift */,
			);
			path = Main;
			sourceTree = "<group>";
		};
		BC5972082A35074E00EBB075 /* View Components */ = {
			isa = PBXGroup;
			children = (
				BCCBEC702AD85134002F5E41 /* Button */,
				BC5A41022A7C55AB00F671F5 /* Navigation */,
				BCCBEC6F2AD8511A002F5E41 /* Select Pill */,
				BCFBB7842A59EDB500896C3C /* IconPill */,
				BC5972092A35075800EBB075 /* TransparentContainerView.swift */,
				BCF86C362A362291003293A4 /* IconButtonView.swift */,
				BC59720B2A3507F500EBB075 /* HearTipView.swift */,
				BCCBEC712AD85158002F5E41 /* CustomTextFieldView.swift */,
				BCCBEC772AD89505002F5E41 /* DynamicTextFieldListView.swift */,
			);
			path = "View Components";
			sourceTree = "<group>";
		};
		BC59720F2A351AEF00EBB075 /* Styles */ = {
			isa = PBXGroup;
			children = (
				BCCBEC6B2AD84C69002F5E41 /* Button */,
			);
			path = Styles;
			sourceTree = "<group>";
		};
		BC5A41022A7C55AB00F671F5 /* Navigation */ = {
			isa = PBXGroup;
			children = (
				BCF86C412A3678E4003293A4 /* ProgressBarView.swift */,
				BCFBB7892A5A020700896C3C /* SearchBarView.swift */,
				BCF86C322A362105003293A4 /* CustomNavigationBarView.swift */,
			);
			path = Navigation;
			sourceTree = "<group>";
		};
		BC5A41032A7D6EF300F671F5 /* Tab Bar */ = {
			isa = PBXGroup;
			children = (
				BC3FB0F12A855E1500C3F9B1 /* Tab Bar Item */,
				BC3FB0F02A855DD200C3F9B1 /* View */,
			);
			path = "Tab Bar";
			sourceTree = "<group>";
		};
		BC5A41042A7D6F0D00F671F5 /* Protocol */ = {
			isa = PBXGroup;
			children = (
				BC0E9C462A7D70E7009DFC4B /* CustomTabBarButton.swift */,
			);
			path = Protocol;
			sourceTree = "<group>";
		};
		BC5BAC7E2AAFD745003C880E /* Exercise */ = {
			isa = PBXGroup;
			children = (
				BCCBEC682AD75E0D002F5E41 /* View */,
				BCB6BF572AFBFCE400B6CBCE /* Model */,
			);
			path = Exercise;
			sourceTree = "<group>";
		};
		BC5BAC932AB26350003C880E /* Core */ = {
			isa = PBXGroup;
			children = (
				BC5BACB62AB26F40003C880E /* XCTestCase+Extension.swift */,
				BC5BACBC2AB2769B003C880E /* MockURLProtocol.swift */,
				BC5BACC42AB29C03003C880E /* CoreDataTestStack.swift */,
			);
			path = Core;
			sourceTree = "<group>";
		};
		BC5BACB82AB26FC8003C880E /* Supporting Files */ = {
			isa = PBXGroup;
			children = (
				BC5BACB92AB26FD0003C880E /* API */,
			);
			path = "Supporting Files";
			sourceTree = "<group>";
		};
		BC5BACB92AB26FD0003C880E /* API */ = {
			isa = PBXGroup;
			children = (
				BC5BACBA2AB270C2003C880E /* getMuscles.json */,
				BC5BACC22AB280C5003C880E /* getEquipment.json */,
				BC5BACD42ABA28A7003C880E /* getExercises.json */,
			);
			path = API;
			sourceTree = "<group>";
		};
		BC5BACBE2AB28030003C880E /* Exercise */ = {
			isa = PBXGroup;
			children = (
				BC5BACD82ABB6694003C880E /* ExerciseModuleTests.swift */,
			);
			path = Exercise;
			sourceTree = "<group>";
		};
		BC5BACCD2ABA16E5003C880E /* Protocol */ = {
			isa = PBXGroup;
			children = (
				BC5BACCE2ABA16FE003C880E /* EntityPlugin.swift */,
			);
			path = Protocol;
			sourceTree = "<group>";
		};
		BC5BACD12ABA2272003C880E /* Workout */ = {
			isa = PBXGroup;
			children = (
				BC5BACBE2AB28030003C880E /* Exercise */,
				BC5BACC62AB29E07003C880E /* WorkoutManagerTests.swift */,
			);
			path = Workout;
			sourceTree = "<group>";
		};
		BC5BACDA2ABB7596003C880E /* Anatomy */ = {
			isa = PBXGroup;
			children = (
				BC5BACDB2ABB75AA003C880E /* AnatomyOverlayView.swift */,
			);
			path = Anatomy;
			sourceTree = "<group>";
		};
		BC63A5A22AC3388D006B1894 /* Constants */ = {
			isa = PBXGroup;
			children = (
				BC9937212B64199A0067E556 /* AppConstants.swift */,
				BCDDEA632A3CCDBF00C1FCA9 /* Constants.swift */,
				BC0171032AEC64B8005876EE /* MockConstants.swift */,
				BC63A5A32AC33896006B1894 /* MuscleData.swift */,
			);
			path = Constants;
			sourceTree = "<group>";
		};
		BC7777342A5DE37B009A452A /* Components */ = {
			isa = PBXGroup;
			children = (
				BCFBB7762A59D25300896C3C /* CurrentWorkoutCardView.swift */,
				BC7777352A5DE3CD009A452A /* MiniCardView.swift */,
				BC7777372A5DEBE7009A452A /* MiniCardWheelView.swift */,
			);
			path = Components;
			sourceTree = "<group>";
		};
		BC86FDE92AACC4970085C7BD /* API */ = {
			isa = PBXGroup;
			children = (
				BCCE85E32A33D376001BEE8B /* APIEndpoint.swift */,
				BCD3C4652AACA96800614ED8 /* APIRequest.swift */,
				BC352AEA2A32713300DAA3AB /* MusculosError.swift */,
			);
			path = API;
			sourceTree = "<group>";
		};
		BC8E86DE2AED2F14008E3CE4 /* Environment */ = {
			isa = PBXGroup;
			children = (
				BC8E86DF2AED2F21008E3CE4 /* EnvironmentValues+Extension.swift */,
				BC8E86E12AED2F40008E3CE4 /* Environment Key */,
				BC3FB0EF2A855D9100C3F9B1 /* Preference Key */,
			);
			path = Environment;
			sourceTree = "<group>";
		};
		BC8E86E12AED2F40008E3CE4 /* Environment Key */ = {
			isa = PBXGroup;
			children = (
				BC8E86E22AED2F56008E3CE4 /* MainWndowSizeKey.swift */,
			);
			path = "Environment Key";
			sourceTree = "<group>";
		};
		BC8E86E52AF026B4008E3CE4 /* CircleTimerView */ = {
			isa = PBXGroup;
			children = (
				BC0170FB2AE9B7A9005876EE /* CircleTimerView.swift */,
				BC0170FD2AE9B948005876EE /* CircleTimerViewModel.swift */,
			);
			path = CircleTimerView;
			sourceTree = "<group>";
		};
		BC96C2F62AC3665400F11CAB /* Frameworks */ = {
			isa = PBXGroup;
			children = (
			);
			name = Frameworks;
			sourceTree = "<group>";
		};
		BC9937252B6426EB0067E556 /* View */ = {
			isa = PBXGroup;
			children = (
				BC352AEF2A327E3300DAA3AB /* AuthenticationView.swift */,
			);
			path = View;
			sourceTree = "<group>";
		};
		BC9937262B6426F00067E556 /* View Model */ = {
			isa = PBXGroup;
			children = (
				BCCE85E12A328629001BEE8B /* AuthenticationViewModel.swift */,
			);
			path = "View Model";
			sourceTree = "<group>";
		};
		BC9937272B6426FD0067E556 /* Module */ = {
			isa = PBXGroup;
			children = (
				BCCE85E52A33D658001BEE8B /* AuthenticationModule.swift */,
			);
			path = Module;
			sourceTree = "<group>";
		};
		BCA87E532AE83B0A00453E4B /* Challenge */ = {
			isa = PBXGroup;
			children = (
				BC0170FF2AEB367C005876EE /* View */,
				BCA87E5A2AE8605D00453E4B /* Model */,
			);
			path = Challenge;
			sourceTree = "<group>";
		};
		BCA87E5A2AE8605D00453E4B /* Model */ = {
			isa = PBXGroup;
			children = (
				BCA87E5B2AE8606F00453E4B /* Challenge.swift */,
			);
			path = Model;
			sourceTree = "<group>";
		};
		BCA87E5D2AE8659F00453E4B /* Models */ = {
			isa = PBXGroup;
			children = (
				BCA87E5E2AE865A600453E4B /* Person.swift */,
			);
			path = Models;
			sourceTree = "<group>";
		};
		BCB6BF502AFBF7EB00B6CBCE /* Social Feed */ = {
			isa = PBXGroup;
			children = (
				BCB6BF512AFBF7FF00B6CBCE /* SocialFeedView.swift */,
				BC4326822AFC027200A2D5A1 /* SocialFeedViewModel.swift */,
				BCB6BF532AFBFB7700B6CBCE /* Components */,
			);
			path = "Social Feed";
			sourceTree = "<group>";
		};
		BCB6BF532AFBFB7700B6CBCE /* Components */ = {
			isa = PBXGroup;
			children = (
				BCB6BF542AFBFB8D00B6CBCE /* FeedCardView.swift */,
			);
			path = Components;
			sourceTree = "<group>";
		};
		BCB6BF562AFBFCA600B6CBCE /* Components */ = {
			isa = PBXGroup;
			children = (
				BC8E86E52AF026B4008E3CE4 /* CircleTimerView */,
				BC01710A2AEC6DBD005876EE /* PersonAvatarCircle.swift */,
			);
			path = Components;
			sourceTree = "<group>";
		};
		BCB6BF572AFBFCE400B6CBCE /* Model */ = {
			isa = PBXGroup;
			children = (
				BC63A59C2AC264DB006B1894 /* Exercise.swift */,
			);
			path = Model;
			sourceTree = "<group>";
		};
		BCB6BF592AFBFD3300B6CBCE /* Select Muscle */ = {
			isa = PBXGroup;
			children = (
				BC96C2FA2AC8310500F11CAB /* SelectMuscleView.swift */,
			);
			path = "Select Muscle";
			sourceTree = "<group>";
		};
		BCB6BF5A2AFC004F00B6CBCE /* Exercise View */ = {
			isa = PBXGroup;
			children = (
				BC3FB1032A89C56800C3F9B1 /* ExerciseView.swift */,
				BC372A662AC06D9200F67D19 /* ExerciseViewModel.swift */,
			);
			path = "Exercise View";
			sourceTree = "<group>";
		};
		BCCBEC682AD75E0D002F5E41 /* View */ = {
			isa = PBXGroup;
			children = (
				BCB6BF5A2AFC004F00B6CBCE /* Exercise View */,
				BCCBEC692AD75E20002F5E41 /* AddExerciseView.swift */,
			);
			path = View;
			sourceTree = "<group>";
		};
		BCCBEC6B2AD84C69002F5E41 /* Button */ = {
			isa = PBXGroup;
			children = (
				BC5972102A351B0F00EBB075 /* PrimaryButton.swift */,
				BCF86C3A2A3632BA003293A4 /* SecondaryButton.swift */,
				BC3FB1002A89A87400C3F9B1 /* DarkButton.swift */,
				BCF86C3C2A363A92003293A4 /* SelectedButton.swift */,
				BC01710C2AEC6FDF005876EE /* GreenGrassButton.swift */,
			);
			path = Button;
			sourceTree = "<group>";
		};
		BCCBEC6F2AD8511A002F5E41 /* Select Pill */ = {
			isa = PBXGroup;
			children = (
				BCFBB7872A59F96100896C3C /* HorizontalSelectPillView.swift */,
			);
			path = "Select Pill";
			sourceTree = "<group>";
		};
		BCCBEC702AD85134002F5E41 /* Button */ = {
			isa = PBXGroup;
			children = (
				BC5924FE2A5C527F000F1941 /* ButtonHorizontalStackView.swift */,
				BC3FB0F72A89418E00C3F9B1 /* ButtonHorizontalContainerView.swift */,
			);
			path = Button;
			sourceTree = "<group>";
		};
		BCCE85E72A33D7A8001BEE8B /* Extension */ = {
			isa = PBXGroup;
			children = (
				BCCE85E82A33D7B5001BEE8B /* Encodable+Extension.swift */,
				BCCE85EC2A35008C001BEE8B /* Color+Extension.swift */,
				BC5925002A5C8B72000F1941 /* String+Extension.swift */,
				BC3FB0EB2A85565400C3F9B1 /* View+Extension.swift */,
				BC5BACC92AB3CA2A003C880E /* NSManagedObjectContext+Extension.swift */,
				BC96C2FC2AC83B1C00F11CAB /* Array+Extension.swift */,
				BC8E86DC2AED2DB9008E3CE4 /* UIImage+Extension.swift */,
				BCB6BF4E2AFAE84B00B6CBCE /* URL+Extension.swift */,
			);
			path = Extension;
			sourceTree = "<group>";
		};
		BCD372422A57364200C0F161 /* UIKit */ = {
			isa = PBXGroup;
			children = (
				BC372A642AC06B0100F67D19 /* GIFView.swift */,
				BCD372432A57365500C0F161 /* HorizontalPickerView */,
			);
			path = UIKit;
			sourceTree = "<group>";
		};
		BCD372432A57365500C0F161 /* HorizontalPickerView */ = {
			isa = PBXGroup;
			children = (
				BCD372442A57366900C0F161 /* HorizontalPickerViewController.swift */,
				BCD372462A5736EE00C0F161 /* HorizontalPickerViewCell.swift */,
				BCD372482A57410800C0F161 /* HorizontalPicker.swift */,
			);
			path = HorizontalPickerView;
			sourceTree = "<group>";
		};
		BCE3B6932A5AEBF9001D04EB /* Workout */ = {
			isa = PBXGroup;
			children = (
				BC5BAC872AB111C1003C880E /* WorkoutManager.swift */,
				BC9937282B6441D90067E556 /* ExerciseResourceManager.swift */,
				BC5BAC832AB1072B003C880E /* ExerciseModule.swift */,
				BC3FB0F22A8704EE00C3F9B1 /* Workout Filters */,
				BCB6BF592AFBFD3300B6CBCE /* Select Muscle */,
			);
			path = Workout;
			sourceTree = "<group>";
		};
		BCE3B6942A5AEC23001D04EB /* Exercise Feed */ = {
			isa = PBXGroup;
			children = (
				BC4326802AFC017900A2D5A1 /* ExerciseFeedView.swift */,
				BC5BACD62ABA403F003C880E /* ExerciseFeedViewModel.swift */,
				BC7777342A5DE37B009A452A /* Components */,
			);
			path = "Exercise Feed";
			sourceTree = "<group>";
		};
		BCFBB7662A59C6D700896C3C /* Entity */ = {
			isa = PBXGroup;
			children = (
				BCFBB7672A59C6D700896C3C /* PersonEntity+CoreDataProperties.swift */,
				BCFBB7682A59C6D700896C3C /* AnswerEntity+CoreDataClass.swift */,
				BCFBB7692A59C6D700896C3C /* PersonEntity+CoreDataClass.swift */,
				BCFBB76A2A59C6D700896C3C /* QuestionEntity+CoreDataProperties.swift */,
				BCFBB76B2A59C6D700896C3C /* QuestionEntity+CoreDataClass.swift */,
				BCFBB76C2A59C6D700896C3C /* AnswerEntity+CoreDataProperties.swift */,
			);
			path = Entity;
			sourceTree = "<group>";
		};
		BCFBB7842A59EDB500896C3C /* IconPill */ = {
			isa = PBXGroup;
			children = (
				BCFBB77B2A59DF2800896C3C /* IconPill.swift */,
				BCFBB7852A59EDC400896C3C /* IconPillOption.swift */,
				BC3FB0FE2A89A3E700C3F9B1 /* SliderView.swift */,
			);
			path = IconPill;
			sourceTree = "<group>";
		};
/* End PBXGroup section */

/* Begin PBXNativeTarget section */
		BC1160CB2A2CFB830028D8FC /* MusculosApp */ = {
			isa = PBXNativeTarget;
			buildConfigurationList = BC1160F62A2CFB840028D8FC /* Build configuration list for PBXNativeTarget "MusculosApp" */;
			buildPhases = (
				BC1160C82A2CFB830028D8FC /* Sources */,
				BC1160C92A2CFB830028D8FC /* Frameworks */,
				BC1160CA2A2CFB830028D8FC /* Resources */,
			);
			buildRules = (
			);
			dependencies = (
			);
			name = MusculosApp;
			packageProductDependencies = (
				BC372A622AC06AF300F67D19 /* FLAnimatedImage */,
				BC96C2F72AC3665400F11CAB /* SwiftyGif */,
				BC5834172B1BFBCF00BD7690 /* Functions */,
				BC5834192B1BFBCF00BD7690 /* GoTrue */,
				BC58341B2B1BFBCF00BD7690 /* PostgREST */,
				BC58341D2B1BFBCF00BD7690 /* Realtime */,
				BC58341F2B1BFBCF00BD7690 /* Storage */,
				BC5834212B1BFBCF00BD7690 /* Supabase */,
			);
			productName = MusculosApp;
			productReference = BC1160CC2A2CFB830028D8FC /* MusculosApp.app */;
			productType = "com.apple.product-type.application";
		};
		BC1160E12A2CFB840028D8FC /* MusculosAppTests */ = {
			isa = PBXNativeTarget;
			buildConfigurationList = BC1160F92A2CFB840028D8FC /* Build configuration list for PBXNativeTarget "MusculosAppTests" */;
			buildPhases = (
				BC1160DE2A2CFB840028D8FC /* Sources */,
				BC1160DF2A2CFB840028D8FC /* Frameworks */,
				BC1160E02A2CFB840028D8FC /* Resources */,
			);
			buildRules = (
			);
			dependencies = (
				BC1160E42A2CFB840028D8FC /* PBXTargetDependency */,
			);
			name = MusculosAppTests;
			productName = MusculosAppTests;
			productReference = BC1160E22A2CFB840028D8FC /* MusculosAppTests.xctest */;
			productType = "com.apple.product-type.bundle.unit-test";
		};
		BC1160EB2A2CFB840028D8FC /* MusculosAppUITests */ = {
			isa = PBXNativeTarget;
			buildConfigurationList = BC1160FC2A2CFB840028D8FC /* Build configuration list for PBXNativeTarget "MusculosAppUITests" */;
			buildPhases = (
				BC1160E82A2CFB840028D8FC /* Sources */,
				BC1160E92A2CFB840028D8FC /* Frameworks */,
				BC1160EA2A2CFB840028D8FC /* Resources */,
			);
			buildRules = (
			);
			dependencies = (
				BC1160EE2A2CFB840028D8FC /* PBXTargetDependency */,
			);
			name = MusculosAppUITests;
			productName = MusculosAppUITests;
			productReference = BC1160EC2A2CFB840028D8FC /* MusculosAppUITests.xctest */;
			productType = "com.apple.product-type.bundle.ui-testing";
		};
/* End PBXNativeTarget section */

/* Begin PBXProject section */
		BC1160C42A2CFB820028D8FC /* Project object */ = {
			isa = PBXProject;
			attributes = {
				BuildIndependentTargetsInParallel = 1;
				LastSwiftUpdateCheck = 1430;
				LastUpgradeCheck = 1430;
				TargetAttributes = {
					BC1160CB2A2CFB830028D8FC = {
						CreatedOnToolsVersion = 14.3;
					};
					BC1160E12A2CFB840028D8FC = {
						CreatedOnToolsVersion = 14.3;
						TestTargetID = BC1160CB2A2CFB830028D8FC;
					};
					BC1160EB2A2CFB840028D8FC = {
						CreatedOnToolsVersion = 14.3;
						TestTargetID = BC1160CB2A2CFB830028D8FC;
					};
				};
			};
			buildConfigurationList = BC1160C72A2CFB820028D8FC /* Build configuration list for PBXProject "MusculosApp" */;
			compatibilityVersion = "Xcode 14.0";
			developmentRegion = en;
			hasScannedForEncodings = 0;
			knownRegions = (
				en,
				Base,
			);
			mainGroup = BC1160C32A2CFB820028D8FC;
			packageReferences = (
				BC372A612AC06AF300F67D19 /* XCRemoteSwiftPackageReference "FLAnimatedImage" */,
				BC74A8C52AC3655E0005A7A8 /* XCRemoteSwiftPackageReference "SwiftyGif" */,
				BC5834162B1BFBCF00BD7690 /* XCRemoteSwiftPackageReference "supabase-swift" */,
			);
			productRefGroup = BC1160CD2A2CFB830028D8FC /* Products */;
			projectDirPath = "";
			projectRoot = "";
			targets = (
				BC1160CB2A2CFB830028D8FC /* MusculosApp */,
				BC1160E12A2CFB840028D8FC /* MusculosAppTests */,
				BC1160EB2A2CFB840028D8FC /* MusculosAppUITests */,
			);
		};
/* End PBXProject section */

/* Begin PBXResourcesBuildPhase section */
		BC1160CA2A2CFB830028D8FC /* Resources */ = {
			isa = PBXResourcesBuildPhase;
			buildActionMask = 2147483647;
			files = (
				BC1160D72A2CFB830028D8FC /* Preview Assets.xcassets in Resources */,
				BC9937242B6426300067E556 /* Config.xcconfig in Resources */,
				BC1160D42A2CFB830028D8FC /* Assets.xcassets in Resources */,
			);
			runOnlyForDeploymentPostprocessing = 0;
		};
		BC1160E02A2CFB840028D8FC /* Resources */ = {
			isa = PBXResourcesBuildPhase;
			buildActionMask = 2147483647;
			files = (
				BC5BACD52ABA28A7003C880E /* getExercises.json in Resources */,
				BC5BACCC2AB9270E003C880E /* MusculosDataStore.xcdatamodeld in Resources */,
				BC5BACBB2AB270C2003C880E /* getMuscles.json in Resources */,
				BC5BACC32AB280C5003C880E /* getEquipment.json in Resources */,
			);
			runOnlyForDeploymentPostprocessing = 0;
		};
		BC1160EA2A2CFB840028D8FC /* Resources */ = {
			isa = PBXResourcesBuildPhase;
			buildActionMask = 2147483647;
			files = (
			);
			runOnlyForDeploymentPostprocessing = 0;
		};
/* End PBXResourcesBuildPhase section */

/* Begin PBXSourcesBuildPhase section */
		BC1160C82A2CFB830028D8FC /* Sources */ = {
			isa = PBXSourcesBuildPhase;
			buildActionMask = 2147483647;
			files = (
				BCF86C3D2A363A92003293A4 /* SelectedButton.swift in Sources */,
				BC5972112A351B0F00EBB075 /* PrimaryButton.swift in Sources */,
				BCB6BF522AFBF7FF00B6CBCE /* SocialFeedView.swift in Sources */,
				BC5C56EE2AC348EF00AFDBFE /* StringHolder+CoreDataClass.swift in Sources */,
				BC182ECA2A589A81003DEA30 /* MusculosDataStore.xcdatamodeld in Sources */,
				BC63A5A42AC33896006B1894 /* MuscleData.swift in Sources */,
				BCD372472A5736EE00C0F161 /* HorizontalPickerViewCell.swift in Sources */,
				BCCE85EB2A33DCA6001BEE8B /* UserDefaultsWrapper.swift in Sources */,
				BC0171012AEC3E0A005876EE /* CongratulationView.swift in Sources */,
				BCCBEC782AD89505002F5E41 /* DynamicTextFieldListView.swift in Sources */,
				BC3FB0FF2A89A3E700C3F9B1 /* SliderView.swift in Sources */,
				BC5C56EF2AC348EF00AFDBFE /* StringHolder+CoreDataProperties.swift in Sources */,
				BCCBEC722AD85158002F5E41 /* CustomTextFieldView.swift in Sources */,
				BC96C2FB2AC8310500F11CAB /* SelectMuscleView.swift in Sources */,
				BCA87E592AE83B3800453E4B /* ChallengeView.swift in Sources */,
				BCD3C4662AACA96800614ED8 /* APIRequest.swift in Sources */,
				BCFBB77C2A59DF2800896C3C /* IconPill.swift in Sources */,
				BC0171092AEC6A71005876EE /* HomeView.swift in Sources */,
				BC3FB1012A89A87400C3F9B1 /* DarkButton.swift in Sources */,
				BCCE85ED2A35008C001BEE8B /* Color+Extension.swift in Sources */,
				BCDDEA642A3CCDBF00C1FCA9 /* Constants.swift in Sources */,
				BCF86C332A362105003293A4 /* CustomNavigationBarView.swift in Sources */,
				BCCE85E42A33D376001BEE8B /* APIEndpoint.swift in Sources */,
				BC7777382A5DEBE7009A452A /* MiniCardWheelView.swift in Sources */,
				BC372A652AC06B0100F67D19 /* GIFView.swift in Sources */,
				BC63A59D2AC264DB006B1894 /* Exercise.swift in Sources */,
				BCFBB7722A59C6D700896C3C /* AnswerEntity+CoreDataProperties.swift in Sources */,
				BC5924FF2A5C527F000F1941 /* ButtonHorizontalStackView.swift in Sources */,
				BC8E86E02AED2F21008E3CE4 /* EnvironmentValues+Extension.swift in Sources */,
				BCD372492A57410800C0F161 /* HorizontalPicker.swift in Sources */,
				BC4326812AFC017900A2D5A1 /* ExerciseFeedView.swift in Sources */,
				BCF86C372A362291003293A4 /* IconButtonView.swift in Sources */,
				BCD372452A57366900C0F161 /* HorizontalPickerViewController.swift in Sources */,
				BCFBB7772A59D25300896C3C /* CurrentWorkoutCardView.swift in Sources */,
				BCE417102A7D73380088D975 /* AddTabBarButtonView.swift in Sources */,
				BC3FB0FB2A899A8500C3F9B1 /* EqualWidthHStack.swift in Sources */,
				BC3FB0EC2A85565400C3F9B1 /* View+Extension.swift in Sources */,
				BCF86C422A3678E4003293A4 /* ProgressBarView.swift in Sources */,
				BC5BAC882AB111C1003C880E /* WorkoutManager.swift in Sources */,
				BC0170FC2AE9B7A9005876EE /* CircleTimerView.swift in Sources */,
				BCA87E5C2AE8606F00453E4B /* Challenge.swift in Sources */,
				BC3FB1042A89C56800C3F9B1 /* ExerciseView.swift in Sources */,
				BC5834242B1C00AA00BD7690 /* SupabaseWrapper.swift in Sources */,
				BC352AED2A32774600DAA3AB /* MusculosClient.swift in Sources */,
				BCFBB7702A59C6D700896C3C /* QuestionEntity+CoreDataProperties.swift in Sources */,
				BCF7DE712A7DB2EC00FC960B /* CustomTabBarView.swift in Sources */,
				BCF86C3B2A3632BA003293A4 /* SecondaryButton.swift in Sources */,
				BCFBB76F2A59C6D700896C3C /* PersonEntity+CoreDataClass.swift in Sources */,
				BC7777362A5DE3CD009A452A /* MiniCardView.swift in Sources */,
				BCCE85E92A33D7B5001BEE8B /* Encodable+Extension.swift in Sources */,
				BCFBB76E2A59C6D700896C3C /* AnswerEntity+CoreDataClass.swift in Sources */,
				BC5925012A5C8B72000F1941 /* String+Extension.swift in Sources */,
				BCFBB7712A59C6D700896C3C /* QuestionEntity+CoreDataClass.swift in Sources */,
				BC6DE1BF2A770FAE006AE28C /* CustomTabBarContainerView.swift in Sources */,
				BC3FB0EA2A85552C00C3F9B1 /* TabBarItemsPreferenceKey.swift in Sources */,
				BCFBB7882A59F96100896C3C /* HorizontalSelectPillView.swift in Sources */,
				BC3FB0EE2A855D7E00C3F9B1 /* TabBarItemViewModifier.swift in Sources */,
				BCB6BF552AFBFB8D00B6CBCE /* FeedCardView.swift in Sources */,
				BCCBEC6A2AD75E20002F5E41 /* AddExerciseView.swift in Sources */,
				BCA87E5F2AE865A600453E4B /* Person.swift in Sources */,
				BCD3C4682AACAE7A00614ED8 /* DecodableModel.swift in Sources */,
				BC0170FE2AE9B948005876EE /* CircleTimerViewModel.swift in Sources */,
				BC352AF02A327E3300DAA3AB /* AuthenticationView.swift in Sources */,
				BC96C3012AD0B6F200F11CAB /* ExerciseManagedObject+CoreDataClass.swift in Sources */,
				BCCE85E62A33D658001BEE8B /* AuthenticationModule.swift in Sources */,
				BC372A672AC06D9200F67D19 /* ExerciseViewModel.swift in Sources */,
				BC4326832AFC027200A2D5A1 /* SocialFeedViewModel.swift in Sources */,
				BC9937222B64199A0067E556 /* AppConstants.swift in Sources */,
				BCFBB7862A59EDC400896C3C /* IconPillOption.swift in Sources */,
				BC1160D22A2CFB830028D8FC /* ContentView.swift in Sources */,
				BC01710D2AEC6FDF005876EE /* GreenGrassButton.swift in Sources */,
				BC59720A2A35075800EBB075 /* TransparentContainerView.swift in Sources */,
				BC3FB0F62A87051700C3F9B1 /* WorkoutFiltersView.swift in Sources */,
				BC3FB0F82A89418E00C3F9B1 /* ButtonHorizontalContainerView.swift in Sources */,
				BCB6BF4F2AFAE84B00B6CBCE /* URL+Extension.swift in Sources */,
				BC0171042AEC64B8005876EE /* MockConstants.swift in Sources */,
				BC59720C2A3507F500EBB075 /* HearTipView.swift in Sources */,
				BC352AEB2A32713300DAA3AB /* MusculosError.swift in Sources */,
				BC0E9C472A7D70E7009DFC4B /* CustomTabBarButton.swift in Sources */,
				BC5BACD72ABA403F003C880E /* ExerciseFeedViewModel.swift in Sources */,
				BCFBB78A2A5A020700896C3C /* SearchBarView.swift in Sources */,
				BC96C3022AD0B6F200F11CAB /* ExerciseManagedObject+CoreDataProperties.swift in Sources */,
				BC3FB0FD2A899F7C00C3F9B1 /* WorkoutFiltersViewModel.swift in Sources */,
				BCCE85E22A328629001BEE8B /* AuthenticationViewModel.swift in Sources */,
				BC5BAC8A2AB221FC003C880E /* MusculosLogger.swift in Sources */,
				BC11BC5A2A7D74CB00D96440 /* TabBarItem.swift in Sources */,
				BC8E86DD2AED2DB9008E3CE4 /* UIImage+Extension.swift in Sources */,
				BC96C2FD2AC83B1C00F11CAB /* Array+Extension.swift in Sources */,
				BC0170FA2AE9A355005876EE /* ChallengeExerciseView.swift in Sources */,
				BC182ECD2A589BE7003DEA30 /* CoreDataStack.swift in Sources */,
				BC9937292B6441D90067E556 /* ExerciseResourceManager.swift in Sources */,
				BC1160D02A2CFB830028D8FC /* MusculosApp.swift in Sources */,
				BC8E86E32AED2F56008E3CE4 /* MainWndowSizeKey.swift in Sources */,
				BCFBB76D2A59C6D700896C3C /* PersonEntity+CoreDataProperties.swift in Sources */,
				BC01710B2AEC6DBD005876EE /* PersonAvatarCircle.swift in Sources */,
				BC5BACCF2ABA16FE003C880E /* EntityPlugin.swift in Sources */,
				BC5BACDC2ABB75AA003C880E /* AnatomyOverlayView.swift in Sources */,
				BC5BACCA2AB3CA2A003C880E /* NSManagedObjectContext+Extension.swift in Sources */,
				BC5BAC842AB1072B003C880E /* ExerciseModule.swift in Sources */,
			);
			runOnlyForDeploymentPostprocessing = 0;
		};
		BC1160DE2A2CFB840028D8FC /* Sources */ = {
			isa = PBXSourcesBuildPhase;
			buildActionMask = 2147483647;
			files = (
				BC5BACCB2AB3D44E003C880E /* NSManagedObjectContext+Extension.swift in Sources */,
				BC5BACC52AB29C03003C880E /* CoreDataTestStack.swift in Sources */,
				BC5BACD02ABA1950003C880E /* EntityPlugin.swift in Sources */,
				BC1160E72A2CFB840028D8FC /* MusculosAppTests.swift in Sources */,
				BC5BACAC2AB26D65003C880E /* MusculosLogger.swift in Sources */,
				BC5BACB72AB26F40003C880E /* XCTestCase+Extension.swift in Sources */,
				BC5BACC72AB29E07003C880E /* WorkoutManagerTests.swift in Sources */,
				BC5BACBD2AB2769B003C880E /* MockURLProtocol.swift in Sources */,
				BC5BACA52AB26CF3003C880E /* CoreDataStack.swift in Sources */,
				BC5BACD92ABB6694003C880E /* ExerciseModuleTests.swift in Sources */,
			);
			runOnlyForDeploymentPostprocessing = 0;
		};
		BC1160E82A2CFB840028D8FC /* Sources */ = {
			isa = PBXSourcesBuildPhase;
			buildActionMask = 2147483647;
			files = (
				BC1160F12A2CFB840028D8FC /* MusculosAppUITests.swift in Sources */,
				BC1160F32A2CFB840028D8FC /* MusculosAppUITestsLaunchTests.swift in Sources */,
			);
			runOnlyForDeploymentPostprocessing = 0;
		};
/* End PBXSourcesBuildPhase section */

/* Begin PBXTargetDependency section */
		BC1160E42A2CFB840028D8FC /* PBXTargetDependency */ = {
			isa = PBXTargetDependency;
			target = BC1160CB2A2CFB830028D8FC /* MusculosApp */;
			targetProxy = BC1160E32A2CFB840028D8FC /* PBXContainerItemProxy */;
		};
		BC1160EE2A2CFB840028D8FC /* PBXTargetDependency */ = {
			isa = PBXTargetDependency;
			target = BC1160CB2A2CFB830028D8FC /* MusculosApp */;
			targetProxy = BC1160ED2A2CFB840028D8FC /* PBXContainerItemProxy */;
		};
/* End PBXTargetDependency section */

/* Begin XCBuildConfiguration section */
		BC1160F42A2CFB840028D8FC /* Debug */ = {
			isa = XCBuildConfiguration;
			baseConfigurationReference = BC9937232B6426300067E556 /* Config.xcconfig */;
			buildSettings = {
				ALWAYS_SEARCH_USER_PATHS = NO;
				CLANG_ANALYZER_NONNULL = YES;
				CLANG_ANALYZER_NUMBER_OBJECT_CONVERSION = YES_AGGRESSIVE;
				CLANG_CXX_LANGUAGE_STANDARD = "gnu++20";
				CLANG_ENABLE_MODULES = YES;
				CLANG_ENABLE_OBJC_ARC = YES;
				CLANG_ENABLE_OBJC_WEAK = YES;
				CLANG_WARN_BLOCK_CAPTURE_AUTORELEASING = YES;
				CLANG_WARN_BOOL_CONVERSION = YES;
				CLANG_WARN_COMMA = YES;
				CLANG_WARN_CONSTANT_CONVERSION = YES;
				CLANG_WARN_DEPRECATED_OBJC_IMPLEMENTATIONS = YES;
				CLANG_WARN_DIRECT_OBJC_ISA_USAGE = YES_ERROR;
				CLANG_WARN_DOCUMENTATION_COMMENTS = YES;
				CLANG_WARN_EMPTY_BODY = YES;
				CLANG_WARN_ENUM_CONVERSION = YES;
				CLANG_WARN_INFINITE_RECURSION = YES;
				CLANG_WARN_INT_CONVERSION = YES;
				CLANG_WARN_NON_LITERAL_NULL_CONVERSION = YES;
				CLANG_WARN_OBJC_IMPLICIT_RETAIN_SELF = YES;
				CLANG_WARN_OBJC_LITERAL_CONVERSION = YES;
				CLANG_WARN_OBJC_ROOT_CLASS = YES_ERROR;
				CLANG_WARN_QUOTED_INCLUDE_IN_FRAMEWORK_HEADER = YES;
				CLANG_WARN_RANGE_LOOP_ANALYSIS = YES;
				CLANG_WARN_STRICT_PROTOTYPES = YES;
				CLANG_WARN_SUSPICIOUS_MOVE = YES;
				CLANG_WARN_UNGUARDED_AVAILABILITY = YES_AGGRESSIVE;
				CLANG_WARN_UNREACHABLE_CODE = YES;
				CLANG_WARN__DUPLICATE_METHOD_MATCH = YES;
				COPY_PHASE_STRIP = NO;
				DEBUG_INFORMATION_FORMAT = dwarf;
				ENABLE_STRICT_OBJC_MSGSEND = YES;
				ENABLE_TESTABILITY = YES;
				GCC_C_LANGUAGE_STANDARD = gnu11;
				GCC_DYNAMIC_NO_PIC = NO;
				GCC_NO_COMMON_BLOCKS = YES;
				GCC_OPTIMIZATION_LEVEL = 0;
				GCC_PREPROCESSOR_DEFINITIONS = (
					"DEBUG=1",
					"$(inherited)",
				);
				GCC_WARN_64_TO_32_BIT_CONVERSION = YES;
				GCC_WARN_ABOUT_RETURN_TYPE = YES_ERROR;
				GCC_WARN_UNDECLARED_SELECTOR = YES;
				GCC_WARN_UNINITIALIZED_AUTOS = YES_AGGRESSIVE;
				GCC_WARN_UNUSED_FUNCTION = YES;
				GCC_WARN_UNUSED_VARIABLE = YES;
				IPHONEOS_DEPLOYMENT_TARGET = 16.0;
				MTL_ENABLE_DEBUG_INFO = INCLUDE_SOURCE;
				MTL_FAST_MATH = YES;
				ONLY_ACTIVE_ARCH = YES;
				SDKROOT = iphoneos;
				SWIFT_ACTIVE_COMPILATION_CONDITIONS = DEBUG;
				SWIFT_OPTIMIZATION_LEVEL = "-Onone";
			};
			name = Debug;
		};
		BC1160F52A2CFB840028D8FC /* Release */ = {
			isa = XCBuildConfiguration;
			baseConfigurationReference = BC9937232B6426300067E556 /* Config.xcconfig */;
			buildSettings = {
				ALWAYS_SEARCH_USER_PATHS = NO;
				CLANG_ANALYZER_NONNULL = YES;
				CLANG_ANALYZER_NUMBER_OBJECT_CONVERSION = YES_AGGRESSIVE;
				CLANG_CXX_LANGUAGE_STANDARD = "gnu++20";
				CLANG_ENABLE_MODULES = YES;
				CLANG_ENABLE_OBJC_ARC = YES;
				CLANG_ENABLE_OBJC_WEAK = YES;
				CLANG_WARN_BLOCK_CAPTURE_AUTORELEASING = YES;
				CLANG_WARN_BOOL_CONVERSION = YES;
				CLANG_WARN_COMMA = YES;
				CLANG_WARN_CONSTANT_CONVERSION = YES;
				CLANG_WARN_DEPRECATED_OBJC_IMPLEMENTATIONS = YES;
				CLANG_WARN_DIRECT_OBJC_ISA_USAGE = YES_ERROR;
				CLANG_WARN_DOCUMENTATION_COMMENTS = YES;
				CLANG_WARN_EMPTY_BODY = YES;
				CLANG_WARN_ENUM_CONVERSION = YES;
				CLANG_WARN_INFINITE_RECURSION = YES;
				CLANG_WARN_INT_CONVERSION = YES;
				CLANG_WARN_NON_LITERAL_NULL_CONVERSION = YES;
				CLANG_WARN_OBJC_IMPLICIT_RETAIN_SELF = YES;
				CLANG_WARN_OBJC_LITERAL_CONVERSION = YES;
				CLANG_WARN_OBJC_ROOT_CLASS = YES_ERROR;
				CLANG_WARN_QUOTED_INCLUDE_IN_FRAMEWORK_HEADER = YES;
				CLANG_WARN_RANGE_LOOP_ANALYSIS = YES;
				CLANG_WARN_STRICT_PROTOTYPES = YES;
				CLANG_WARN_SUSPICIOUS_MOVE = YES;
				CLANG_WARN_UNGUARDED_AVAILABILITY = YES_AGGRESSIVE;
				CLANG_WARN_UNREACHABLE_CODE = YES;
				CLANG_WARN__DUPLICATE_METHOD_MATCH = YES;
				COPY_PHASE_STRIP = NO;
				DEBUG_INFORMATION_FORMAT = "dwarf-with-dsym";
				ENABLE_NS_ASSERTIONS = NO;
				ENABLE_STRICT_OBJC_MSGSEND = YES;
				GCC_C_LANGUAGE_STANDARD = gnu11;
				GCC_NO_COMMON_BLOCKS = YES;
				GCC_WARN_64_TO_32_BIT_CONVERSION = YES;
				GCC_WARN_ABOUT_RETURN_TYPE = YES_ERROR;
				GCC_WARN_UNDECLARED_SELECTOR = YES;
				GCC_WARN_UNINITIALIZED_AUTOS = YES_AGGRESSIVE;
				GCC_WARN_UNUSED_FUNCTION = YES;
				GCC_WARN_UNUSED_VARIABLE = YES;
				IPHONEOS_DEPLOYMENT_TARGET = 16.0;
				MTL_ENABLE_DEBUG_INFO = NO;
				MTL_FAST_MATH = YES;
				SDKROOT = iphoneos;
				SWIFT_COMPILATION_MODE = wholemodule;
				SWIFT_OPTIMIZATION_LEVEL = "-O";
				VALIDATE_PRODUCT = YES;
			};
			name = Release;
		};
		BC1160F72A2CFB840028D8FC /* Debug */ = {
			isa = XCBuildConfiguration;
			baseConfigurationReference = BC9937232B6426300067E556 /* Config.xcconfig */;
			buildSettings = {
				ASSETCATALOG_COMPILER_APPICON_NAME = AppIcon;
				ASSETCATALOG_COMPILER_GLOBAL_ACCENT_COLOR_NAME = AccentColor;
				CODE_SIGN_STYLE = Automatic;
				CURRENT_PROJECT_VERSION = 1;
				DEVELOPMENT_ASSET_PATHS = "\"MusculosApp/Preview Content\"";
				DEVELOPMENT_TEAM = 8JV792LAQ5;
				ENABLE_PREVIEWS = YES;
				GENERATE_INFOPLIST_FILE = YES;
				INFOPLIST_FILE = MusculosApp/Info.plist;
				INFOPLIST_KEY_LSApplicationCategoryType = "";
				INFOPLIST_KEY_UIApplicationSceneManifest_Generation = YES;
				INFOPLIST_KEY_UIApplicationSupportsIndirectInputEvents = YES;
				INFOPLIST_KEY_UILaunchScreen_Generation = YES;
				INFOPLIST_KEY_UISupportedInterfaceOrientations_iPad = "UIInterfaceOrientationPortrait UIInterfaceOrientationPortraitUpsideDown UIInterfaceOrientationLandscapeLeft UIInterfaceOrientationLandscapeRight";
				INFOPLIST_KEY_UISupportedInterfaceOrientations_iPhone = "UIInterfaceOrientationPortrait UIInterfaceOrientationLandscapeLeft UIInterfaceOrientationLandscapeRight";
				IPHONEOS_DEPLOYMENT_TARGET = 16.0;
				LD_RUNPATH_SEARCH_PATHS = (
					"$(inherited)",
					"@executable_path/Frameworks",
				);
				MARKETING_VERSION = 1.0;
				PRODUCT_BUNDLE_IDENTIFIER = com.hawk.MusculosApp;
				PRODUCT_NAME = "$(TARGET_NAME)";
				SWIFT_EMIT_LOC_STRINGS = YES;
				SWIFT_VERSION = 5.0;
				TARGETED_DEVICE_FAMILY = "1,2";
			};
			name = Debug;
		};
		BC1160F82A2CFB840028D8FC /* Release */ = {
			isa = XCBuildConfiguration;
			baseConfigurationReference = BC9937232B6426300067E556 /* Config.xcconfig */;
			buildSettings = {
				ASSETCATALOG_COMPILER_APPICON_NAME = AppIcon;
				ASSETCATALOG_COMPILER_GLOBAL_ACCENT_COLOR_NAME = AccentColor;
				CODE_SIGN_STYLE = Automatic;
				CURRENT_PROJECT_VERSION = 1;
				DEVELOPMENT_ASSET_PATHS = "\"MusculosApp/Preview Content\"";
				DEVELOPMENT_TEAM = 8JV792LAQ5;
				ENABLE_PREVIEWS = YES;
				GENERATE_INFOPLIST_FILE = YES;
				INFOPLIST_FILE = MusculosApp/Info.plist;
				INFOPLIST_KEY_LSApplicationCategoryType = "";
				INFOPLIST_KEY_UIApplicationSceneManifest_Generation = YES;
				INFOPLIST_KEY_UIApplicationSupportsIndirectInputEvents = YES;
				INFOPLIST_KEY_UILaunchScreen_Generation = YES;
				INFOPLIST_KEY_UISupportedInterfaceOrientations_iPad = "UIInterfaceOrientationPortrait UIInterfaceOrientationPortraitUpsideDown UIInterfaceOrientationLandscapeLeft UIInterfaceOrientationLandscapeRight";
				INFOPLIST_KEY_UISupportedInterfaceOrientations_iPhone = "UIInterfaceOrientationPortrait UIInterfaceOrientationLandscapeLeft UIInterfaceOrientationLandscapeRight";
				IPHONEOS_DEPLOYMENT_TARGET = 16.0;
				LD_RUNPATH_SEARCH_PATHS = (
					"$(inherited)",
					"@executable_path/Frameworks",
				);
				MARKETING_VERSION = 1.0;
				PRODUCT_BUNDLE_IDENTIFIER = com.hawk.MusculosApp;
				PRODUCT_NAME = "$(TARGET_NAME)";
				SWIFT_EMIT_LOC_STRINGS = YES;
				SWIFT_VERSION = 5.0;
				TARGETED_DEVICE_FAMILY = "1,2";
			};
			name = Release;
		};
		BC1160FA2A2CFB840028D8FC /* Debug */ = {
			isa = XCBuildConfiguration;
			buildSettings = {
				ALWAYS_EMBED_SWIFT_STANDARD_LIBRARIES = YES;
				BUNDLE_LOADER = "$(TEST_HOST)";
				CODE_SIGN_STYLE = Automatic;
				CURRENT_PROJECT_VERSION = 1;
				DEVELOPMENT_TEAM = 8JV792LAQ5;
				GENERATE_INFOPLIST_FILE = YES;
				IPHONEOS_DEPLOYMENT_TARGET = 16.0;
				MARKETING_VERSION = 1.0;
				PRODUCT_BUNDLE_IDENTIFIER = com.hawk.MusculosAppTests;
				PRODUCT_NAME = "$(TARGET_NAME)";
				SWIFT_EMIT_LOC_STRINGS = NO;
				SWIFT_VERSION = 5.0;
				TARGETED_DEVICE_FAMILY = "1,2";
				TEST_HOST = "$(BUILT_PRODUCTS_DIR)/MusculosApp.app/$(BUNDLE_EXECUTABLE_FOLDER_PATH)/MusculosApp";
			};
			name = Debug;
		};
		BC1160FB2A2CFB840028D8FC /* Release */ = {
			isa = XCBuildConfiguration;
			buildSettings = {
				ALWAYS_EMBED_SWIFT_STANDARD_LIBRARIES = YES;
				BUNDLE_LOADER = "$(TEST_HOST)";
				CODE_SIGN_STYLE = Automatic;
				CURRENT_PROJECT_VERSION = 1;
				DEVELOPMENT_TEAM = 8JV792LAQ5;
				GENERATE_INFOPLIST_FILE = YES;
				IPHONEOS_DEPLOYMENT_TARGET = 16.0;
				MARKETING_VERSION = 1.0;
				PRODUCT_BUNDLE_IDENTIFIER = com.hawk.MusculosAppTests;
				PRODUCT_NAME = "$(TARGET_NAME)";
				SWIFT_EMIT_LOC_STRINGS = NO;
				SWIFT_VERSION = 5.0;
				TARGETED_DEVICE_FAMILY = "1,2";
				TEST_HOST = "$(BUILT_PRODUCTS_DIR)/MusculosApp.app/$(BUNDLE_EXECUTABLE_FOLDER_PATH)/MusculosApp";
			};
			name = Release;
		};
		BC1160FD2A2CFB840028D8FC /* Debug */ = {
			isa = XCBuildConfiguration;
			buildSettings = {
				ALWAYS_EMBED_SWIFT_STANDARD_LIBRARIES = YES;
				CODE_SIGN_STYLE = Automatic;
				CURRENT_PROJECT_VERSION = 1;
				DEVELOPMENT_TEAM = 8JV792LAQ5;
				GENERATE_INFOPLIST_FILE = YES;
				IPHONEOS_DEPLOYMENT_TARGET = 16.0;
				MARKETING_VERSION = 1.0;
				PRODUCT_BUNDLE_IDENTIFIER = com.hawk.MusculosAppUITests;
				PRODUCT_NAME = "$(TARGET_NAME)";
				SWIFT_EMIT_LOC_STRINGS = NO;
				SWIFT_VERSION = 5.0;
				TARGETED_DEVICE_FAMILY = "1,2";
				TEST_TARGET_NAME = MusculosApp;
			};
			name = Debug;
		};
		BC1160FE2A2CFB840028D8FC /* Release */ = {
			isa = XCBuildConfiguration;
			buildSettings = {
				ALWAYS_EMBED_SWIFT_STANDARD_LIBRARIES = YES;
				CODE_SIGN_STYLE = Automatic;
				CURRENT_PROJECT_VERSION = 1;
				DEVELOPMENT_TEAM = 8JV792LAQ5;
				GENERATE_INFOPLIST_FILE = YES;
				IPHONEOS_DEPLOYMENT_TARGET = 16.0;
				MARKETING_VERSION = 1.0;
				PRODUCT_BUNDLE_IDENTIFIER = com.hawk.MusculosAppUITests;
				PRODUCT_NAME = "$(TARGET_NAME)";
				SWIFT_EMIT_LOC_STRINGS = NO;
				SWIFT_VERSION = 5.0;
				TARGETED_DEVICE_FAMILY = "1,2";
				TEST_TARGET_NAME = MusculosApp;
			};
			name = Release;
		};
/* End XCBuildConfiguration section */

/* Begin XCConfigurationList section */
		BC1160C72A2CFB820028D8FC /* Build configuration list for PBXProject "MusculosApp" */ = {
			isa = XCConfigurationList;
			buildConfigurations = (
				BC1160F42A2CFB840028D8FC /* Debug */,
				BC1160F52A2CFB840028D8FC /* Release */,
			);
			defaultConfigurationIsVisible = 0;
			defaultConfigurationName = Release;
		};
		BC1160F62A2CFB840028D8FC /* Build configuration list for PBXNativeTarget "MusculosApp" */ = {
			isa = XCConfigurationList;
			buildConfigurations = (
				BC1160F72A2CFB840028D8FC /* Debug */,
				BC1160F82A2CFB840028D8FC /* Release */,
			);
			defaultConfigurationIsVisible = 0;
			defaultConfigurationName = Release;
		};
		BC1160F92A2CFB840028D8FC /* Build configuration list for PBXNativeTarget "MusculosAppTests" */ = {
			isa = XCConfigurationList;
			buildConfigurations = (
				BC1160FA2A2CFB840028D8FC /* Debug */,
				BC1160FB2A2CFB840028D8FC /* Release */,
			);
			defaultConfigurationIsVisible = 0;
			defaultConfigurationName = Release;
		};
		BC1160FC2A2CFB840028D8FC /* Build configuration list for PBXNativeTarget "MusculosAppUITests" */ = {
			isa = XCConfigurationList;
			buildConfigurations = (
				BC1160FD2A2CFB840028D8FC /* Debug */,
				BC1160FE2A2CFB840028D8FC /* Release */,
			);
			defaultConfigurationIsVisible = 0;
			defaultConfigurationName = Release;
		};
/* End XCConfigurationList section */

/* Begin XCRemoteSwiftPackageReference section */
		BC372A612AC06AF300F67D19 /* XCRemoteSwiftPackageReference "FLAnimatedImage" */ = {
			isa = XCRemoteSwiftPackageReference;
			repositoryURL = "https://github.com/Flipboard/FLAnimatedImage";
			requirement = {
				kind = upToNextMajorVersion;
				minimumVersion = 1.0.0;
			};
		};
		BC5834162B1BFBCF00BD7690 /* XCRemoteSwiftPackageReference "supabase-swift" */ = {
			isa = XCRemoteSwiftPackageReference;
			repositoryURL = "https://github.com/supabase-community/supabase-swift.git";
			requirement = {
				kind = upToNextMajorVersion;
				minimumVersion = 1.0.0;
			};
		};
		BC74A8C52AC3655E0005A7A8 /* XCRemoteSwiftPackageReference "SwiftyGif" */ = {
			isa = XCRemoteSwiftPackageReference;
			repositoryURL = "https://github.com/kirualex/SwiftyGif";
			requirement = {
				kind = upToNextMajorVersion;
				minimumVersion = 5.4.4;
			};
		};
/* End XCRemoteSwiftPackageReference section */

/* Begin XCSwiftPackageProductDependency section */
		BC372A622AC06AF300F67D19 /* FLAnimatedImage */ = {
			isa = XCSwiftPackageProductDependency;
			package = BC372A612AC06AF300F67D19 /* XCRemoteSwiftPackageReference "FLAnimatedImage" */;
			productName = FLAnimatedImage;
		};
		BC5834172B1BFBCF00BD7690 /* Functions */ = {
			isa = XCSwiftPackageProductDependency;
			package = BC5834162B1BFBCF00BD7690 /* XCRemoteSwiftPackageReference "supabase-swift" */;
			productName = Functions;
		};
		BC5834192B1BFBCF00BD7690 /* GoTrue */ = {
			isa = XCSwiftPackageProductDependency;
			package = BC5834162B1BFBCF00BD7690 /* XCRemoteSwiftPackageReference "supabase-swift" */;
			productName = GoTrue;
		};
		BC58341B2B1BFBCF00BD7690 /* PostgREST */ = {
			isa = XCSwiftPackageProductDependency;
			package = BC5834162B1BFBCF00BD7690 /* XCRemoteSwiftPackageReference "supabase-swift" */;
			productName = PostgREST;
		};
		BC58341D2B1BFBCF00BD7690 /* Realtime */ = {
			isa = XCSwiftPackageProductDependency;
			package = BC5834162B1BFBCF00BD7690 /* XCRemoteSwiftPackageReference "supabase-swift" */;
			productName = Realtime;
		};
		BC58341F2B1BFBCF00BD7690 /* Storage */ = {
			isa = XCSwiftPackageProductDependency;
			package = BC5834162B1BFBCF00BD7690 /* XCRemoteSwiftPackageReference "supabase-swift" */;
			productName = Storage;
		};
		BC5834212B1BFBCF00BD7690 /* Supabase */ = {
			isa = XCSwiftPackageProductDependency;
			package = BC5834162B1BFBCF00BD7690 /* XCRemoteSwiftPackageReference "supabase-swift" */;
			productName = Supabase;
		};
		BC96C2F72AC3665400F11CAB /* SwiftyGif */ = {
			isa = XCSwiftPackageProductDependency;
			package = BC74A8C52AC3655E0005A7A8 /* XCRemoteSwiftPackageReference "SwiftyGif" */;
			productName = SwiftyGif;
		};
/* End XCSwiftPackageProductDependency section */

/* Begin XCVersionGroup section */
		BC182EC82A589A81003DEA30 /* MusculosDataStore.xcdatamodeld */ = {
			isa = XCVersionGroup;
			children = (
				BC96C2FE2ACE18C700F11CAB /* Musculos 3.xcdatamodel */,
				BC96C2F92AC386BB00F11CAB /* Musculos 2.xcdatamodel */,
				BC182EC92A589A81003DEA30 /* Musculos.xcdatamodel */,
			);
			currentVersion = BC96C2FE2ACE18C700F11CAB /* Musculos 3.xcdatamodel */;
			path = MusculosDataStore.xcdatamodeld;
			sourceTree = "<group>";
			versionGroupType = wrapper.xcdatamodel;
		};
/* End XCVersionGroup section */
	};
	rootObject = BC1160C42A2CFB820028D8FC /* Project object */;
}
