{
  "originHash" : "4e8bc7f08fd3dc3032ee1ef8b649dd023c4b83893da359425578f26dcbc8f7d0",
  "pins" : [
    {
      "identity" : "factory",
      "kind" : "remoteSourceControl",
      "location" : "https://github.com/hmlongco/Factory",
      "state" : {
        "revision" : "587995f7d5cc667951d635fbf6b4252324ba0439",
        "version" : "2.3.2"
      }
    },
    {
      "identity" : "queue",
      "kind" : "remoteSourceControl",
      "location" : "https://github.com/mattmassicotte/Queue",
      "state" : {
        "revision" : "8d6f936097888f97011610ced40313655dc5948d",
        "version" : "0.1.4"
      }
    },
    {
      "identity" : "swiftui-shimmer",
      "kind" : "remoteSourceControl",
      "location" : "https://github.com/markiv/SwiftUI-Shimmer",
      "state" : {
        "revision" : "5659a623567cefe258d1e3e67cb65585fbb6ecb6",
        "version" : "1.4.2"
      }
    }
  ],
  "version" : 3
}
